{
  "object": {
    "pins": [
      {
        "package": "FetchImage",
        "repositoryURL": "https://github.com/kean/FetchImage",
        "state": {
          "branch": null,
          "revision": "cac844a0dea908c6e068fc8c6a0f949179c7f876",
          "version": "0.4.0"
        }
      },
      {
        "package": "LoaderUI",
        "repositoryURL": "https://github.com/ninjaprox/LoaderUI",
        "state": {
          "branch": null,
          "revision": "90ca7c0f9086d48c37057d7b71a1b1332d5c58e4",
          "version": "0.1.0"
        }
      },
      {
        "package": "Nuke",
        "repositoryURL": "https://github.com/kean/Nuke.git",
        "state": {
          "branch": null,
          "revision": "8e0f42d1d9f30d816f3c565aa6193d9363325157",
          "version": "9.6.0"
        }
      },
      {
        "package": "WebView",
        "repositoryURL": "https://github.com/kylehickinson/SwiftUI-WebView",
        "state": {
          "branch": null,
          "revision": "a67dcaff2377573a51f75761bb6e768b78931909",
          "version": "0.3.0"
        }
      }
    ]
  },
  "version": 1
}
