{
  "object": {
    "pins": [
      {
        "package": "LoaderUI",
        "repositoryURL": "https://github.com/ninjaprox/LoaderUI",
        "state": {
          "branch": null,
          "revision": "90ca7c0f9086d48c37057d7b71a1b1332d5c58e4",
          "version": "0.1.0"
        }
      },
      {
        "package": "Nuke",
        "repositoryURL": "https://github.com/kean/Nuke.git",
        "state": {
          "branch": null,
          "revision": "e1e9d056fedafa486508759923a0db61ce46f1bc",
          "version": "10.1.0"
        }
      },
      {
        "package": "SwiftDate",
        "repositoryURL": "https://github.com/malcommac/SwiftDate",
        "state": {
          "branch": null,
          "revision": "6190d0cefff3013e77ed567e6b074f324e5c5bf5",
          "version": "6.3.1"
        }
      }
    ]
  },
  "version": 1
}
