// !$*UTF8*$!
{
	archiveVersion = 1;
	classes = {
	};
	objectVersion = 52;
	objects = {

/* Begin PBXBuildFile section */
		CE073A48266C4B650030DB1A /* Nuke in Frameworks */ = {isa = PBXBuildFile; productRef = CE073A47266C4B650030DB1A /* Nuke */; };
		CE126FC0267BEBC6001ABBB1 /* SwiftSoup in Frameworks */ = {isa = PBXBuildFile; productRef = CE126FBF267BEBC6001ABBB1 /* SwiftSoup */; };
		CE126FC5267BEBEE001ABBB1 /* ExtractArticle.swift in Sources */ = {isa = PBXBuildFile; fileRef = CE126FC4267BEBEE001ABBB1 /* ExtractArticle.swift */; };
		CE1E88772647484300E1245E /* PageViewController.swift in Sources */ = {isa = PBXBuildFile; fileRef = CE1E88762647484300E1245E /* PageViewController.swift */; };
		CE1E887C264748F700E1245E /* PageView.swift in Sources */ = {isa = PBXBuildFile; fileRef = CE1E887B264748F700E1245E /* PageView.swift */; };
		CE1E888126474BFC00E1245E /* PageControl.swift in Sources */ = {isa = PBXBuildFile; fileRef = CE1E888026474BFC00E1245E /* PageControl.swift */; };
		CE1E88872647561600E1245E /* ImageView.swift in Sources */ = {isa = PBXBuildFile; fileRef = CE1E88862647561600E1245E /* ImageView.swift */; };
		CE2C6138265E5C7E003E32E6 /* ScheduleView.swift in Sources */ = {isa = PBXBuildFile; fileRef = CE2C6137265E5C7E003E32E6 /* ScheduleView.swift */; };
		CE45BFD8267BFF63003D0C2B /* CypressTests.swift in Sources */ = {isa = PBXBuildFile; fileRef = CE45BFD7267BFF63003D0C2B /* CypressTests.swift */; };
		CE4D2D4326489C6500C243CC /* LoaderUI in Frameworks */ = {isa = PBXBuildFile; productRef = CE4D2D4226489C6500C243CC /* LoaderUI */; };
		CE6442B4267FA152002FFFEC /* SwiftUIPager in Frameworks */ = {isa = PBXBuildFile; productRef = CE6442B3267FA152002FFFEC /* SwiftUIPager */; };
		CE74689326605535007321FD /* AboutView.swift in Sources */ = {isa = PBXBuildFile; fileRef = CE74689226605535007321FD /* AboutView.swift */; };
		CE87B3EE264CCE8A009CAF44 /* Support.swift in Sources */ = {isa = PBXBuildFile; fileRef = CE87B3ED264CCE8A009CAF44 /* Support.swift */; };
		CE965A05267FE606001515A2 /* NowPlayingPage.swift in Sources */ = {isa = PBXBuildFile; fileRef = CE965A04267FE606001515A2 /* NowPlayingPage.swift */; };
		CE965A07267FE658001515A2 /* DescriptionPage.swift in Sources */ = {isa = PBXBuildFile; fileRef = CE965A06267FE658001515A2 /* DescriptionPage.swift */; };
		CE9BD098265CC9AB00231689 /* SocialView.swift in Sources */ = {isa = PBXBuildFile; fileRef = CE9BD097265CC9AB00231689 /* SocialView.swift */; };
		CEAE3E2D2648CA2F0066C825 /* Extensions.swift in Sources */ = {isa = PBXBuildFile; fileRef = CEAE3E2C2648CA2F0066C825 /* Extensions.swift */; };
		CEAE3E352648CAC50066C825 /* DefaultViews.swift in Sources */ = {isa = PBXBuildFile; fileRef = CEAE3E342648CAC50066C825 /* DefaultViews.swift */; };
		CEAE3E3D2648D0CC0066C825 /* WebView.swift in Sources */ = {isa = PBXBuildFile; fileRef = CEAE3E3C2648D0CC0066C825 /* WebView.swift */; };
		CEC03FB1263E354200FFCB45 /* CypressAppApp.swift in Sources */ = {isa = PBXBuildFile; fileRef = CEC03FB0263E354200FFCB45 /* CypressAppApp.swift */; };
		CEC03FB3263E354200FFCB45 /* ContentView.swift in Sources */ = {isa = PBXBuildFile; fileRef = CEC03FB2263E354200FFCB45 /* ContentView.swift */; };
		CEC03FB5263E354400FFCB45 /* Assets.xcassets in Resources */ = {isa = PBXBuildFile; fileRef = CEC03FB4263E354400FFCB45 /* Assets.xcassets */; };
		CEC03FB8263E354400FFCB45 /* Preview Assets.xcassets in Resources */ = {isa = PBXBuildFile; fileRef = CEC03FB7263E354400FFCB45 /* Preview Assets.xcassets */; };
		CED8EB21265CBD7C002922A3 /* SwiftDate in Frameworks */ = {isa = PBXBuildFile; productRef = CED8EB20265CBD7C002922A3 /* SwiftDate */; };
		CEEC39C9267C63B100697168 /* HTML.swift in Sources */ = {isa = PBXBuildFile; fileRef = CEEC39C8267C63B100697168 /* HTML.swift */; };
		CEF7C514267C0FC400ADE6DB /* PostContentView.swift in Sources */ = {isa = PBXBuildFile; fileRef = CEF7C513267C0FC400ADE6DB /* PostContentView.swift */; };
		CEF7C518267C0FDF00ADE6DB /* ContentRenderer.swift in Sources */ = {isa = PBXBuildFile; fileRef = CEF7C517267C0FDF00ADE6DB /* ContentRenderer.swift */; };
		CEFE4E7B26562EF2005A2DD4 /* ModelData.swift in Sources */ = {isa = PBXBuildFile; fileRef = CEFE4E7A26562EF2005A2DD4 /* ModelData.swift */; };
		CEFE4E83265635B6005A2DD4 /* MultimediaSection.swift in Sources */ = {isa = PBXBuildFile; fileRef = CEFE4E82265635B6005A2DD4 /* MultimediaSection.swift */; };
		FA03D1B626719D24005A760F /* WordpressCodable.swift in Sources */ = {isa = PBXBuildFile; fileRef = FA03D1B526719D24005A760F /* WordpressCodable.swift */; };
		FA03D1B826719D72005A760F /* WordpressAPI.swift in Sources */ = {isa = PBXBuildFile; fileRef = FA03D1B726719D72005A760F /* WordpressAPI.swift */; };
		FA05BDAA2676CCF60026C903 /* NowPlayingBar.swift in Sources */ = {isa = PBXBuildFile; fileRef = FA05BDA92676CCF60026C903 /* NowPlayingBar.swift */; };
		FA0CB8422664320A009FE7A3 /* PodcastEpisode.swift in Sources */ = {isa = PBXBuildFile; fileRef = FA0CB8412664320A009FE7A3 /* PodcastEpisode.swift */; };
		FA0CB845266432DC009FE7A3 /* VideoView.swift in Sources */ = {isa = PBXBuildFile; fileRef = FA0CB844266432DC009FE7A3 /* VideoView.swift */; };
		FA0CB848266716BE009FE7A3 /* Tab.swift in Sources */ = {isa = PBXBuildFile; fileRef = FA0CB847266716BE009FE7A3 /* Tab.swift */; };
		FA0CB84A26671810009FE7A3 /* HomeTab.swift in Sources */ = {isa = PBXBuildFile; fileRef = FA0CB84926671810009FE7A3 /* HomeTab.swift */; };
		FA0CB84C26671926009FE7A3 /* FeedTab.swift in Sources */ = {isa = PBXBuildFile; fileRef = FA0CB84B26671926009FE7A3 /* FeedTab.swift */; };
		FA0CB85026671989009FE7A3 /* PodcastTab.swift in Sources */ = {isa = PBXBuildFile; fileRef = FA0CB84F26671989009FE7A3 /* PodcastTab.swift */; };
		FA0CB852266719BA009FE7A3 /* ScheduleTab.swift in Sources */ = {isa = PBXBuildFile; fileRef = FA0CB851266719BA009FE7A3 /* ScheduleTab.swift */; };
		FA0CB8542667247E009FE7A3 /* CategoriesList.swift in Sources */ = {isa = PBXBuildFile; fileRef = FA0CB8532667247E009FE7A3 /* CategoriesList.swift */; };
		FA0CB85A2667302E009FE7A3 /* TabManager.swift in Sources */ = {isa = PBXBuildFile; fileRef = FA0CB8592667302E009FE7A3 /* TabManager.swift */; };
		FA17F8DC2659DA1A008471BD /* SearchResultLoader.swift in Sources */ = {isa = PBXBuildFile; fileRef = FA17F8DB2659DA1A008471BD /* SearchResultLoader.swift */; };
		FA17F8DE2659DCB1008471BD /* SearchRow.swift in Sources */ = {isa = PBXBuildFile; fileRef = FA17F8DD2659DCB1008471BD /* SearchRow.swift */; };
		FA17F8E02659DCEC008471BD /* SearchView.swift in Sources */ = {isa = PBXBuildFile; fileRef = FA17F8DF2659DCEC008471BD /* SearchView.swift */; };
		FA17F8E22659DFCD008471BD /* SearchResults.swift in Sources */ = {isa = PBXBuildFile; fileRef = FA17F8E12659DFCD008471BD /* SearchResults.swift */; };
		FA17F8E42659E567008471BD /* SearchBar.swift in Sources */ = {isa = PBXBuildFile; fileRef = FA17F8E32659E567008471BD /* SearchBar.swift */; };
		FA17F8E8265B3473008471BD /* PodcastRow.swift in Sources */ = {isa = PBXBuildFile; fileRef = FA17F8E7265B3473008471BD /* PodcastRow.swift */; };
		FA4618CC264980240018522B /* PodcastLoader.swift in Sources */ = {isa = PBXBuildFile; fileRef = FA4618CB264980240018522B /* PodcastLoader.swift */; };
		FA4B7364264E335200516AC6 /* PlayerObject.swift in Sources */ = {isa = PBXBuildFile; fileRef = FA4B7363264E335200516AC6 /* PlayerObject.swift */; };
		FA5068D4267043C100E0BBAE /* Alamofire in Frameworks */ = {isa = PBXBuildFile; productRef = FA5068D3267043C100E0BBAE /* Alamofire */; };
		FA5068D7267043E000E0BBAE /* FeedKit in Frameworks */ = {isa = PBXBuildFile; productRef = FA5068D6267043E000E0BBAE /* FeedKit */; };
		FA56AA43263F080900B6D838 /* ViewController.swift in Sources */ = {isa = PBXBuildFile; fileRef = FA56AA42263F080900B6D838 /* ViewController.swift */; };
		FA56AA46263F0B2300B6D838 /* CategoriesView.swift in Sources */ = {isa = PBXBuildFile; fileRef = FA56AA45263F0B2300B6D838 /* CategoriesView.swift */; };
		FA56AA4A263F0B5100B6D838 /* HomeView.swift in Sources */ = {isa = PBXBuildFile; fileRef = FA56AA49263F0B5100B6D838 /* HomeView.swift */; };
		FA56AA4C263F0B5A00B6D838 /* PodcastView.swift in Sources */ = {isa = PBXBuildFile; fileRef = FA56AA4B263F0B5A00B6D838 /* PodcastView.swift */; };
		FA56AA51263F0BFF00B6D838 /* PhotoGalleryView.swift in Sources */ = {isa = PBXBuildFile; fileRef = FA56AA50263F0BFF00B6D838 /* PhotoGalleryView.swift */; };
		FA56AA56263F0F2400B6D838 /* CategoryButton.swift in Sources */ = {isa = PBXBuildFile; fileRef = FA56AA55263F0F2400B6D838 /* CategoryButton.swift */; };
		FA56AA5C263F246000B6D838 /* PostRowView.swift in Sources */ = {isa = PBXBuildFile; fileRef = FA56AA5B263F246000B6D838 /* PostRowView.swift */; };
		FA56AA62263F2FD200B6D838 /* PostFeed.swift in Sources */ = {isa = PBXBuildFile; fileRef = FA56AA61263F2FD200B6D838 /* PostFeed.swift */; };
		FA56AA64263F3F1A00B6D838 /* SamplePost.swift in Sources */ = {isa = PBXBuildFile; fileRef = FA56AA63263F3F1A00B6D838 /* SamplePost.swift */; };
		FA56AA6A263F8F0F00B6D838 /* ScrollViewLoader.swift in Sources */ = {isa = PBXBuildFile; fileRef = FA56AA69263F8F0F00B6D838 /* ScrollViewLoader.swift */; };
		FA56AA6E263FA12200B6D838 /* LoadingPostRowView.swift in Sources */ = {isa = PBXBuildFile; fileRef = FA56AA6D263FA12200B6D838 /* LoadingPostRowView.swift */; };
		FA5D35AB266B221A003B8D2F /* LogoButton.swift in Sources */ = {isa = PBXBuildFile; fileRef = FA5D35AA266B221A003B8D2F /* LogoButton.swift */; };
		FA5D35AD266B29E4003B8D2F /* Logo.swift in Sources */ = {isa = PBXBuildFile; fileRef = FA5D35AC266B29E4003B8D2F /* Logo.swift */; };
		FA5D35AF266BD982003B8D2F /* SiteBanner.swift in Sources */ = {isa = PBXBuildFile; fileRef = FA5D35AE266BD982003B8D2F /* SiteBanner.swift */; };
		FA6121382660973500126A1F /* AboutText.swift in Sources */ = {isa = PBXBuildFile; fileRef = FA6121372660973500126A1F /* AboutText.swift */; };
		FA61213A266097F400126A1F /* MeetTheStaff.swift in Sources */ = {isa = PBXBuildFile; fileRef = FA612139266097F400126A1F /* MeetTheStaff.swift */; };
		FA6526422658AB9C0043FDBA /* CategoryView.swift in Sources */ = {isa = PBXBuildFile; fileRef = FA6526412658AB9C0043FDBA /* CategoryView.swift */; };
		FA6526442658AEFC0043FDBA /* CategoryBanner.swift in Sources */ = {isa = PBXBuildFile; fileRef = FA6526432658AEFC0043FDBA /* CategoryBanner.swift */; };
		FA65B42E268E189200AE3704 /* Disk in Frameworks */ = {isa = PBXBuildFile; productRef = FA65B42D268E189200AE3704 /* Disk */; };
		FA65B46F268E968900AE3704 /* FullBlock.swift in Sources */ = {isa = PBXBuildFile; fileRef = FA65B46E268E968900AE3704 /* FullBlock.swift */; };
		FA65B471268EA85F00AE3704 /* ModelLoading.swift in Sources */ = {isa = PBXBuildFile; fileRef = FA65B470268EA85F00AE3704 /* ModelLoading.swift */; };
		FA65B475268EC32E00AE3704 /* ModelSaving.swift in Sources */ = {isa = PBXBuildFile; fileRef = FA65B474268EC32E00AE3704 /* ModelSaving.swift */; };
		FA65B478268F900D00AE3704 /* FullBlockView.swift in Sources */ = {isa = PBXBuildFile; fileRef = FA65B477268F900D00AE3704 /* FullBlockView.swift */; };
		FA65B47A268F936500AE3704 /* LargeFullBlockView.swift in Sources */ = {isa = PBXBuildFile; fileRef = FA65B479268F936500AE3704 /* LargeFullBlockView.swift */; };
		FA65B47F268FE78400AE3704 /* PromiseKit in Frameworks */ = {isa = PBXBuildFile; productRef = FA65B47E268FE78400AE3704 /* PromiseKit */; };
		FA7320E32672A55A0012C3EC /* RequestRetrySettings.swift in Sources */ = {isa = PBXBuildFile; fileRef = FA7320E22672A55A0012C3EC /* RequestRetrySettings.swift */; };
		FA7320E72674278A0012C3EC /* RSSLoader.swift in Sources */ = {isa = PBXBuildFile; fileRef = FA7320E62674278A0012C3EC /* RSSLoader.swift */; };
		FA7320EB267438F00012C3EC /* PodcastDetailView.swift in Sources */ = {isa = PBXBuildFile; fileRef = FA7320EA267438F00012C3EC /* PodcastDetailView.swift */; };
		FA7320ED267442570012C3EC /* PodcastButton.swift in Sources */ = {isa = PBXBuildFile; fileRef = FA7320EC267442570012C3EC /* PodcastButton.swift */; };
		FA73AA2B263E361E00B6C8B6 /* Media.swift in Sources */ = {isa = PBXBuildFile; fileRef = FA73AA27263E361E00B6C8B6 /* Media.swift */; };
		FA73AA2C263E361E00B6C8B6 /* Category.swift in Sources */ = {isa = PBXBuildFile; fileRef = FA73AA28263E361E00B6C8B6 /* Category.swift */; };
		FA73AA2D263E361E00B6C8B6 /* Post.swift in Sources */ = {isa = PBXBuildFile; fileRef = FA73AA29263E361E00B6C8B6 /* Post.swift */; };
		FA73AA30263E363600B6C8B6 /* PostView.swift in Sources */ = {isa = PBXBuildFile; fileRef = FA73AA2F263E363600B6C8B6 /* PostView.swift */; };
		FA87325E265586260094146C /* PodcastSection.swift in Sources */ = {isa = PBXBuildFile; fileRef = FA87325D265586260094146C /* PodcastSection.swift */; };
		FAA53893265D6C270050617F /* PodcastEpisodeView.swift in Sources */ = {isa = PBXBuildFile; fileRef = FAA53892265D6C270050617F /* PodcastEpisodeView.swift */; };
		FAA7D2F6267E714300E8FFEC /* Absence.swift in Sources */ = {isa = PBXBuildFile; fileRef = FAA7D2F5267E714300E8FFEC /* Absence.swift */; };
		FAA7D2F8267E742B00E8FFEC /* ServerAPITests.swift in Sources */ = {isa = PBXBuildFile; fileRef = FAA7D2F7267E742B00E8FFEC /* ServerAPITests.swift */; };
		FAA7D2FA267E762400E8FFEC /* BlockData.swift in Sources */ = {isa = PBXBuildFile; fileRef = FAA7D2F9267E762400E8FFEC /* BlockData.swift */; };
		FAA7D2FC267E775200E8FFEC /* Week.swift in Sources */ = {isa = PBXBuildFile; fileRef = FAA7D2FB267E775200E8FFEC /* Week.swift */; };
		FAAAAC9F26869CC60052A658 /* ScheduleColumn.swift in Sources */ = {isa = PBXBuildFile; fileRef = FAAAAC9E26869CC60052A658 /* ScheduleColumn.swift */; };
		FAAAACA12686AFBD0052A658 /* BlockView.swift in Sources */ = {isa = PBXBuildFile; fileRef = FAAAACA02686AFBD0052A658 /* BlockView.swift */; };
		FAAAACA3268795580052A658 /* MultiPageView.swift in Sources */ = {isa = PBXBuildFile; fileRef = FAAAACA2268795580052A658 /* MultiPageView.swift */; };
		FAAAACA5268796900052A658 /* SchedulePageView.swift in Sources */ = {isa = PBXBuildFile; fileRef = FAAAACA4268796900052A658 /* SchedulePageView.swift */; };
		FAAAACA72687F1330052A658 /* ScheduleSettings.swift in Sources */ = {isa = PBXBuildFile; fileRef = FAAAACA62687F1330052A658 /* ScheduleSettings.swift */; };
		FAAAACAD2687F5D00052A658 /* CypressApp.xcdatamodeld in Sources */ = {isa = PBXBuildFile; fileRef = FAAAACAB2687F5D00052A658 /* CypressApp.xcdatamodeld */; };
		FAAE7DF82669B3E200DE708A /* SchoolConfig.swift in Sources */ = {isa = PBXBuildFile; fileRef = FAAE7DF72669B3E200DE708A /* SchoolConfig.swift */; };
		FAAE7DFC2669B44F00DE708A /* ServerAPI.swift in Sources */ = {isa = PBXBuildFile; fileRef = FAAE7DFB2669B44F00DE708A /* ServerAPI.swift */; };
		FAAE7DFE2669BB1600DE708A /* TabCreator.swift in Sources */ = {isa = PBXBuildFile; fileRef = FAAE7DFD2669BB1600DE708A /* TabCreator.swift */; };
		FAD43D81268A28AD00F04FE9 /* BlockEditor.swift in Sources */ = {isa = PBXBuildFile; fileRef = FAD43D80268A28AD00F04FE9 /* BlockEditor.swift */; };
		FAD43D83268A34BE00F04FE9 /* PropertyEditor.swift in Sources */ = {isa = PBXBuildFile; fileRef = FAD43D82268A34BE00F04FE9 /* PropertyEditor.swift */; };
		FAD43D8C268ACA7900F04FE9 /* DayDetailView.swift in Sources */ = {isa = PBXBuildFile; fileRef = FAD43D8B268ACA7900F04FE9 /* DayDetailView.swift */; };
		FAD43D8E268ACAAF00F04FE9 /* LargeBlockView.swift in Sources */ = {isa = PBXBuildFile; fileRef = FAD43D8D268ACAAF00F04FE9 /* LargeBlockView.swift */; };
		FAD43D92268AD4C500F04FE9 /* DaysPageView.swift in Sources */ = {isa = PBXBuildFile; fileRef = FAD43D91268AD4C500F04FE9 /* DaysPageView.swift */; };
		FAD43D94268BAAC000F04FE9 /* Lunches.swift in Sources */ = {isa = PBXBuildFile; fileRef = FAD43D93268BAAC000F04FE9 /* Lunches.swift */; };
		FADE100F2683AF5E00712D27 /* CancelledList.swift in Sources */ = {isa = PBXBuildFile; fileRef = FADE100E2683AF5E00712D27 /* CancelledList.swift */; };
		FADE10112683AFB200712D27 /* CancelledRow.swift in Sources */ = {isa = PBXBuildFile; fileRef = FADE10102683AFB200712D27 /* CancelledRow.swift */; };
		FAE14C7526557AA7000635DB /* PostSection.swift in Sources */ = {isa = PBXBuildFile; fileRef = FAE14C7426557AA7000635DB /* PostSection.swift */; };
		FAE14C7726557AFD000635DB /* PostCard.swift in Sources */ = {isa = PBXBuildFile; fileRef = FAE14C7626557AFD000635DB /* PostCard.swift */; };
		FAFE2897268BD3E300DC9373 /* Blocks.swift in Sources */ = {isa = PBXBuildFile; fileRef = FAFE2896268BD3E300DC9373 /* Blocks.swift */; };
		FAFE2899268BD41F00DC9373 /* Day.swift in Sources */ = {isa = PBXBuildFile; fileRef = FAFE2898268BD41F00DC9373 /* Day.swift */; };
		FAFE289B268BE80C00DC9373 /* LoadingScheduleView.swift in Sources */ = {isa = PBXBuildFile; fileRef = FAFE289A268BE80C00DC9373 /* LoadingScheduleView.swift */; };
		FAFE289F268D248600DC9373 /* LoadingBlockEditor.swift in Sources */ = {isa = PBXBuildFile; fileRef = FAFE289E268D248600DC9373 /* LoadingBlockEditor.swift */; };
/* End PBXBuildFile section */

/* Begin PBXContainerItemProxy section */
		CE45BFDA267BFF63003D0C2B /* PBXContainerItemProxy */ = {
			isa = PBXContainerItemProxy;
			containerPortal = CEC03FA5263E354200FFCB45 /* Project object */;
			proxyType = 1;
			remoteGlobalIDString = CEC03FAC263E354200FFCB45;
			remoteInfo = CypressApp;
		};
/* End PBXContainerItemProxy section */

/* Begin PBXFileReference section */
		CE126FC4267BEBEE001ABBB1 /* ExtractArticle.swift */ = {isa = PBXFileReference; lastKnownFileType = sourcecode.swift; path = ExtractArticle.swift; sourceTree = "<group>"; };
		CE1E88762647484300E1245E /* PageViewController.swift */ = {isa = PBXFileReference; lastKnownFileType = sourcecode.swift; path = PageViewController.swift; sourceTree = "<group>"; };
		CE1E887B264748F700E1245E /* PageView.swift */ = {isa = PBXFileReference; lastKnownFileType = sourcecode.swift; path = PageView.swift; sourceTree = "<group>"; };
		CE1E888026474BFC00E1245E /* PageControl.swift */ = {isa = PBXFileReference; lastKnownFileType = sourcecode.swift; path = PageControl.swift; sourceTree = "<group>"; };
		CE1E88862647561600E1245E /* ImageView.swift */ = {isa = PBXFileReference; lastKnownFileType = sourcecode.swift; path = ImageView.swift; sourceTree = "<group>"; };
		CE2C6137265E5C7E003E32E6 /* ScheduleView.swift */ = {isa = PBXFileReference; lastKnownFileType = sourcecode.swift; path = ScheduleView.swift; sourceTree = "<group>"; };
		CE45BFD5267BFF63003D0C2B /* CypressTests.xctest */ = {isa = PBXFileReference; explicitFileType = wrapper.cfbundle; includeInIndex = 0; path = CypressTests.xctest; sourceTree = BUILT_PRODUCTS_DIR; };
		CE45BFD7267BFF63003D0C2B /* CypressTests.swift */ = {isa = PBXFileReference; lastKnownFileType = sourcecode.swift; path = CypressTests.swift; sourceTree = "<group>"; };
		CE45BFD9267BFF63003D0C2B /* Info.plist */ = {isa = PBXFileReference; lastKnownFileType = text.plist.xml; path = Info.plist; sourceTree = "<group>"; };
		CE74689226605535007321FD /* AboutView.swift */ = {isa = PBXFileReference; lastKnownFileType = sourcecode.swift; path = AboutView.swift; sourceTree = "<group>"; };
		CE87B3ED264CCE8A009CAF44 /* Support.swift */ = {isa = PBXFileReference; lastKnownFileType = sourcecode.swift; path = Support.swift; sourceTree = "<group>"; };
		CE965A04267FE606001515A2 /* NowPlayingPage.swift */ = {isa = PBXFileReference; lastKnownFileType = sourcecode.swift; path = NowPlayingPage.swift; sourceTree = "<group>"; };
		CE965A06267FE658001515A2 /* DescriptionPage.swift */ = {isa = PBXFileReference; lastKnownFileType = sourcecode.swift; path = DescriptionPage.swift; sourceTree = "<group>"; };
		CE9BD097265CC9AB00231689 /* SocialView.swift */ = {isa = PBXFileReference; fileEncoding = 4; lastKnownFileType = sourcecode.swift; path = SocialView.swift; sourceTree = "<group>"; };
		CEAE3E2C2648CA2F0066C825 /* Extensions.swift */ = {isa = PBXFileReference; lastKnownFileType = sourcecode.swift; path = Extensions.swift; sourceTree = "<group>"; };
		CEAE3E342648CAC50066C825 /* DefaultViews.swift */ = {isa = PBXFileReference; lastKnownFileType = sourcecode.swift; path = DefaultViews.swift; sourceTree = "<group>"; };
		CEAE3E3C2648D0CC0066C825 /* WebView.swift */ = {isa = PBXFileReference; lastKnownFileType = sourcecode.swift; path = WebView.swift; sourceTree = "<group>"; };
		CEC03FAD263E354200FFCB45 /* Cypress.app */ = {isa = PBXFileReference; explicitFileType = wrapper.application; includeInIndex = 0; path = Cypress.app; sourceTree = BUILT_PRODUCTS_DIR; };
		CEC03FB0263E354200FFCB45 /* CypressAppApp.swift */ = {isa = PBXFileReference; lastKnownFileType = sourcecode.swift; path = CypressAppApp.swift; sourceTree = "<group>"; };
		CEC03FB2263E354200FFCB45 /* ContentView.swift */ = {isa = PBXFileReference; lastKnownFileType = sourcecode.swift; path = ContentView.swift; sourceTree = "<group>"; };
		CEC03FB4263E354400FFCB45 /* Assets.xcassets */ = {isa = PBXFileReference; lastKnownFileType = folder.assetcatalog; path = Assets.xcassets; sourceTree = "<group>"; };
		CEC03FB7263E354400FFCB45 /* Preview Assets.xcassets */ = {isa = PBXFileReference; lastKnownFileType = folder.assetcatalog; path = "Preview Assets.xcassets"; sourceTree = "<group>"; };
		CEC03FB9263E354400FFCB45 /* Info.plist */ = {isa = PBXFileReference; lastKnownFileType = text.plist.xml; path = Info.plist; sourceTree = "<group>"; };
		CEEC39C8267C63B100697168 /* HTML.swift */ = {isa = PBXFileReference; lastKnownFileType = sourcecode.swift; path = HTML.swift; sourceTree = "<group>"; };
		CEF7C513267C0FC400ADE6DB /* PostContentView.swift */ = {isa = PBXFileReference; lastKnownFileType = sourcecode.swift; path = PostContentView.swift; sourceTree = "<group>"; };
		CEF7C517267C0FDF00ADE6DB /* ContentRenderer.swift */ = {isa = PBXFileReference; lastKnownFileType = sourcecode.swift; path = ContentRenderer.swift; sourceTree = "<group>"; };
		CEFE4E7A26562EF2005A2DD4 /* ModelData.swift */ = {isa = PBXFileReference; lastKnownFileType = sourcecode.swift; path = ModelData.swift; sourceTree = "<group>"; };
		CEFE4E82265635B6005A2DD4 /* MultimediaSection.swift */ = {isa = PBXFileReference; lastKnownFileType = sourcecode.swift; path = MultimediaSection.swift; sourceTree = "<group>"; };
		FA03D1B526719D24005A760F /* WordpressCodable.swift */ = {isa = PBXFileReference; lastKnownFileType = sourcecode.swift; path = WordpressCodable.swift; sourceTree = "<group>"; };
		FA03D1B726719D72005A760F /* WordpressAPI.swift */ = {isa = PBXFileReference; lastKnownFileType = sourcecode.swift; path = WordpressAPI.swift; sourceTree = "<group>"; };
		FA05BDA92676CCF60026C903 /* NowPlayingBar.swift */ = {isa = PBXFileReference; lastKnownFileType = sourcecode.swift; path = NowPlayingBar.swift; sourceTree = "<group>"; };
		FA0CB8412664320A009FE7A3 /* PodcastEpisode.swift */ = {isa = PBXFileReference; lastKnownFileType = sourcecode.swift; path = PodcastEpisode.swift; sourceTree = "<group>"; };
		FA0CB844266432DC009FE7A3 /* VideoView.swift */ = {isa = PBXFileReference; lastKnownFileType = sourcecode.swift; path = VideoView.swift; sourceTree = "<group>"; };
		FA0CB847266716BE009FE7A3 /* Tab.swift */ = {isa = PBXFileReference; lastKnownFileType = sourcecode.swift; path = Tab.swift; sourceTree = "<group>"; };
		FA0CB84926671810009FE7A3 /* HomeTab.swift */ = {isa = PBXFileReference; lastKnownFileType = sourcecode.swift; path = HomeTab.swift; sourceTree = "<group>"; };
		FA0CB84B26671926009FE7A3 /* FeedTab.swift */ = {isa = PBXFileReference; lastKnownFileType = sourcecode.swift; path = FeedTab.swift; sourceTree = "<group>"; };
		FA0CB84F26671989009FE7A3 /* PodcastTab.swift */ = {isa = PBXFileReference; lastKnownFileType = sourcecode.swift; path = PodcastTab.swift; sourceTree = "<group>"; };
		FA0CB851266719BA009FE7A3 /* ScheduleTab.swift */ = {isa = PBXFileReference; lastKnownFileType = sourcecode.swift; path = ScheduleTab.swift; sourceTree = "<group>"; };
		FA0CB8532667247E009FE7A3 /* CategoriesList.swift */ = {isa = PBXFileReference; lastKnownFileType = sourcecode.swift; path = CategoriesList.swift; sourceTree = "<group>"; };
		FA0CB8592667302E009FE7A3 /* TabManager.swift */ = {isa = PBXFileReference; lastKnownFileType = sourcecode.swift; path = TabManager.swift; sourceTree = "<group>"; };
		FA17F8DB2659DA1A008471BD /* SearchResultLoader.swift */ = {isa = PBXFileReference; lastKnownFileType = sourcecode.swift; path = SearchResultLoader.swift; sourceTree = "<group>"; };
		FA17F8DD2659DCB1008471BD /* SearchRow.swift */ = {isa = PBXFileReference; lastKnownFileType = sourcecode.swift; path = SearchRow.swift; sourceTree = "<group>"; };
		FA17F8DF2659DCEC008471BD /* SearchView.swift */ = {isa = PBXFileReference; lastKnownFileType = sourcecode.swift; path = SearchView.swift; sourceTree = "<group>"; };
		FA17F8E12659DFCD008471BD /* SearchResults.swift */ = {isa = PBXFileReference; lastKnownFileType = sourcecode.swift; path = SearchResults.swift; sourceTree = "<group>"; };
		FA17F8E32659E567008471BD /* SearchBar.swift */ = {isa = PBXFileReference; lastKnownFileType = sourcecode.swift; path = SearchBar.swift; sourceTree = "<group>"; };
		FA17F8E7265B3473008471BD /* PodcastRow.swift */ = {isa = PBXFileReference; lastKnownFileType = sourcecode.swift; path = PodcastRow.swift; sourceTree = "<group>"; };
		FA4618CB264980240018522B /* PodcastLoader.swift */ = {isa = PBXFileReference; lastKnownFileType = sourcecode.swift; path = PodcastLoader.swift; sourceTree = "<group>"; };
		FA4B7363264E335200516AC6 /* PlayerObject.swift */ = {isa = PBXFileReference; lastKnownFileType = sourcecode.swift; path = PlayerObject.swift; sourceTree = "<group>"; };
		FA56AA42263F080900B6D838 /* ViewController.swift */ = {isa = PBXFileReference; lastKnownFileType = sourcecode.swift; path = ViewController.swift; sourceTree = "<group>"; };
		FA56AA45263F0B2300B6D838 /* CategoriesView.swift */ = {isa = PBXFileReference; lastKnownFileType = sourcecode.swift; path = CategoriesView.swift; sourceTree = "<group>"; };
		FA56AA49263F0B5100B6D838 /* HomeView.swift */ = {isa = PBXFileReference; lastKnownFileType = sourcecode.swift; path = HomeView.swift; sourceTree = "<group>"; };
		FA56AA4B263F0B5A00B6D838 /* PodcastView.swift */ = {isa = PBXFileReference; lastKnownFileType = sourcecode.swift; path = PodcastView.swift; sourceTree = "<group>"; };
		FA56AA50263F0BFF00B6D838 /* PhotoGalleryView.swift */ = {isa = PBXFileReference; lastKnownFileType = sourcecode.swift; path = PhotoGalleryView.swift; sourceTree = "<group>"; };
		FA56AA55263F0F2400B6D838 /* CategoryButton.swift */ = {isa = PBXFileReference; lastKnownFileType = sourcecode.swift; path = CategoryButton.swift; sourceTree = "<group>"; };
		FA56AA5B263F246000B6D838 /* PostRowView.swift */ = {isa = PBXFileReference; lastKnownFileType = sourcecode.swift; path = PostRowView.swift; sourceTree = "<group>"; };
		FA56AA61263F2FD200B6D838 /* PostFeed.swift */ = {isa = PBXFileReference; lastKnownFileType = sourcecode.swift; path = PostFeed.swift; sourceTree = "<group>"; };
		FA56AA63263F3F1A00B6D838 /* SamplePost.swift */ = {isa = PBXFileReference; lastKnownFileType = sourcecode.swift; path = SamplePost.swift; sourceTree = "<group>"; };
		FA56AA69263F8F0F00B6D838 /* ScrollViewLoader.swift */ = {isa = PBXFileReference; lastKnownFileType = sourcecode.swift; path = ScrollViewLoader.swift; sourceTree = "<group>"; };
		FA56AA6D263FA12200B6D838 /* LoadingPostRowView.swift */ = {isa = PBXFileReference; lastKnownFileType = sourcecode.swift; path = LoadingPostRowView.swift; sourceTree = "<group>"; };
		FA5D35AA266B221A003B8D2F /* LogoButton.swift */ = {isa = PBXFileReference; lastKnownFileType = sourcecode.swift; path = LogoButton.swift; sourceTree = "<group>"; };
		FA5D35AC266B29E4003B8D2F /* Logo.swift */ = {isa = PBXFileReference; lastKnownFileType = sourcecode.swift; path = Logo.swift; sourceTree = "<group>"; };
		FA5D35AE266BD982003B8D2F /* SiteBanner.swift */ = {isa = PBXFileReference; lastKnownFileType = sourcecode.swift; path = SiteBanner.swift; sourceTree = "<group>"; };
		FA6121372660973500126A1F /* AboutText.swift */ = {isa = PBXFileReference; lastKnownFileType = sourcecode.swift; path = AboutText.swift; sourceTree = "<group>"; };
		FA612139266097F400126A1F /* MeetTheStaff.swift */ = {isa = PBXFileReference; lastKnownFileType = sourcecode.swift; path = MeetTheStaff.swift; sourceTree = "<group>"; };
		FA6526412658AB9C0043FDBA /* CategoryView.swift */ = {isa = PBXFileReference; lastKnownFileType = sourcecode.swift; path = CategoryView.swift; sourceTree = "<group>"; };
		FA6526432658AEFC0043FDBA /* CategoryBanner.swift */ = {isa = PBXFileReference; lastKnownFileType = sourcecode.swift; path = CategoryBanner.swift; sourceTree = "<group>"; };
		FA65B46E268E968900AE3704 /* FullBlock.swift */ = {isa = PBXFileReference; lastKnownFileType = sourcecode.swift; path = FullBlock.swift; sourceTree = "<group>"; };
		FA65B470268EA85F00AE3704 /* ModelLoading.swift */ = {isa = PBXFileReference; lastKnownFileType = sourcecode.swift; path = ModelLoading.swift; sourceTree = "<group>"; };
		FA65B474268EC32E00AE3704 /* ModelSaving.swift */ = {isa = PBXFileReference; lastKnownFileType = sourcecode.swift; path = ModelSaving.swift; sourceTree = "<group>"; };
		FA65B477268F900D00AE3704 /* FullBlockView.swift */ = {isa = PBXFileReference; lastKnownFileType = sourcecode.swift; path = FullBlockView.swift; sourceTree = "<group>"; };
		FA65B479268F936500AE3704 /* LargeFullBlockView.swift */ = {isa = PBXFileReference; lastKnownFileType = sourcecode.swift; path = LargeFullBlockView.swift; sourceTree = "<group>"; };
		FA7320E22672A55A0012C3EC /* RequestRetrySettings.swift */ = {isa = PBXFileReference; lastKnownFileType = sourcecode.swift; path = RequestRetrySettings.swift; sourceTree = "<group>"; };
		FA7320E62674278A0012C3EC /* RSSLoader.swift */ = {isa = PBXFileReference; lastKnownFileType = sourcecode.swift; path = RSSLoader.swift; sourceTree = "<group>"; };
		FA7320EA267438F00012C3EC /* PodcastDetailView.swift */ = {isa = PBXFileReference; lastKnownFileType = sourcecode.swift; path = PodcastDetailView.swift; sourceTree = "<group>"; };
		FA7320EC267442570012C3EC /* PodcastButton.swift */ = {isa = PBXFileReference; lastKnownFileType = sourcecode.swift; path = PodcastButton.swift; sourceTree = "<group>"; };
		FA73AA27263E361E00B6C8B6 /* Media.swift */ = {isa = PBXFileReference; fileEncoding = 4; lastKnownFileType = sourcecode.swift; path = Media.swift; sourceTree = "<group>"; };
		FA73AA28263E361E00B6C8B6 /* Category.swift */ = {isa = PBXFileReference; fileEncoding = 4; lastKnownFileType = sourcecode.swift; path = Category.swift; sourceTree = "<group>"; };
		FA73AA29263E361E00B6C8B6 /* Post.swift */ = {isa = PBXFileReference; fileEncoding = 4; lastKnownFileType = sourcecode.swift; path = Post.swift; sourceTree = "<group>"; };
		FA73AA2F263E363600B6C8B6 /* PostView.swift */ = {isa = PBXFileReference; fileEncoding = 4; lastKnownFileType = sourcecode.swift; path = PostView.swift; sourceTree = "<group>"; };
		FA87325D265586260094146C /* PodcastSection.swift */ = {isa = PBXFileReference; lastKnownFileType = sourcecode.swift; path = PodcastSection.swift; sourceTree = "<group>"; };
		FAA53892265D6C270050617F /* PodcastEpisodeView.swift */ = {isa = PBXFileReference; fileEncoding = 4; lastKnownFileType = sourcecode.swift; path = PodcastEpisodeView.swift; sourceTree = "<group>"; };
		FAA7D2F5267E714300E8FFEC /* Absence.swift */ = {isa = PBXFileReference; lastKnownFileType = sourcecode.swift; path = Absence.swift; sourceTree = "<group>"; };
		FAA7D2F7267E742B00E8FFEC /* ServerAPITests.swift */ = {isa = PBXFileReference; lastKnownFileType = sourcecode.swift; path = ServerAPITests.swift; sourceTree = "<group>"; };
		FAA7D2F9267E762400E8FFEC /* BlockData.swift */ = {isa = PBXFileReference; lastKnownFileType = sourcecode.swift; path = BlockData.swift; sourceTree = "<group>"; };
		FAA7D2FB267E775200E8FFEC /* Week.swift */ = {isa = PBXFileReference; lastKnownFileType = sourcecode.swift; path = Week.swift; sourceTree = "<group>"; };
		FAAAAC9E26869CC60052A658 /* ScheduleColumn.swift */ = {isa = PBXFileReference; lastKnownFileType = sourcecode.swift; path = ScheduleColumn.swift; sourceTree = "<group>"; };
		FAAAACA02686AFBD0052A658 /* BlockView.swift */ = {isa = PBXFileReference; lastKnownFileType = sourcecode.swift; path = BlockView.swift; sourceTree = "<group>"; };
		FAAAACA2268795580052A658 /* MultiPageView.swift */ = {isa = PBXFileReference; lastKnownFileType = sourcecode.swift; path = MultiPageView.swift; sourceTree = "<group>"; };
		FAAAACA4268796900052A658 /* SchedulePageView.swift */ = {isa = PBXFileReference; lastKnownFileType = sourcecode.swift; path = SchedulePageView.swift; sourceTree = "<group>"; };
		FAAAACA62687F1330052A658 /* ScheduleSettings.swift */ = {isa = PBXFileReference; lastKnownFileType = sourcecode.swift; path = ScheduleSettings.swift; sourceTree = "<group>"; };
		FAAAACAC2687F5D00052A658 /* CypressApp.xcdatamodel */ = {isa = PBXFileReference; lastKnownFileType = wrapper.xcdatamodel; path = CypressApp.xcdatamodel; sourceTree = "<group>"; };
		FAAE7DF72669B3E200DE708A /* SchoolConfig.swift */ = {isa = PBXFileReference; lastKnownFileType = sourcecode.swift; path = SchoolConfig.swift; sourceTree = "<group>"; };
		FAAE7DFB2669B44F00DE708A /* ServerAPI.swift */ = {isa = PBXFileReference; lastKnownFileType = sourcecode.swift; path = ServerAPI.swift; sourceTree = "<group>"; };
		FAAE7DFD2669BB1600DE708A /* TabCreator.swift */ = {isa = PBXFileReference; lastKnownFileType = sourcecode.swift; path = TabCreator.swift; sourceTree = "<group>"; };
		FAD43D80268A28AD00F04FE9 /* BlockEditor.swift */ = {isa = PBXFileReference; lastKnownFileType = sourcecode.swift; path = BlockEditor.swift; sourceTree = "<group>"; };
		FAD43D82268A34BE00F04FE9 /* PropertyEditor.swift */ = {isa = PBXFileReference; lastKnownFileType = sourcecode.swift; path = PropertyEditor.swift; sourceTree = "<group>"; };
		FAD43D8B268ACA7900F04FE9 /* DayDetailView.swift */ = {isa = PBXFileReference; lastKnownFileType = sourcecode.swift; path = DayDetailView.swift; sourceTree = "<group>"; };
		FAD43D8D268ACAAF00F04FE9 /* LargeBlockView.swift */ = {isa = PBXFileReference; lastKnownFileType = sourcecode.swift; path = LargeBlockView.swift; sourceTree = "<group>"; };
		FAD43D91268AD4C500F04FE9 /* DaysPageView.swift */ = {isa = PBXFileReference; lastKnownFileType = sourcecode.swift; path = DaysPageView.swift; sourceTree = "<group>"; };
		FAD43D93268BAAC000F04FE9 /* Lunches.swift */ = {isa = PBXFileReference; lastKnownFileType = sourcecode.swift; path = Lunches.swift; sourceTree = "<group>"; };
		FADE100E2683AF5E00712D27 /* CancelledList.swift */ = {isa = PBXFileReference; lastKnownFileType = sourcecode.swift; path = CancelledList.swift; sourceTree = "<group>"; };
		FADE10102683AFB200712D27 /* CancelledRow.swift */ = {isa = PBXFileReference; lastKnownFileType = sourcecode.swift; path = CancelledRow.swift; sourceTree = "<group>"; };
		FAE14C7426557AA7000635DB /* PostSection.swift */ = {isa = PBXFileReference; lastKnownFileType = sourcecode.swift; path = PostSection.swift; sourceTree = "<group>"; };
		FAE14C7626557AFD000635DB /* PostCard.swift */ = {isa = PBXFileReference; lastKnownFileType = sourcecode.swift; path = PostCard.swift; sourceTree = "<group>"; };
		FAFE2896268BD3E300DC9373 /* Blocks.swift */ = {isa = PBXFileReference; lastKnownFileType = sourcecode.swift; path = Blocks.swift; sourceTree = "<group>"; };
		FAFE2898268BD41F00DC9373 /* Day.swift */ = {isa = PBXFileReference; lastKnownFileType = sourcecode.swift; path = Day.swift; sourceTree = "<group>"; };
		FAFE289A268BE80C00DC9373 /* LoadingScheduleView.swift */ = {isa = PBXFileReference; lastKnownFileType = sourcecode.swift; path = LoadingScheduleView.swift; sourceTree = "<group>"; };
		FAFE289E268D248600DC9373 /* LoadingBlockEditor.swift */ = {isa = PBXFileReference; lastKnownFileType = sourcecode.swift; path = LoadingBlockEditor.swift; sourceTree = "<group>"; };
/* End PBXFileReference section */

/* Begin PBXFrameworksBuildPhase section */
		CE45BFD2267BFF63003D0C2B /* Frameworks */ = {
			isa = PBXFrameworksBuildPhase;
			buildActionMask = 2147483647;
			files = (
			);
			runOnlyForDeploymentPostprocessing = 0;
		};
		CEC03FAA263E354200FFCB45 /* Frameworks */ = {
			isa = PBXFrameworksBuildPhase;
			buildActionMask = 2147483647;
			files = (
				CE073A48266C4B650030DB1A /* Nuke in Frameworks */,
				FA65B47F268FE78400AE3704 /* PromiseKit in Frameworks */,
				FA5068D7267043E000E0BBAE /* FeedKit in Frameworks */,
				FA5068D4267043C100E0BBAE /* Alamofire in Frameworks */,
				CE6442B4267FA152002FFFEC /* SwiftUIPager in Frameworks */,
				CE4D2D4326489C6500C243CC /* LoaderUI in Frameworks */,
				CED8EB21265CBD7C002922A3 /* SwiftDate in Frameworks */,
				CE126FC0267BEBC6001ABBB1 /* SwiftSoup in Frameworks */,
				FA65B42E268E189200AE3704 /* Disk in Frameworks */,
			);
			runOnlyForDeploymentPostprocessing = 0;
		};
/* End PBXFrameworksBuildPhase section */

/* Begin PBXGroup section */
		CE45BFD6267BFF63003D0C2B /* CypressTests */ = {
			isa = PBXGroup;
			children = (
				CE45BFD7267BFF63003D0C2B /* CypressTests.swift */,
				FAA7D2F7267E742B00E8FFEC /* ServerAPITests.swift */,
				CE45BFD9267BFF63003D0C2B /* Info.plist */,
			);
			path = CypressTests;
			sourceTree = "<group>";
		};
		CEAE3E2B2648CA0B0066C825 /* Util */ = {
			isa = PBXGroup;
			children = (
				CEAE3E2C2648CA2F0066C825 /* Extensions.swift */,
				CEAE3E342648CAC50066C825 /* DefaultViews.swift */,
				CE87B3ED264CCE8A009CAF44 /* Support.swift */,
				CE126FC4267BEBEE001ABBB1 /* ExtractArticle.swift */,
				CEEC39C8267C63B100697168 /* HTML.swift */,
			);
			path = Util;
			sourceTree = "<group>";
		};
		CEC03FA4263E354200FFCB45 = {
			isa = PBXGroup;
			children = (
				CEC03FAF263E354200FFCB45 /* CypressApp */,
				CE45BFD6267BFF63003D0C2B /* CypressTests */,
				CEC03FAE263E354200FFCB45 /* Products */,
			);
			sourceTree = "<group>";
		};
		CEC03FAE263E354200FFCB45 /* Products */ = {
			isa = PBXGroup;
			children = (
				CEC03FAD263E354200FFCB45 /* Cypress.app */,
				CE45BFD5267BFF63003D0C2B /* CypressTests.xctest */,
			);
			name = Products;
			sourceTree = "<group>";
		};
		CEC03FAF263E354200FFCB45 /* CypressApp */ = {
			isa = PBXGroup;
			children = (
				CEC03FB0263E354200FFCB45 /* CypressAppApp.swift */,
				CEC03FB2263E354200FFCB45 /* ContentView.swift */,
				FA56AA42263F080900B6D838 /* ViewController.swift */,
				FA65B476268EC49900AE3704 /* ViewModelData */,
				FA56AA44263F0B0E00B6D838 /* MainViews */,
				FABF849026642E67000CE2A4 /* About */,
				FABF848F26642E36000CE2A4 /* Search */,
				FA0CB83F2664306F009FE7A3 /* PostViews */,
				FA0CB840266430B0009FE7A3 /* UtilityViews */,
				FA0CB84626671664009FE7A3 /* AppearanceManagement */,
				FAAE7DF62669B3A100DE708A /* ServerAPI */,
				FA73AA26263E361E00B6C8B6 /* WordpressAPI */,
				FA4618CA264980090018522B /* Podcast */,
				CEAE3E2B2648CA0B0066C825 /* Util */,
				FA65B46D268E967100AE3704 /* Disk */,
				CEC03FB4263E354400FFCB45 /* Assets.xcassets */,
				CEC03FB9263E354400FFCB45 /* Info.plist */,
				FAAAACAB2687F5D00052A658 /* CypressApp.xcdatamodeld */,
				CEC03FB6263E354400FFCB45 /* Preview Content */,
			);
			path = CypressApp;
			sourceTree = "<group>";
		};
		CEC03FB6263E354400FFCB45 /* Preview Content */ = {
			isa = PBXGroup;
			children = (
				CEC03FB7263E354400FFCB45 /* Preview Assets.xcassets */,
			);
			path = "Preview Content";
			sourceTree = "<group>";
		};
		FA0CB83F2664306F009FE7A3 /* PostViews */ = {
			isa = PBXGroup;
			children = (
				FA73AA2F263E363600B6C8B6 /* PostView.swift */,
				FA56AA50263F0BFF00B6D838 /* PhotoGalleryView.swift */,
				FA0CB844266432DC009FE7A3 /* VideoView.swift */,
			);
			path = PostViews;
			sourceTree = "<group>";
		};
		FA0CB840266430B0009FE7A3 /* UtilityViews */ = {
			isa = PBXGroup;
			children = (
				CE1E88862647561600E1245E /* ImageView.swift */,
				CE1E887B264748F700E1245E /* PageView.swift */,
				CE1E88762647484300E1245E /* PageViewController.swift */,
				CE1E888026474BFC00E1245E /* PageControl.swift */,
				CEAE3E3C2648D0CC0066C825 /* WebView.swift */,
				CEF7C513267C0FC400ADE6DB /* PostContentView.swift */,
				CEF7C517267C0FDF00ADE6DB /* ContentRenderer.swift */,
				FAAAACA2268795580052A658 /* MultiPageView.swift */,
			);
			path = UtilityViews;
			sourceTree = "<group>";
		};
		FA0CB8432664326E009FE7A3 /* Codable */ = {
			isa = PBXGroup;
			children = (
				FA73AA29263E361E00B6C8B6 /* Post.swift */,
				FA73AA27263E361E00B6C8B6 /* Media.swift */,
				FA73AA28263E361E00B6C8B6 /* Category.swift */,
			);
			path = Codable;
			sourceTree = "<group>";
		};
		FA0CB84626671664009FE7A3 /* AppearanceManagement */ = {
			isa = PBXGroup;
			children = (
				FA0CB8592667302E009FE7A3 /* TabManager.swift */,
				FA0CB847266716BE009FE7A3 /* Tab.swift */,
				FA0CB84926671810009FE7A3 /* HomeTab.swift */,
				FA0CB84B26671926009FE7A3 /* FeedTab.swift */,
				FA0CB84F26671989009FE7A3 /* PodcastTab.swift */,
				FA0CB851266719BA009FE7A3 /* ScheduleTab.swift */,
			);
			path = AppearanceManagement;
			sourceTree = "<group>";
		};
		FA4618CA264980090018522B /* Podcast */ = {
			isa = PBXGroup;
			children = (
				FA4618CB264980240018522B /* PodcastLoader.swift */,
				FA7320E62674278A0012C3EC /* RSSLoader.swift */,
				FA0CB8412664320A009FE7A3 /* PodcastEpisode.swift */,
				FA4B7363264E335200516AC6 /* PlayerObject.swift */,
			);
			path = Podcast;
			sourceTree = "<group>";
		};
		FA56AA44263F0B0E00B6D838 /* MainViews */ = {
			isa = PBXGroup;
			children = (
				FAE14C7326557A94000635DB /* Home */,
				FABF848D26642D96000CE2A4 /* Feed */,
				FABF848C26642D42000CE2A4 /* Podcast */,
				FABF848E26642E0C000CE2A4 /* Social */,
			);
			path = MainViews;
			sourceTree = "<group>";
		};
		FA65B46D268E967100AE3704 /* Disk */ = {
			isa = PBXGroup;
			children = (
				FA65B46E268E968900AE3704 /* FullBlock.swift */,
			);
			path = Disk;
			sourceTree = "<group>";
		};
		FA65B476268EC49900AE3704 /* ViewModelData */ = {
			isa = PBXGroup;
			children = (
				CEFE4E7A26562EF2005A2DD4 /* ModelData.swift */,
				FA65B470268EA85F00AE3704 /* ModelLoading.swift */,
				FA65B474268EC32E00AE3704 /* ModelSaving.swift */,
			);
			path = ViewModelData;
			sourceTree = "<group>";
		};
		FA65B47B268F9B0300AE3704 /* WeekViews */ = {
			isa = PBXGroup;
			children = (
				FAAAACA4268796900052A658 /* SchedulePageView.swift */,
				CE2C6137265E5C7E003E32E6 /* ScheduleView.swift */,
				FAFE289A268BE80C00DC9373 /* LoadingScheduleView.swift */,
				FAAAAC9E26869CC60052A658 /* ScheduleColumn.swift */,
				FAD43D93268BAAC000F04FE9 /* Lunches.swift */,
				FA65B477268F900D00AE3704 /* FullBlockView.swift */,
				FAAAACA02686AFBD0052A658 /* BlockView.swift */,
			);
			path = WeekViews;
			sourceTree = "<group>";
		};
		FA65B47C268F9B1A00AE3704 /* DayViews */ = {
			isa = PBXGroup;
			children = (
				FAD43D91268AD4C500F04FE9 /* DaysPageView.swift */,
				FAD43D8B268ACA7900F04FE9 /* DayDetailView.swift */,
				FA65B479268F936500AE3704 /* LargeFullBlockView.swift */,
				FAD43D8D268ACAAF00F04FE9 /* LargeBlockView.swift */,
			);
			path = DayViews;
			sourceTree = "<group>";
		};
		FA73AA26263E361E00B6C8B6 /* WordpressAPI */ = {
			isa = PBXGroup;
			children = (
				FA0CB8432664326E009FE7A3 /* Codable */,
				FA56AA69263F8F0F00B6D838 /* ScrollViewLoader.swift */,
				FA17F8DB2659DA1A008471BD /* SearchResultLoader.swift */,
				FA56AA63263F3F1A00B6D838 /* SamplePost.swift */,
			);
			path = WordpressAPI;
			sourceTree = "<group>";
		};
		FAAE7DF62669B3A100DE708A /* ServerAPI */ = {
			isa = PBXGroup;
			children = (
				FAAE7DFB2669B44F00DE708A /* ServerAPI.swift */,
				FA03D1B726719D72005A760F /* WordpressAPI.swift */,
				FA7320E22672A55A0012C3EC /* RequestRetrySettings.swift */,
				FA03D1B526719D24005A760F /* WordpressCodable.swift */,
				FAA7D2FB267E775200E8FFEC /* Week.swift */,
				FAFE2898268BD41F00DC9373 /* Day.swift */,
				FAFE2896268BD3E300DC9373 /* Blocks.swift */,
				FAA7D2F5267E714300E8FFEC /* Absence.swift */,
				FAA7D2F9267E762400E8FFEC /* BlockData.swift */,
				FAAE7DF72669B3E200DE708A /* SchoolConfig.swift */,
				FAAE7DFD2669BB1600DE708A /* TabCreator.swift */,
			);
			path = ServerAPI;
			sourceTree = "<group>";
		};
		FABF848C26642D42000CE2A4 /* Podcast */ = {
			isa = PBXGroup;
			children = (
				FA56AA4B263F0B5A00B6D838 /* PodcastView.swift */,
				FA7320EC267442570012C3EC /* PodcastButton.swift */,
				FA17F8E7265B3473008471BD /* PodcastRow.swift */,
				FA7320EA267438F00012C3EC /* PodcastDetailView.swift */,
				FAA53892265D6C270050617F /* PodcastEpisodeView.swift */,
				FA05BDA92676CCF60026C903 /* NowPlayingBar.swift */,
				CE965A04267FE606001515A2 /* NowPlayingPage.swift */,
				CE965A06267FE658001515A2 /* DescriptionPage.swift */,
			);
			path = Podcast;
			sourceTree = "<group>";
		};
		FABF848D26642D96000CE2A4 /* Feed */ = {
			isa = PBXGroup;
			children = (
				FA56AA45263F0B2300B6D838 /* CategoriesView.swift */,
				FA0CB8532667247E009FE7A3 /* CategoriesList.swift */,
				FA56AA55263F0F2400B6D838 /* CategoryButton.swift */,
				FA6526412658AB9C0043FDBA /* CategoryView.swift */,
				FA6526432658AEFC0043FDBA /* CategoryBanner.swift */,
				FA56AA61263F2FD200B6D838 /* PostFeed.swift */,
				FA56AA5B263F246000B6D838 /* PostRowView.swift */,
				FA56AA6D263FA12200B6D838 /* LoadingPostRowView.swift */,
				FA5D35AA266B221A003B8D2F /* LogoButton.swift */,
				FA5D35AC266B29E4003B8D2F /* Logo.swift */,
				FA5D35AE266BD982003B8D2F /* SiteBanner.swift */,
			);
			path = Feed;
			sourceTree = "<group>";
		};
		FABF848E26642E0C000CE2A4 /* Social */ = {
			isa = PBXGroup;
			children = (
				CE9BD097265CC9AB00231689 /* SocialView.swift */,
				FAD43D88268A73F900F04FE9 /* CancelledClasses */,
				FAD43D87268A73E600F04FE9 /* Schedule */,
			);
			path = Social;
			sourceTree = "<group>";
		};
		FABF848F26642E36000CE2A4 /* Search */ = {
			isa = PBXGroup;
			children = (
				FA17F8DF2659DCEC008471BD /* SearchView.swift */,
				FA17F8E32659E567008471BD /* SearchBar.swift */,
				FA17F8E12659DFCD008471BD /* SearchResults.swift */,
				FA17F8DD2659DCB1008471BD /* SearchRow.swift */,
			);
			path = Search;
			sourceTree = "<group>";
		};
		FABF849026642E67000CE2A4 /* About */ = {
			isa = PBXGroup;
			children = (
				CE74689226605535007321FD /* AboutView.swift */,
				FA6121372660973500126A1F /* AboutText.swift */,
				FA612139266097F400126A1F /* MeetTheStaff.swift */,
			);
			path = About;
			sourceTree = "<group>";
		};
		FAD43D86268A73B700F04FE9 /* Settings */ = {
			isa = PBXGroup;
			children = (
				FAAAACA62687F1330052A658 /* ScheduleSettings.swift */,
				FAD43D80268A28AD00F04FE9 /* BlockEditor.swift */,
				FAFE289E268D248600DC9373 /* LoadingBlockEditor.swift */,
				FAD43D82268A34BE00F04FE9 /* PropertyEditor.swift */,
			);
			path = Settings;
			sourceTree = "<group>";
		};
		FAD43D87268A73E600F04FE9 /* Schedule */ = {
			isa = PBXGroup;
			children = (
				FA65B47B268F9B0300AE3704 /* WeekViews */,
				FA65B47C268F9B1A00AE3704 /* DayViews */,
				FAD43D86268A73B700F04FE9 /* Settings */,
			);
			path = Schedule;
			sourceTree = "<group>";
		};
		FAD43D88268A73F900F04FE9 /* CancelledClasses */ = {
			isa = PBXGroup;
			children = (
				FADE100E2683AF5E00712D27 /* CancelledList.swift */,
				FADE10102683AFB200712D27 /* CancelledRow.swift */,
			);
			path = CancelledClasses;
			sourceTree = "<group>";
		};
		FAE14C7326557A94000635DB /* Home */ = {
			isa = PBXGroup;
			children = (
				FA56AA49263F0B5100B6D838 /* HomeView.swift */,
				FAE14C7426557AA7000635DB /* PostSection.swift */,
				CEFE4E82265635B6005A2DD4 /* MultimediaSection.swift */,
				FA87325D265586260094146C /* PodcastSection.swift */,
				FAE14C7626557AFD000635DB /* PostCard.swift */,
			);
			path = Home;
			sourceTree = "<group>";
		};
/* End PBXGroup section */

/* Begin PBXNativeTarget section */
		CE45BFD4267BFF63003D0C2B /* CypressTests */ = {
			isa = PBXNativeTarget;
			buildConfigurationList = CE45BFDC267BFF63003D0C2B /* Build configuration list for PBXNativeTarget "CypressTests" */;
			buildPhases = (
				CE45BFD1267BFF63003D0C2B /* Sources */,
				CE45BFD2267BFF63003D0C2B /* Frameworks */,
				CE45BFD3267BFF63003D0C2B /* Resources */,
			);
			buildRules = (
			);
			dependencies = (
				CE45BFDB267BFF63003D0C2B /* PBXTargetDependency */,
			);
			name = CypressTests;
			productName = CypressTests;
			productReference = CE45BFD5267BFF63003D0C2B /* CypressTests.xctest */;
			productType = "com.apple.product-type.bundle.unit-test";
		};
		CEC03FAC263E354200FFCB45 /* CypressApp */ = {
			isa = PBXNativeTarget;
			buildConfigurationList = CEC03FD2263E354400FFCB45 /* Build configuration list for PBXNativeTarget "CypressApp" */;
			buildPhases = (
				CEC03FA9263E354200FFCB45 /* Sources */,
				CEC03FAA263E354200FFCB45 /* Frameworks */,
				CEC03FAB263E354200FFCB45 /* Resources */,
			);
			buildRules = (
			);
			dependencies = (
			);
			name = CypressApp;
			packageProductDependencies = (
				CE4D2D4226489C6500C243CC /* LoaderUI */,
				CED8EB20265CBD7C002922A3 /* SwiftDate */,
				CE073A47266C4B650030DB1A /* Nuke */,
				FA5068D3267043C100E0BBAE /* Alamofire */,
				FA5068D6267043E000E0BBAE /* FeedKit */,
				CE126FBF267BEBC6001ABBB1 /* SwiftSoup */,
				CE6442B3267FA152002FFFEC /* SwiftUIPager */,
				FA65B42D268E189200AE3704 /* Disk */,
				FA65B47E268FE78400AE3704 /* PromiseKit */,
			);
			productName = DenebolaApp;
			productReference = CEC03FAD263E354200FFCB45 /* Cypress.app */;
			productType = "com.apple.product-type.application";
		};
/* End PBXNativeTarget section */

/* Begin PBXProject section */
		CEC03FA5263E354200FFCB45 /* Project object */ = {
			isa = PBXProject;
			attributes = {
				LastSwiftUpdateCheck = 1240;
				LastUpgradeCheck = 1240;
				TargetAttributes = {
					CE45BFD4267BFF63003D0C2B = {
						CreatedOnToolsVersion = 12.4;
						TestTargetID = CEC03FAC263E354200FFCB45;
					};
					CEC03FAC263E354200FFCB45 = {
						CreatedOnToolsVersion = 12.4;
					};
				};
			};
			buildConfigurationList = CEC03FA8263E354200FFCB45 /* Build configuration list for PBXProject "CypressApp" */;
			compatibilityVersion = "Xcode 9.3";
			developmentRegion = en;
			hasScannedForEncodings = 0;
			knownRegions = (
				en,
				Base,
			);
			mainGroup = CEC03FA4263E354200FFCB45;
			packageReferences = (
				CE4D2D4126489C6500C243CC /* XCRemoteSwiftPackageReference "LoaderUI" */,
				CED8EB1F265CBD7C002922A3 /* XCRemoteSwiftPackageReference "SwiftDate" */,
				CE073A46266C4B650030DB1A /* XCRemoteSwiftPackageReference "Nuke" */,
				FA5068D2267043C100E0BBAE /* XCRemoteSwiftPackageReference "Alamofire" */,
				FA5068D5267043E000E0BBAE /* XCRemoteSwiftPackageReference "FeedKit" */,
				CE126FBE267BEBC6001ABBB1 /* XCRemoteSwiftPackageReference "SwiftSoup" */,
				CE6442B2267FA152002FFFEC /* XCRemoteSwiftPackageReference "SwiftUIPager" */,
				FA65B42C268E189200AE3704 /* XCRemoteSwiftPackageReference "Disk" */,
				FA65B47D268FE78400AE3704 /* XCRemoteSwiftPackageReference "PromiseKit" */,
			);
			productRefGroup = CEC03FAE263E354200FFCB45 /* Products */;
			projectDirPath = "";
			projectRoot = "";
			targets = (
				CEC03FAC263E354200FFCB45 /* CypressApp */,
				CE45BFD4267BFF63003D0C2B /* CypressTests */,
			);
		};
/* End PBXProject section */

/* Begin PBXResourcesBuildPhase section */
		CE45BFD3267BFF63003D0C2B /* Resources */ = {
			isa = PBXResourcesBuildPhase;
			buildActionMask = 2147483647;
			files = (
			);
			runOnlyForDeploymentPostprocessing = 0;
		};
		CEC03FAB263E354200FFCB45 /* Resources */ = {
			isa = PBXResourcesBuildPhase;
			buildActionMask = 2147483647;
			files = (
				CEC03FB8263E354400FFCB45 /* Preview Assets.xcassets in Resources */,
				CEC03FB5263E354400FFCB45 /* Assets.xcassets in Resources */,
			);
			runOnlyForDeploymentPostprocessing = 0;
		};
/* End PBXResourcesBuildPhase section */

/* Begin PBXSourcesBuildPhase section */
		CE45BFD1267BFF63003D0C2B /* Sources */ = {
			isa = PBXSourcesBuildPhase;
			buildActionMask = 2147483647;
			files = (
				CE45BFD8267BFF63003D0C2B /* CypressTests.swift in Sources */,
				FAA7D2F8267E742B00E8FFEC /* ServerAPITests.swift in Sources */,
			);
			runOnlyForDeploymentPostprocessing = 0;
		};
		CEC03FA9263E354200FFCB45 /* Sources */ = {
			isa = PBXSourcesBuildPhase;
			buildActionMask = 2147483647;
			files = (
				FAD43D92268AD4C500F04FE9 /* DaysPageView.swift in Sources */,
				FA7320EB267438F00012C3EC /* PodcastDetailView.swift in Sources */,
				FAAE7DFC2669B44F00DE708A /* ServerAPI.swift in Sources */,
				FA65B475268EC32E00AE3704 /* ModelSaving.swift in Sources */,
				FA5D35AD266B29E4003B8D2F /* Logo.swift in Sources */,
				FA0CB8542667247E009FE7A3 /* CategoriesList.swift in Sources */,
				FA73AA30263E363600B6C8B6 /* PostView.swift in Sources */,
				FAD43D94268BAAC000F04FE9 /* Lunches.swift in Sources */,
				FADE100F2683AF5E00712D27 /* CancelledList.swift in Sources */,
				FA56AA6E263FA12200B6D838 /* LoadingPostRowView.swift in Sources */,
				FA6526442658AEFC0043FDBA /* CategoryBanner.swift in Sources */,
				FA17F8E22659DFCD008471BD /* SearchResults.swift in Sources */,
				FA7320E72674278A0012C3EC /* RSSLoader.swift in Sources */,
				CEAE3E352648CAC50066C825 /* DefaultViews.swift in Sources */,
				FA56AA6A263F8F0F00B6D838 /* ScrollViewLoader.swift in Sources */,
				CEFE4E7B26562EF2005A2DD4 /* ModelData.swift in Sources */,
				FA56AA62263F2FD200B6D838 /* PostFeed.swift in Sources */,
				FAFE289F268D248600DC9373 /* LoadingBlockEditor.swift in Sources */,
				FAE14C7726557AFD000635DB /* PostCard.swift in Sources */,
				CEC03FB3263E354200FFCB45 /* ContentView.swift in Sources */,
				CEAE3E3D2648D0CC0066C825 /* WebView.swift in Sources */,
				FA03D1B626719D24005A760F /* WordpressCodable.swift in Sources */,
				FA61213A266097F400126A1F /* MeetTheStaff.swift in Sources */,
				FA4B7364264E335200516AC6 /* PlayerObject.swift in Sources */,
				CE126FC5267BEBEE001ABBB1 /* ExtractArticle.swift in Sources */,
				CEFE4E83265635B6005A2DD4 /* MultimediaSection.swift in Sources */,
				FAA7D2FC267E775200E8FFEC /* Week.swift in Sources */,
				CE1E887C264748F700E1245E /* PageView.swift in Sources */,
				FA7320ED267442570012C3EC /* PodcastButton.swift in Sources */,
				FAD43D8C268ACA7900F04FE9 /* DayDetailView.swift in Sources */,
				FA56AA51263F0BFF00B6D838 /* PhotoGalleryView.swift in Sources */,
				FAE14C7526557AA7000635DB /* PostSection.swift in Sources */,
				FAFE289B268BE80C00DC9373 /* LoadingScheduleView.swift in Sources */,
				CEC03FB1263E354200FFCB45 /* CypressAppApp.swift in Sources */,
				FA0CB85A2667302E009FE7A3 /* TabManager.swift in Sources */,
				FA56AA4C263F0B5A00B6D838 /* PodcastView.swift in Sources */,
				FAD43D8E268ACAAF00F04FE9 /* LargeBlockView.swift in Sources */,
				FAFE2897268BD3E300DC9373 /* Blocks.swift in Sources */,
				CE87B3EE264CCE8A009CAF44 /* Support.swift in Sources */,
				FAD43D83268A34BE00F04FE9 /* PropertyEditor.swift in Sources */,
				FA56AA56263F0F2400B6D838 /* CategoryButton.swift in Sources */,
				FA56AA4A263F0B5100B6D838 /* HomeView.swift in Sources */,
				FA56AA64263F3F1A00B6D838 /* SamplePost.swift in Sources */,
				FA73AA2B263E361E00B6C8B6 /* Media.swift in Sources */,
				FA0CB845266432DC009FE7A3 /* VideoView.swift in Sources */,
				FA17F8E42659E567008471BD /* SearchBar.swift in Sources */,
				CE1E88872647561600E1245E /* ImageView.swift in Sources */,
				FA56AA46263F0B2300B6D838 /* CategoriesView.swift in Sources */,
				CEF7C518267C0FDF00ADE6DB /* ContentRenderer.swift in Sources */,
				CE965A05267FE606001515A2 /* NowPlayingPage.swift in Sources */,
				FA17F8DE2659DCB1008471BD /* SearchRow.swift in Sources */,
				FA0CB852266719BA009FE7A3 /* ScheduleTab.swift in Sources */,
				FAD43D81268A28AD00F04FE9 /* BlockEditor.swift in Sources */,
				FA17F8DC2659DA1A008471BD /* SearchResultLoader.swift in Sources */,
				FAA7D2FA267E762400E8FFEC /* BlockData.swift in Sources */,
				FA0CB8422664320A009FE7A3 /* PodcastEpisode.swift in Sources */,
				FA03D1B826719D72005A760F /* WordpressAPI.swift in Sources */,
				FAAAACA5268796900052A658 /* SchedulePageView.swift in Sources */,
				FA65B478268F900D00AE3704 /* FullBlockView.swift in Sources */,
				FA17F8E8265B3473008471BD /* PodcastRow.swift in Sources */,
				FA5D35AF266BD982003B8D2F /* SiteBanner.swift in Sources */,
				FAAAACA72687F1330052A658 /* ScheduleSettings.swift in Sources */,
				FA65B47A268F936500AE3704 /* LargeFullBlockView.swift in Sources */,
				FA5D35AB266B221A003B8D2F /* LogoButton.swift in Sources */,
				FA05BDAA2676CCF60026C903 /* NowPlayingBar.swift in Sources */,
				FA4618CC264980240018522B /* PodcastLoader.swift in Sources */,
				FA65B471268EA85F00AE3704 /* ModelLoading.swift in Sources */,
				FA0CB85026671989009FE7A3 /* PodcastTab.swift in Sources */,
				FA73AA2C263E361E00B6C8B6 /* Category.swift in Sources */,
				CE1E888126474BFC00E1245E /* PageControl.swift in Sources */,
				FAAAACA12686AFBD0052A658 /* BlockView.swift in Sources */,
				CE9BD098265CC9AB00231689 /* SocialView.swift in Sources */,
				FAAAACAD2687F5D00052A658 /* CypressApp.xcdatamodeld in Sources */,
				FA17F8E02659DCEC008471BD /* SearchView.swift in Sources */,
				CEF7C514267C0FC400ADE6DB /* PostContentView.swift in Sources */,
				FAA7D2F6267E714300E8FFEC /* Absence.swift in Sources */,
				CE2C6138265E5C7E003E32E6 /* ScheduleView.swift in Sources */,
				FA6526422658AB9C0043FDBA /* CategoryView.swift in Sources */,
				FA56AA43263F080900B6D838 /* ViewController.swift in Sources */,
				FA65B46F268E968900AE3704 /* FullBlock.swift in Sources */,
				FAAE7DF82669B3E200DE708A /* SchoolConfig.swift in Sources */,
				FAFE2899268BD41F00DC9373 /* Day.swift in Sources */,
				CEAE3E2D2648CA2F0066C825 /* Extensions.swift in Sources */,
				FA6121382660973500126A1F /* AboutText.swift in Sources */,
				FA87325E265586260094146C /* PodcastSection.swift in Sources */,
				FA56AA5C263F246000B6D838 /* PostRowView.swift in Sources */,
				CE74689326605535007321FD /* AboutView.swift in Sources */,
				CE1E88772647484300E1245E /* PageViewController.swift in Sources */,
				FA0CB84C26671926009FE7A3 /* FeedTab.swift in Sources */,
				FA0CB848266716BE009FE7A3 /* Tab.swift in Sources */,
				FAA53893265D6C270050617F /* PodcastEpisodeView.swift in Sources */,
				FA7320E32672A55A0012C3EC /* RequestRetrySettings.swift in Sources */,
				CEEC39C9267C63B100697168 /* HTML.swift in Sources */,
				FAAAAC9F26869CC60052A658 /* ScheduleColumn.swift in Sources */,
				FAAAACA3268795580052A658 /* MultiPageView.swift in Sources */,
				CE965A07267FE658001515A2 /* DescriptionPage.swift in Sources */,
				FADE10112683AFB200712D27 /* CancelledRow.swift in Sources */,
				FAAE7DFE2669BB1600DE708A /* TabCreator.swift in Sources */,
				FA0CB84A26671810009FE7A3 /* HomeTab.swift in Sources */,
				FA73AA2D263E361E00B6C8B6 /* Post.swift in Sources */,
			);
			runOnlyForDeploymentPostprocessing = 0;
		};
/* End PBXSourcesBuildPhase section */

/* Begin PBXTargetDependency section */
		CE45BFDB267BFF63003D0C2B /* PBXTargetDependency */ = {
			isa = PBXTargetDependency;
			target = CEC03FAC263E354200FFCB45 /* CypressApp */;
			targetProxy = CE45BFDA267BFF63003D0C2B /* PBXContainerItemProxy */;
		};
/* End PBXTargetDependency section */

/* Begin XCBuildConfiguration section */
		CE45BFDD267BFF63003D0C2B /* Debug */ = {
			isa = XCBuildConfiguration;
			buildSettings = {
				BUNDLE_LOADER = "$(TEST_HOST)";
				CODE_SIGN_STYLE = Automatic;
				DEVELOPMENT_TEAM = 6ZFN3Y2T93;
				INFOPLIST_FILE = CypressTests/Info.plist;
				LD_RUNPATH_SEARCH_PATHS = (
					"$(inherited)",
					"@executable_path/Frameworks",
					"@loader_path/Frameworks",
				);
				PRODUCT_BUNDLE_IDENTIFIER = sequal.CypressTests;
				PRODUCT_NAME = "$(TARGET_NAME)";
				SWIFT_VERSION = 5.0;
				TARGETED_DEVICE_FAMILY = "1,2";
				TEST_HOST = "$(BUILT_PRODUCTS_DIR)/Cypress.app/Cypress";
			};
			name = Debug;
		};
		CE45BFDE267BFF63003D0C2B /* Release */ = {
			isa = XCBuildConfiguration;
			buildSettings = {
				BUNDLE_LOADER = "$(TEST_HOST)";
				CODE_SIGN_STYLE = Automatic;
				DEVELOPMENT_TEAM = 6ZFN3Y2T93;
				INFOPLIST_FILE = CypressTests/Info.plist;
				LD_RUNPATH_SEARCH_PATHS = (
					"$(inherited)",
					"@executable_path/Frameworks",
					"@loader_path/Frameworks",
				);
				PRODUCT_BUNDLE_IDENTIFIER = sequal.CypressTests;
				PRODUCT_NAME = "$(TARGET_NAME)";
				SWIFT_VERSION = 5.0;
				TARGETED_DEVICE_FAMILY = "1,2";
				TEST_HOST = "$(BUILT_PRODUCTS_DIR)/Cypress.app/Cypress";
			};
			name = Release;
		};
		CEC03FD0263E354400FFCB45 /* Debug */ = {
			isa = XCBuildConfiguration;
			buildSettings = {
				ALWAYS_SEARCH_USER_PATHS = NO;
				CLANG_ANALYZER_NONNULL = YES;
				CLANG_ANALYZER_NUMBER_OBJECT_CONVERSION = YES_AGGRESSIVE;
				CLANG_CXX_LANGUAGE_STANDARD = "gnu++14";
				CLANG_CXX_LIBRARY = "libc++";
				CLANG_ENABLE_MODULES = YES;
				CLANG_ENABLE_OBJC_ARC = YES;
				CLANG_ENABLE_OBJC_WEAK = YES;
				CLANG_WARN_BLOCK_CAPTURE_AUTORELEASING = YES;
				CLANG_WARN_BOOL_CONVERSION = YES;
				CLANG_WARN_COMMA = YES;
				CLANG_WARN_CONSTANT_CONVERSION = YES;
				CLANG_WARN_DEPRECATED_OBJC_IMPLEMENTATIONS = YES;
				CLANG_WARN_DIRECT_OBJC_ISA_USAGE = YES_ERROR;
				CLANG_WARN_DOCUMENTATION_COMMENTS = YES;
				CLANG_WARN_EMPTY_BODY = YES;
				CLANG_WARN_ENUM_CONVERSION = YES;
				CLANG_WARN_INFINITE_RECURSION = YES;
				CLANG_WARN_INT_CONVERSION = YES;
				CLANG_WARN_NON_LITERAL_NULL_CONVERSION = YES;
				CLANG_WARN_OBJC_IMPLICIT_RETAIN_SELF = YES;
				CLANG_WARN_OBJC_LITERAL_CONVERSION = YES;
				CLANG_WARN_OBJC_ROOT_CLASS = YES_ERROR;
				CLANG_WARN_QUOTED_INCLUDE_IN_FRAMEWORK_HEADER = YES;
				CLANG_WARN_RANGE_LOOP_ANALYSIS = YES;
				CLANG_WARN_STRICT_PROTOTYPES = YES;
				CLANG_WARN_SUSPICIOUS_MOVE = YES;
				CLANG_WARN_UNGUARDED_AVAILABILITY = YES_AGGRESSIVE;
				CLANG_WARN_UNREACHABLE_CODE = YES;
				CLANG_WARN__DUPLICATE_METHOD_MATCH = YES;
				COPY_PHASE_STRIP = NO;
				DEBUG_INFORMATION_FORMAT = dwarf;
				ENABLE_STRICT_OBJC_MSGSEND = YES;
				ENABLE_TESTABILITY = YES;
				GCC_C_LANGUAGE_STANDARD = gnu11;
				GCC_DYNAMIC_NO_PIC = NO;
				GCC_NO_COMMON_BLOCKS = YES;
				GCC_OPTIMIZATION_LEVEL = 0;
				GCC_PREPROCESSOR_DEFINITIONS = (
					"DEBUG=1",
					"$(inherited)",
				);
				GCC_WARN_64_TO_32_BIT_CONVERSION = YES;
				GCC_WARN_ABOUT_RETURN_TYPE = YES_ERROR;
				GCC_WARN_UNDECLARED_SELECTOR = YES;
				GCC_WARN_UNINITIALIZED_AUTOS = YES_AGGRESSIVE;
				GCC_WARN_UNUSED_FUNCTION = YES;
				GCC_WARN_UNUSED_VARIABLE = YES;
				IPHONEOS_DEPLOYMENT_TARGET = 14.4;
				MTL_ENABLE_DEBUG_INFO = INCLUDE_SOURCE;
				MTL_FAST_MATH = YES;
				ONLY_ACTIVE_ARCH = YES;
				SDKROOT = iphoneos;
				SWIFT_ACTIVE_COMPILATION_CONDITIONS = DEBUG;
				SWIFT_OPTIMIZATION_LEVEL = "-Onone";
			};
			name = Debug;
		};
		CEC03FD1263E354400FFCB45 /* Release */ = {
			isa = XCBuildConfiguration;
			buildSettings = {
				ALWAYS_SEARCH_USER_PATHS = NO;
				CLANG_ANALYZER_NONNULL = YES;
				CLANG_ANALYZER_NUMBER_OBJECT_CONVERSION = YES_AGGRESSIVE;
				CLANG_CXX_LANGUAGE_STANDARD = "gnu++14";
				CLANG_CXX_LIBRARY = "libc++";
				CLANG_ENABLE_MODULES = YES;
				CLANG_ENABLE_OBJC_ARC = YES;
				CLANG_ENABLE_OBJC_WEAK = YES;
				CLANG_WARN_BLOCK_CAPTURE_AUTORELEASING = YES;
				CLANG_WARN_BOOL_CONVERSION = YES;
				CLANG_WARN_COMMA = YES;
				CLANG_WARN_CONSTANT_CONVERSION = YES;
				CLANG_WARN_DEPRECATED_OBJC_IMPLEMENTATIONS = YES;
				CLANG_WARN_DIRECT_OBJC_ISA_USAGE = YES_ERROR;
				CLANG_WARN_DOCUMENTATION_COMMENTS = YES;
				CLANG_WARN_EMPTY_BODY = YES;
				CLANG_WARN_ENUM_CONVERSION = YES;
				CLANG_WARN_INFINITE_RECURSION = YES;
				CLANG_WARN_INT_CONVERSION = YES;
				CLANG_WARN_NON_LITERAL_NULL_CONVERSION = YES;
				CLANG_WARN_OBJC_IMPLICIT_RETAIN_SELF = YES;
				CLANG_WARN_OBJC_LITERAL_CONVERSION = YES;
				CLANG_WARN_OBJC_ROOT_CLASS = YES_ERROR;
				CLANG_WARN_QUOTED_INCLUDE_IN_FRAMEWORK_HEADER = YES;
				CLANG_WARN_RANGE_LOOP_ANALYSIS = YES;
				CLANG_WARN_STRICT_PROTOTYPES = YES;
				CLANG_WARN_SUSPICIOUS_MOVE = YES;
				CLANG_WARN_UNGUARDED_AVAILABILITY = YES_AGGRESSIVE;
				CLANG_WARN_UNREACHABLE_CODE = YES;
				CLANG_WARN__DUPLICATE_METHOD_MATCH = YES;
				COPY_PHASE_STRIP = NO;
				DEBUG_INFORMATION_FORMAT = "dwarf-with-dsym";
				ENABLE_NS_ASSERTIONS = NO;
				ENABLE_STRICT_OBJC_MSGSEND = YES;
				GCC_C_LANGUAGE_STANDARD = gnu11;
				GCC_NO_COMMON_BLOCKS = YES;
				GCC_WARN_64_TO_32_BIT_CONVERSION = YES;
				GCC_WARN_ABOUT_RETURN_TYPE = YES_ERROR;
				GCC_WARN_UNDECLARED_SELECTOR = YES;
				GCC_WARN_UNINITIALIZED_AUTOS = YES_AGGRESSIVE;
				GCC_WARN_UNUSED_FUNCTION = YES;
				GCC_WARN_UNUSED_VARIABLE = YES;
				IPHONEOS_DEPLOYMENT_TARGET = 14.4;
				MTL_ENABLE_DEBUG_INFO = NO;
				MTL_FAST_MATH = YES;
				SDKROOT = iphoneos;
				SWIFT_COMPILATION_MODE = wholemodule;
				SWIFT_OPTIMIZATION_LEVEL = "-O";
				VALIDATE_PRODUCT = YES;
			};
			name = Release;
		};
		CEC03FD3263E354400FFCB45 /* Debug */ = {
			isa = XCBuildConfiguration;
			buildSettings = {
				ASSETCATALOG_COMPILER_APPICON_NAME = AppIcon;
				ASSETCATALOG_COMPILER_GLOBAL_ACCENT_COLOR_NAME = AccentColor;
				CODE_SIGN_IDENTITY = "Apple Development";
				CODE_SIGN_STYLE = Automatic;
				DEVELOPMENT_ASSET_PATHS = "\"CypressApp/Preview Content\"";
				DEVELOPMENT_TEAM = 9LZB553FST;
				ENABLE_PREVIEWS = YES;
				INFOPLIST_FILE = CypressApp/Info.plist;
				IPHONEOS_DEPLOYMENT_TARGET = 14.0;
				LD_RUNPATH_SEARCH_PATHS = (
					"$(inherited)",
					"@executable_path/Frameworks",
				);
				PRODUCT_BUNDLE_IDENTIFIER = org.siracusafamily.cypress.app;
				PRODUCT_NAME = Cypress;
				PROVISIONING_PROFILE_SPECIFIER = "";
				SWIFT_VERSION = 5.0;
				TARGETED_DEVICE_FAMILY = "1,2";
			};
			name = Debug;
		};
		CEC03FD4263E354400FFCB45 /* Release */ = {
			isa = XCBuildConfiguration;
			buildSettings = {
				ASSETCATALOG_COMPILER_APPICON_NAME = AppIcon;
				ASSETCATALOG_COMPILER_GLOBAL_ACCENT_COLOR_NAME = AccentColor;
				CODE_SIGN_IDENTITY = "Apple Development";
				CODE_SIGN_STYLE = Automatic;
				DEVELOPMENT_ASSET_PATHS = "\"CypressApp/Preview Content\"";
				DEVELOPMENT_TEAM = 9LZB553FST;
				ENABLE_PREVIEWS = YES;
				INFOPLIST_FILE = CypressApp/Info.plist;
				IPHONEOS_DEPLOYMENT_TARGET = 14.0;
				LD_RUNPATH_SEARCH_PATHS = (
					"$(inherited)",
					"@executable_path/Frameworks",
				);
				PRODUCT_BUNDLE_IDENTIFIER = org.siracusafamily.cypress.app;
				PRODUCT_NAME = Cypress;
				PROVISIONING_PROFILE_SPECIFIER = "";
				SWIFT_VERSION = 5.0;
				TARGETED_DEVICE_FAMILY = "1,2";
			};
			name = Release;
		};
/* End XCBuildConfiguration section */

/* Begin XCConfigurationList section */
		CE45BFDC267BFF63003D0C2B /* Build configuration list for PBXNativeTarget "CypressTests" */ = {
			isa = XCConfigurationList;
			buildConfigurations = (
				CE45BFDD267BFF63003D0C2B /* Debug */,
				CE45BFDE267BFF63003D0C2B /* Release */,
			);
			defaultConfigurationIsVisible = 0;
			defaultConfigurationName = Release;
		};
		CEC03FA8263E354200FFCB45 /* Build configuration list for PBXProject "CypressApp" */ = {
			isa = XCConfigurationList;
			buildConfigurations = (
				CEC03FD0263E354400FFCB45 /* Debug */,
				CEC03FD1263E354400FFCB45 /* Release */,
			);
			defaultConfigurationIsVisible = 0;
			defaultConfigurationName = Release;
		};
		CEC03FD2263E354400FFCB45 /* Build configuration list for PBXNativeTarget "CypressApp" */ = {
			isa = XCConfigurationList;
			buildConfigurations = (
				CEC03FD3263E354400FFCB45 /* Debug */,
				CEC03FD4263E354400FFCB45 /* Release */,
			);
			defaultConfigurationIsVisible = 0;
			defaultConfigurationName = Release;
		};
/* End XCConfigurationList section */

/* Begin XCRemoteSwiftPackageReference section */
		CE073A46266C4B650030DB1A /* XCRemoteSwiftPackageReference "Nuke" */ = {
			isa = XCRemoteSwiftPackageReference;
			repositoryURL = "https://github.com/kean/Nuke.git";
			requirement = {
				kind = upToNextMajorVersion;
				minimumVersion = 10.1.0;
			};
		};
		CE126FBE267BEBC6001ABBB1 /* XCRemoteSwiftPackageReference "SwiftSoup" */ = {
			isa = XCRemoteSwiftPackageReference;
			repositoryURL = "https://github.com/scinfu/SwiftSoup.git";
			requirement = {
				kind = upToNextMajorVersion;
				minimumVersion = 2.3.2;
			};
		};
		CE4D2D4126489C6500C243CC /* XCRemoteSwiftPackageReference "LoaderUI" */ = {
			isa = XCRemoteSwiftPackageReference;
			repositoryURL = "https://github.com/ninjaprox/LoaderUI";
			requirement = {
				kind = upToNextMajorVersion;
				minimumVersion = 0.1.0;
			};
		};
		CE6442B2267FA152002FFFEC /* XCRemoteSwiftPackageReference "SwiftUIPager" */ = {
			isa = XCRemoteSwiftPackageReference;
			repositoryURL = "https://github.com/fermoya/SwiftUIPager.git";
			requirement = {
				kind = upToNextMajorVersion;
				minimumVersion = 2.3.0;
			};
		};
		CED8EB1F265CBD7C002922A3 /* XCRemoteSwiftPackageReference "SwiftDate" */ = {
			isa = XCRemoteSwiftPackageReference;
			repositoryURL = "https://github.com/malcommac/SwiftDate";
			requirement = {
				kind = upToNextMajorVersion;
				minimumVersion = 6.3.1;
			};
		};
		FA5068D2267043C100E0BBAE /* XCRemoteSwiftPackageReference "Alamofire" */ = {
			isa = XCRemoteSwiftPackageReference;
			repositoryURL = "https://github.com/Alamofire/Alamofire.git";
			requirement = {
				kind = upToNextMajorVersion;
				minimumVersion = 5.4.3;
			};
		};
		FA5068D5267043E000E0BBAE /* XCRemoteSwiftPackageReference "FeedKit" */ = {
			isa = XCRemoteSwiftPackageReference;
			repositoryURL = "https://github.com/nmdias/FeedKit.git";
			requirement = {
				kind = upToNextMajorVersion;
				minimumVersion = 9.1.2;
			};
		};
		FA65B42C268E189200AE3704 /* XCRemoteSwiftPackageReference "Disk" */ = {
			isa = XCRemoteSwiftPackageReference;
			repositoryURL = "https://github.com/Sequal32/Disk";
			requirement = {
				kind = upToNextMajorVersion;
				minimumVersion = 0.6.4;
			};
		};
		FA65B47D268FE78400AE3704 /* XCRemoteSwiftPackageReference "PromiseKit" */ = {
			isa = XCRemoteSwiftPackageReference;
			repositoryURL = "https://github.com/mxcl/PromiseKit";
			requirement = {
				kind = upToNextMajorVersion;
				minimumVersion = 6.15.3;
			};
		};
/* End XCRemoteSwiftPackageReference section */

/* Begin XCSwiftPackageProductDependency section */
		CE073A47266C4B650030DB1A /* Nuke */ = {
			isa = XCSwiftPackageProductDependency;
			package = CE073A46266C4B650030DB1A /* XCRemoteSwiftPackageReference "Nuke" */;
			productName = Nuke;
		};
		CE126FBF267BEBC6001ABBB1 /* SwiftSoup */ = {
			isa = XCSwiftPackageProductDependency;
			package = CE126FBE267BEBC6001ABBB1 /* XCRemoteSwiftPackageReference "SwiftSoup" */;
			productName = SwiftSoup;
		};
		CE4D2D4226489C6500C243CC /* LoaderUI */ = {
			isa = XCSwiftPackageProductDependency;
			package = CE4D2D4126489C6500C243CC /* XCRemoteSwiftPackageReference "LoaderUI" */;
			productName = LoaderUI;
		};
		CE6442B3267FA152002FFFEC /* SwiftUIPager */ = {
			isa = XCSwiftPackageProductDependency;
			package = CE6442B2267FA152002FFFEC /* XCRemoteSwiftPackageReference "SwiftUIPager" */;
			productName = SwiftUIPager;
		};
		CED8EB20265CBD7C002922A3 /* SwiftDate */ = {
			isa = XCSwiftPackageProductDependency;
			package = CED8EB1F265CBD7C002922A3 /* XCRemoteSwiftPackageReference "SwiftDate" */;
			productName = SwiftDate;
		};
		FA5068D3267043C100E0BBAE /* Alamofire */ = {
			isa = XCSwiftPackageProductDependency;
			package = FA5068D2267043C100E0BBAE /* XCRemoteSwiftPackageReference "Alamofire" */;
			productName = Alamofire;
		};
		FA5068D6267043E000E0BBAE /* FeedKit */ = {
			isa = XCSwiftPackageProductDependency;
			package = FA5068D5267043E000E0BBAE /* XCRemoteSwiftPackageReference "FeedKit" */;
			productName = FeedKit;
		};
		FA65B42D268E189200AE3704 /* Disk */ = {
			isa = XCSwiftPackageProductDependency;
			package = FA65B42C268E189200AE3704 /* XCRemoteSwiftPackageReference "Disk" */;
			productName = Disk;
		};
		FA65B47E268FE78400AE3704 /* PromiseKit */ = {
			isa = XCSwiftPackageProductDependency;
			package = FA65B47D268FE78400AE3704 /* XCRemoteSwiftPackageReference "PromiseKit" */;
			productName = PromiseKit;
		};
/* End XCSwiftPackageProductDependency section */

/* Begin XCVersionGroup section */
		FAAAACAB2687F5D00052A658 /* CypressApp.xcdatamodeld */ = {
			isa = XCVersionGroup;
			children = (
				FAAAACAC2687F5D00052A658 /* CypressApp.xcdatamodel */,
			);
			currentVersion = FAAAACAC2687F5D00052A658 /* CypressApp.xcdatamodel */;
			path = CypressApp.xcdatamodeld;
			sourceTree = "<group>";
			versionGroupType = wrapper.xcdatamodel;
		};
/* End XCVersionGroup section */
	};
	rootObject = CEC03FA5263E354200FFCB45 /* Project object */;
}
