// !$*UTF8*$!
{
	archiveVersion = 1;
	classes = {
	};
	objectVersion = 52;
	objects = {

/* Begin PBXBuildFile section */
		CE073A48266C4B650030DB1A /* Nuke in Frameworks */ = {isa = PBXBuildFile; productRef = CE073A47266C4B650030DB1A /* Nuke */; };
		CE126FC0267BEBC6001ABBB1 /* SwiftSoup in Frameworks */ = {isa = PBXBuildFile; productRef = CE126FBF267BEBC6001ABBB1 /* SwiftSoup */; };
		CE126FC5267BEBEE001ABBB1 /* ExtractArticle.swift in Sources */ = {isa = PBXBuildFile; fileRef = CE126FC4267BEBEE001ABBB1 /* ExtractArticle.swift */; };
		CE1A36B826B5F11700353588 /* CachingRequest.swift in Sources */ = {isa = PBXBuildFile; fileRef = CE1A36B726B5F11700353588 /* CachingRequest.swift */; };
		CE1E88872647561600E1245E /* ImageView.swift in Sources */ = {isa = PBXBuildFile; fileRef = CE1E88862647561600E1245E /* ImageView.swift */; };
		CE20C60126A7980D0019EFE3 /* DateTests.swift in Sources */ = {isa = PBXBuildFile; fileRef = CE20C60026A7980D0019EFE3 /* DateTests.swift */; };
		CE2C6138265E5C7E003E32E6 /* ScheduleView.swift in Sources */ = {isa = PBXBuildFile; fileRef = CE2C6137265E5C7E003E32E6 /* ScheduleView.swift */; };
		CE45BFD8267BFF63003D0C2B /* DenebolaTests.swift in Sources */ = {isa = PBXBuildFile; fileRef = CE45BFD7267BFF63003D0C2B /* DenebolaTests.swift */; };
		CE4D2D4326489C6500C243CC /* LoaderUI in Frameworks */ = {isa = PBXBuildFile; productRef = CE4D2D4226489C6500C243CC /* LoaderUI */; };
		CE6442B4267FA152002FFFEC /* SwiftUIPager in Frameworks */ = {isa = PBXBuildFile; productRef = CE6442B3267FA152002FFFEC /* SwiftUIPager */; };
		CE7788B72690E10500942A71 /* Introspect in Frameworks */ = {isa = PBXBuildFile; productRef = CE7788B62690E10500942A71 /* Introspect */; };
		CE7788B92690E1DD00942A71 /* ViewManager.swift in Sources */ = {isa = PBXBuildFile; fileRef = CE7788B82690E1DD00942A71 /* ViewManager.swift */; };
		CE7C3D1826DA6FD200DCB647 /* PullRefresh.swift in Sources */ = {isa = PBXBuildFile; fileRef = CE7C3D1726DA6FD200DCB647 /* PullRefresh.swift */; };
		CE87B3EE264CCE8A009CAF44 /* Support.swift in Sources */ = {isa = PBXBuildFile; fileRef = CE87B3ED264CCE8A009CAF44 /* Support.swift */; };
		CE9BD098265CC9AB00231689 /* SocialView.swift in Sources */ = {isa = PBXBuildFile; fileRef = CE9BD097265CC9AB00231689 /* SocialView.swift */; };
		CEADD43826DA88A100D689EC /* PageLoader.swift in Sources */ = {isa = PBXBuildFile; fileRef = CEADD43726DA88A100D689EC /* PageLoader.swift */; };
		CEADD43A26DA8E9400D689EC /* WordpressLoaders.swift in Sources */ = {isa = PBXBuildFile; fileRef = CEADD43926DA8E9400D689EC /* WordpressLoaders.swift */; };
		CEADD43C26DA923500D689EC /* IncrementalLoader.swift in Sources */ = {isa = PBXBuildFile; fileRef = CEADD43B26DA923500D689EC /* IncrementalLoader.swift */; };
		CEAE3E2D2648CA2F0066C825 /* Extensions.swift in Sources */ = {isa = PBXBuildFile; fileRef = CEAE3E2C2648CA2F0066C825 /* Extensions.swift */; };
		CEAE3E352648CAC50066C825 /* DefaultViews.swift in Sources */ = {isa = PBXBuildFile; fileRef = CEAE3E342648CAC50066C825 /* DefaultViews.swift */; };
		CEAE3E3D2648D0CC0066C825 /* WebView.swift in Sources */ = {isa = PBXBuildFile; fileRef = CEAE3E3C2648D0CC0066C825 /* WebView.swift */; };
		CEC03FB1263E354200FFCB45 /* DenebolaApp.swift in Sources */ = {isa = PBXBuildFile; fileRef = CEC03FB0263E354200FFCB45 /* DenebolaApp.swift */; };
		CEC03FB3263E354200FFCB45 /* ContentView.swift in Sources */ = {isa = PBXBuildFile; fileRef = CEC03FB2263E354200FFCB45 /* ContentView.swift */; };
		CEC03FB5263E354400FFCB45 /* Assets.xcassets in Resources */ = {isa = PBXBuildFile; fileRef = CEC03FB4263E354400FFCB45 /* Assets.xcassets */; };
		CEC03FB8263E354400FFCB45 /* Preview Assets.xcassets in Resources */ = {isa = PBXBuildFile; fileRef = CEC03FB7263E354400FFCB45 /* Preview Assets.xcassets */; };
		CED8EB21265CBD7C002922A3 /* SwiftDate in Frameworks */ = {isa = PBXBuildFile; productRef = CED8EB20265CBD7C002922A3 /* SwiftDate */; };
		CEEC39C9267C63B100697168 /* HTML.swift in Sources */ = {isa = PBXBuildFile; fileRef = CEEC39C8267C63B100697168 /* HTML.swift */; };
		CEF7C514267C0FC400ADE6DB /* PostContentView.swift in Sources */ = {isa = PBXBuildFile; fileRef = CEF7C513267C0FC400ADE6DB /* PostContentView.swift */; };
		CEF7C518267C0FDF00ADE6DB /* ContentRenderer.swift in Sources */ = {isa = PBXBuildFile; fileRef = CEF7C517267C0FDF00ADE6DB /* ContentRenderer.swift */; };
		CEFE4E7B26562EF2005A2DD4 /* ModelData.swift in Sources */ = {isa = PBXBuildFile; fileRef = CEFE4E7A26562EF2005A2DD4 /* ModelData.swift */; };
		FA03D1B626719D24005A760F /* WordpressCodable.swift in Sources */ = {isa = PBXBuildFile; fileRef = FA03D1B526719D24005A760F /* WordpressCodable.swift */; };
		FA03D1B826719D72005A760F /* WordpressAPI.swift in Sources */ = {isa = PBXBuildFile; fileRef = FA03D1B726719D72005A760F /* WordpressAPI.swift */; };
		FA0CB8422664320A009FE7A3 /* PodcastEpisode.swift in Sources */ = {isa = PBXBuildFile; fileRef = FA0CB8412664320A009FE7A3 /* PodcastEpisode.swift */; };
		FA0CB848266716BE009FE7A3 /* Tab.swift in Sources */ = {isa = PBXBuildFile; fileRef = FA0CB847266716BE009FE7A3 /* Tab.swift */; };
		FA0CB84A26671810009FE7A3 /* HomeTab.swift in Sources */ = {isa = PBXBuildFile; fileRef = FA0CB84926671810009FE7A3 /* HomeTab.swift */; };
		FA0CB84C26671926009FE7A3 /* FeedTab.swift in Sources */ = {isa = PBXBuildFile; fileRef = FA0CB84B26671926009FE7A3 /* FeedTab.swift */; };
		FA0CB85026671989009FE7A3 /* PodcastTab.swift in Sources */ = {isa = PBXBuildFile; fileRef = FA0CB84F26671989009FE7A3 /* PodcastTab.swift */; };
		FA0CB852266719BA009FE7A3 /* SocialTab.swift in Sources */ = {isa = PBXBuildFile; fileRef = FA0CB851266719BA009FE7A3 /* SocialTab.swift */; };
		FA0CB85A2667302E009FE7A3 /* TabManager.swift in Sources */ = {isa = PBXBuildFile; fileRef = FA0CB8592667302E009FE7A3 /* TabManager.swift */; };
		FA17F8DE2659DCB1008471BD /* SearchRow.swift in Sources */ = {isa = PBXBuildFile; fileRef = FA17F8DD2659DCB1008471BD /* SearchRow.swift */; };
		FA17F8E02659DCEC008471BD /* SearchView.swift in Sources */ = {isa = PBXBuildFile; fileRef = FA17F8DF2659DCEC008471BD /* SearchView.swift */; };
		FA17F8E22659DFCD008471BD /* SearchResults.swift in Sources */ = {isa = PBXBuildFile; fileRef = FA17F8E12659DFCD008471BD /* SearchResults.swift */; };
		FA17F8E42659E567008471BD /* SearchBar.swift in Sources */ = {isa = PBXBuildFile; fileRef = FA17F8E32659E567008471BD /* SearchBar.swift */; };
		FA17F8E8265B3473008471BD /* EpisodeRow.swift in Sources */ = {isa = PBXBuildFile; fileRef = FA17F8E7265B3473008471BD /* EpisodeRow.swift */; };
		FA1E4C32269E388E00EC955B /* MiniPlayer.swift in Sources */ = {isa = PBXBuildFile; fileRef = FA1E4C31269E388E00EC955B /* MiniPlayer.swift */; };
		FA1E4C34269E38A500EC955B /* Blur.swift in Sources */ = {isa = PBXBuildFile; fileRef = FA1E4C33269E38A500EC955B /* Blur.swift */; };
		FA1E4C36269E4C5C00EC955B /* AirPlayButton.swift in Sources */ = {isa = PBXBuildFile; fileRef = FA1E4C35269E4C5C00EC955B /* AirPlayButton.swift */; };
		FA1E4C38269E4F4400EC955B /* EpisodeDescription.swift in Sources */ = {isa = PBXBuildFile; fileRef = FA1E4C37269E4F4400EC955B /* EpisodeDescription.swift */; };
		FA28B64F269556E10059C30B /* LoadingWeekIndicator.swift in Sources */ = {isa = PBXBuildFile; fileRef = FA28B64E269556E10059C30B /* LoadingWeekIndicator.swift */; };
		FA309EA326AF4172007220EE /* SettingsView.swift in Sources */ = {isa = PBXBuildFile; fileRef = FA309EA226AF4172007220EE /* SettingsView.swift */; };
		FA309EA526AF45BC007220EE /* SchoolSelector.swift in Sources */ = {isa = PBXBuildFile; fileRef = FA309EA426AF45BC007220EE /* SchoolSelector.swift */; };
		FA309EA726AF4D35007220EE /* SettingsRow.swift in Sources */ = {isa = PBXBuildFile; fileRef = FA309EA626AF4D35007220EE /* SettingsRow.swift */; };
		FA32E90226925AA700E38F31 /* WeekBlock.swift in Sources */ = {isa = PBXBuildFile; fileRef = FA32E90126925AA700E38F31 /* WeekBlock.swift */; };
		FA32E90426925C4000E38F31 /* WeekIndicator.swift in Sources */ = {isa = PBXBuildFile; fileRef = FA32E90326925C4000E38F31 /* WeekIndicator.swift */; };
		FA3A94C926A1367800CEFA08 /* LongText.swift in Sources */ = {isa = PBXBuildFile; fileRef = FA3A94C826A1367800CEFA08 /* LongText.swift */; };
		FA3FC66826BB172B00908674 /* ScheduleBlockView.swift in Sources */ = {isa = PBXBuildFile; fileRef = FA3FC66726BB172B00908674 /* ScheduleBlockView.swift */; };
		FA4B7364264E335200516AC6 /* PlayerObject.swift in Sources */ = {isa = PBXBuildFile; fileRef = FA4B7363264E335200516AC6 /* PlayerObject.swift */; };
		FA5068D4267043C100E0BBAE /* Alamofire in Frameworks */ = {isa = PBXBuildFile; productRef = FA5068D3267043C100E0BBAE /* Alamofire */; };
		FA5068D7267043E000E0BBAE /* FeedKit in Frameworks */ = {isa = PBXBuildFile; productRef = FA5068D6267043E000E0BBAE /* FeedKit */; };
		FA56AA43263F080900B6D838 /* ViewController.swift in Sources */ = {isa = PBXBuildFile; fileRef = FA56AA42263F080900B6D838 /* ViewController.swift */; };
		FA56AA46263F0B2300B6D838 /* CategoriesView.swift in Sources */ = {isa = PBXBuildFile; fileRef = FA56AA45263F0B2300B6D838 /* CategoriesView.swift */; };
		FA56AA4A263F0B5100B6D838 /* HomeView.swift in Sources */ = {isa = PBXBuildFile; fileRef = FA56AA49263F0B5100B6D838 /* HomeView.swift */; };
		FA56AA4C263F0B5A00B6D838 /* PodcastView.swift in Sources */ = {isa = PBXBuildFile; fileRef = FA56AA4B263F0B5A00B6D838 /* PodcastView.swift */; };
		FA56AA5C263F246000B6D838 /* PostRowView.swift in Sources */ = {isa = PBXBuildFile; fileRef = FA56AA5B263F246000B6D838 /* PostRowView.swift */; };
		FA56AA62263F2FD200B6D838 /* PostFeed.swift in Sources */ = {isa = PBXBuildFile; fileRef = FA56AA61263F2FD200B6D838 /* PostFeed.swift */; };
		FA56AA64263F3F1A00B6D838 /* SamplePost.swift in Sources */ = {isa = PBXBuildFile; fileRef = FA56AA63263F3F1A00B6D838 /* SamplePost.swift */; };
		FA56AA6E263FA12200B6D838 /* LoadingPostRowView.swift in Sources */ = {isa = PBXBuildFile; fileRef = FA56AA6D263FA12200B6D838 /* LoadingPostRowView.swift */; };
		FA5D35AB266B221A003B8D2F /* SiteLogo.swift in Sources */ = {isa = PBXBuildFile; fileRef = FA5D35AA266B221A003B8D2F /* SiteLogo.swift */; };
		FA5D35AD266B29E4003B8D2F /* Logo.swift in Sources */ = {isa = PBXBuildFile; fileRef = FA5D35AC266B29E4003B8D2F /* Logo.swift */; };
		FA5D35AF266BD982003B8D2F /* SiteBanner.swift in Sources */ = {isa = PBXBuildFile; fileRef = FA5D35AE266BD982003B8D2F /* SiteBanner.swift */; };
		FA6526422658AB9C0043FDBA /* CategoryView.swift in Sources */ = {isa = PBXBuildFile; fileRef = FA6526412658AB9C0043FDBA /* CategoryView.swift */; };
		FA6526442658AEFC0043FDBA /* CategoryBanner.swift in Sources */ = {isa = PBXBuildFile; fileRef = FA6526432658AEFC0043FDBA /* CategoryBanner.swift */; };
		FA65B42E268E189200AE3704 /* Disk in Frameworks */ = {isa = PBXBuildFile; productRef = FA65B42D268E189200AE3704 /* Disk */; };
		FA65B46F268E968900AE3704 /* FullBlock.swift in Sources */ = {isa = PBXBuildFile; fileRef = FA65B46E268E968900AE3704 /* FullBlock.swift */; };
		FA65B471268EA85F00AE3704 /* ModelLoading.swift in Sources */ = {isa = PBXBuildFile; fileRef = FA65B470268EA85F00AE3704 /* ModelLoading.swift */; };
		FA65B475268EC32E00AE3704 /* ModelSaving.swift in Sources */ = {isa = PBXBuildFile; fileRef = FA65B474268EC32E00AE3704 /* ModelSaving.swift */; };
		FA65B478268F900D00AE3704 /* FullBlockView.swift in Sources */ = {isa = PBXBuildFile; fileRef = FA65B477268F900D00AE3704 /* FullBlockView.swift */; };
		FA65B47A268F936500AE3704 /* LargeFullBlockView.swift in Sources */ = {isa = PBXBuildFile; fileRef = FA65B479268F936500AE3704 /* LargeFullBlockView.swift */; };
		FA65B47F268FE78400AE3704 /* PromiseKit in Frameworks */ = {isa = PBXBuildFile; productRef = FA65B47E268FE78400AE3704 /* PromiseKit */; };
		FA7320E32672A55A0012C3EC /* RequestRetrySettings.swift in Sources */ = {isa = PBXBuildFile; fileRef = FA7320E22672A55A0012C3EC /* RequestRetrySettings.swift */; };
		FA7320E72674278A0012C3EC /* RSSLoader.swift in Sources */ = {isa = PBXBuildFile; fileRef = FA7320E62674278A0012C3EC /* RSSLoader.swift */; };
		FA7320EB267438F00012C3EC /* PodcastDetailView.swift in Sources */ = {isa = PBXBuildFile; fileRef = FA7320EA267438F00012C3EC /* PodcastDetailView.swift */; };
		FA73AA2B263E361E00B6C8B6 /* Media.swift in Sources */ = {isa = PBXBuildFile; fileRef = FA73AA27263E361E00B6C8B6 /* Media.swift */; };
		FA73AA2C263E361E00B6C8B6 /* Category.swift in Sources */ = {isa = PBXBuildFile; fileRef = FA73AA28263E361E00B6C8B6 /* Category.swift */; };
		FA73AA2D263E361E00B6C8B6 /* Post.swift in Sources */ = {isa = PBXBuildFile; fileRef = FA73AA29263E361E00B6C8B6 /* Post.swift */; };
		FA73AA30263E363600B6C8B6 /* PostView.swift in Sources */ = {isa = PBXBuildFile; fileRef = FA73AA2F263E363600B6C8B6 /* PostView.swift */; };
		FA7AF39D26EAF5D1008EB090 /* LaunchScreen.swift in Sources */ = {isa = PBXBuildFile; fileRef = FA7AF39C26EAF5D1008EB090 /* LaunchScreen.swift */; };
		FA879659269FB85F00C6E9BF /* PopupView.swift in Sources */ = {isa = PBXBuildFile; fileRef = FA879658269FB85F00C6E9BF /* PopupView.swift */; };
		FAA25CDB26B1B17A0082AD44 /* WordpressPicker.swift in Sources */ = {isa = PBXBuildFile; fileRef = FAA25CDA26B1B17A0082AD44 /* WordpressPicker.swift */; };
		FAA25CDD26B341310082AD44 /* SettingsTab.swift in Sources */ = {isa = PBXBuildFile; fileRef = FAA25CDC26B341300082AD44 /* SettingsTab.swift */; };
		FAA25CE126B34DFE0082AD44 /* SettingsIcons.swift in Sources */ = {isa = PBXBuildFile; fileRef = FAA25CE026B34DFE0082AD44 /* SettingsIcons.swift */; };
		FAA25CE426B35F1D0082AD44 /* SchoolList.swift in Sources */ = {isa = PBXBuildFile; fileRef = FAA25CE326B35F1D0082AD44 /* SchoolList.swift */; };
		FAA25CE826B364F20082AD44 /* SchoolRow.swift in Sources */ = {isa = PBXBuildFile; fileRef = FAA25CE726B364F20082AD44 /* SchoolRow.swift */; };
		FAA25CEA26B376D30082AD44 /* SettingsRowNav.swift in Sources */ = {isa = PBXBuildFile; fileRef = FAA25CE926B376D30082AD44 /* SettingsRowNav.swift */; };
		FAA25CEC26B377CC0082AD44 /* SettingsRowAlert.swift in Sources */ = {isa = PBXBuildFile; fileRef = FAA25CEB26B377CC0082AD44 /* SettingsRowAlert.swift */; };
		FAA7D2F6267E714300E8FFEC /* Absence.swift in Sources */ = {isa = PBXBuildFile; fileRef = FAA7D2F5267E714300E8FFEC /* Absence.swift */; };
		FAA7D2F8267E742B00E8FFEC /* ServerAPITests.swift in Sources */ = {isa = PBXBuildFile; fileRef = FAA7D2F7267E742B00E8FFEC /* ServerAPITests.swift */; };
		FAA7D2FA267E762400E8FFEC /* BlockData.swift in Sources */ = {isa = PBXBuildFile; fileRef = FAA7D2F9267E762400E8FFEC /* BlockData.swift */; };
		FAA7D2FC267E775200E8FFEC /* Week.swift in Sources */ = {isa = PBXBuildFile; fileRef = FAA7D2FB267E775200E8FFEC /* Week.swift */; };
		FAAAAC9F26869CC60052A658 /* ScheduleColumn.swift in Sources */ = {isa = PBXBuildFile; fileRef = FAAAAC9E26869CC60052A658 /* ScheduleColumn.swift */; };
		FAAAACA12686AFBD0052A658 /* BlockView.swift in Sources */ = {isa = PBXBuildFile; fileRef = FAAAACA02686AFBD0052A658 /* BlockView.swift */; };
		FAAAACA5268796900052A658 /* SchedulePageView.swift in Sources */ = {isa = PBXBuildFile; fileRef = FAAAACA4268796900052A658 /* SchedulePageView.swift */; };
		FAAAACA72687F1330052A658 /* ScheduleSettings.swift in Sources */ = {isa = PBXBuildFile; fileRef = FAAAACA62687F1330052A658 /* ScheduleSettings.swift */; };
		FAAE7DF82669B3E200DE708A /* SchoolConfig.swift in Sources */ = {isa = PBXBuildFile; fileRef = FAAE7DF72669B3E200DE708A /* SchoolConfig.swift */; };
		FAAE7DFC2669B44F00DE708A /* ServerAPI.swift in Sources */ = {isa = PBXBuildFile; fileRef = FAAE7DFB2669B44F00DE708A /* ServerAPI.swift */; };
		FAAE7DFE2669BB1600DE708A /* TabCreator.swift in Sources */ = {isa = PBXBuildFile; fileRef = FAAE7DFD2669BB1600DE708A /* TabCreator.swift */; };
		FABBE21A269D03C300DD20C5 /* DateDecoders.swift in Sources */ = {isa = PBXBuildFile; fileRef = FABBE219269D03C300DD20C5 /* DateDecoders.swift */; };
		FACDFEDB26B4BD8400761D17 /* PodcastSection.swift in Sources */ = {isa = PBXBuildFile; fileRef = FACDFEDA26B4BD8400761D17 /* PodcastSection.swift */; };
		FACDFEDD26B4BF5600761D17 /* LoadingPodcastRow.swift in Sources */ = {isa = PBXBuildFile; fileRef = FACDFEDC26B4BF5600761D17 /* LoadingPodcastRow.swift */; };
		FACDFEDF26B4C17D00761D17 /* LoadingPodcastDetailView.swift in Sources */ = {isa = PBXBuildFile; fileRef = FACDFEDE26B4C17D00761D17 /* LoadingPodcastDetailView.swift */; };
		FACDFEE126B4D09400761D17 /* SmallEpisodeRow.swift in Sources */ = {isa = PBXBuildFile; fileRef = FACDFEE026B4D09400761D17 /* SmallEpisodeRow.swift */; };
		FACDFEE326B4D89A00761D17 /* LoadingSmallEpisodeRow.swift in Sources */ = {isa = PBXBuildFile; fileRef = FACDFEE226B4D89A00761D17 /* LoadingSmallEpisodeRow.swift */; };
		FAD43D81268A28AD00F04FE9 /* BlockEditor.swift in Sources */ = {isa = PBXBuildFile; fileRef = FAD43D80268A28AD00F04FE9 /* BlockEditor.swift */; };
		FAD43D83268A34BE00F04FE9 /* PropertyEditor.swift in Sources */ = {isa = PBXBuildFile; fileRef = FAD43D82268A34BE00F04FE9 /* PropertyEditor.swift */; };
		FAD43D8C268ACA7900F04FE9 /* DayDetailView.swift in Sources */ = {isa = PBXBuildFile; fileRef = FAD43D8B268ACA7900F04FE9 /* DayDetailView.swift */; };
		FAD43D8E268ACAAF00F04FE9 /* LargeBlockView.swift in Sources */ = {isa = PBXBuildFile; fileRef = FAD43D8D268ACAAF00F04FE9 /* LargeBlockView.swift */; };
		FAD43D92268AD4C500F04FE9 /* DaysPageView.swift in Sources */ = {isa = PBXBuildFile; fileRef = FAD43D91268AD4C500F04FE9 /* DaysPageView.swift */; };
		FAD43D94268BAAC000F04FE9 /* Lunches.swift in Sources */ = {isa = PBXBuildFile; fileRef = FAD43D93268BAAC000F04FE9 /* Lunches.swift */; };
		FAD5709826B5CFEF005469AF /* AbsencesKey.swift in Sources */ = {isa = PBXBuildFile; fileRef = FAD5709726B5CFEF005469AF /* AbsencesKey.swift */; };
		FADD217B26EAEF6100BA6FF8 /* Launch Screen.storyboard in Resources */ = {isa = PBXBuildFile; fileRef = FADD217A26EAEF6100BA6FF8 /* Launch Screen.storyboard */; };
		FADE100F2683AF5E00712D27 /* AbsencesList.swift in Sources */ = {isa = PBXBuildFile; fileRef = FADE100E2683AF5E00712D27 /* AbsencesList.swift */; };
		FADE10112683AFB200712D27 /* AbsenceRow.swift in Sources */ = {isa = PBXBuildFile; fileRef = FADE10102683AFB200712D27 /* AbsenceRow.swift */; };
		FAE342E326CECB9100B85268 /* StaticSiteView.swift in Sources */ = {isa = PBXBuildFile; fileRef = FAE342E226CECB9100B85268 /* StaticSiteView.swift */; };
		FAE342E526CECC5300B85268 /* CategoriesList.swift in Sources */ = {isa = PBXBuildFile; fileRef = FAE342E426CECC5300B85268 /* CategoriesList.swift */; };
		FAE342E726CECCC600B85268 /* CategoryButton.swift in Sources */ = {isa = PBXBuildFile; fileRef = FAE342E626CECCC600B85268 /* CategoryButton.swift */; };
		FAE342E926CED01500B85268 /* ViewModelSupport.swift in Sources */ = {isa = PBXBuildFile; fileRef = FAE342E826CED01500B85268 /* ViewModelSupport.swift */; };
		FAF78288269543EC00A77758 /* SchoolYear.swift in Sources */ = {isa = PBXBuildFile; fileRef = FAF78287269543EC00A77758 /* SchoolYear.swift */; };
		FAF813E326A11066000F6C59 /* EpisodeSettings.swift in Sources */ = {isa = PBXBuildFile; fileRef = FAF813E226A11066000F6C59 /* EpisodeSettings.swift */; };
		FAF813E526A127D3000F6C59 /* PodcastRow.swift in Sources */ = {isa = PBXBuildFile; fileRef = FAF813E426A127D3000F6C59 /* PodcastRow.swift */; };
		FAFD75E126B480800046AF9B /* SiteSection.swift in Sources */ = {isa = PBXBuildFile; fileRef = FAFD75E026B480800046AF9B /* SiteSection.swift */; };
		FAFD75E326B485780046AF9B /* PostCard.swift in Sources */ = {isa = PBXBuildFile; fileRef = FAFD75E226B485780046AF9B /* PostCard.swift */; };
		FAFD75E526B48E100046AF9B /* LoadingPostCard.swift in Sources */ = {isa = PBXBuildFile; fileRef = FAFD75E426B48E100046AF9B /* LoadingPostCard.swift */; };
		FAFE2897268BD3E300DC9373 /* Blocks.swift in Sources */ = {isa = PBXBuildFile; fileRef = FAFE2896268BD3E300DC9373 /* Blocks.swift */; };
		FAFE2899268BD41F00DC9373 /* Day.swift in Sources */ = {isa = PBXBuildFile; fileRef = FAFE2898268BD41F00DC9373 /* Day.swift */; };
		FAFE289B268BE80C00DC9373 /* LoadingScheduleView.swift in Sources */ = {isa = PBXBuildFile; fileRef = FAFE289A268BE80C00DC9373 /* LoadingScheduleView.swift */; };
		FAFE289F268D248600DC9373 /* LoadingBlockEditor.swift in Sources */ = {isa = PBXBuildFile; fileRef = FAFE289E268D248600DC9373 /* LoadingBlockEditor.swift */; };
/* End PBXBuildFile section */

/* Begin PBXContainerItemProxy section */
		CE45BFDA267BFF63003D0C2B /* PBXContainerItemProxy */ = {
			isa = PBXContainerItemProxy;
			containerPortal = CEC03FA5263E354200FFCB45 /* Project object */;
			proxyType = 1;
			remoteGlobalIDString = CEC03FAC263E354200FFCB45;
			remoteInfo = CypressApp;
		};
/* End PBXContainerItemProxy section */

/* Begin PBXFileReference section */
		CE126FC4267BEBEE001ABBB1 /* ExtractArticle.swift */ = {isa = PBXFileReference; lastKnownFileType = sourcecode.swift; path = ExtractArticle.swift; sourceTree = "<group>"; };
		CE1A36B726B5F11700353588 /* CachingRequest.swift */ = {isa = PBXFileReference; lastKnownFileType = sourcecode.swift; path = CachingRequest.swift; sourceTree = "<group>"; };
		CE1E88862647561600E1245E /* ImageView.swift */ = {isa = PBXFileReference; lastKnownFileType = sourcecode.swift; path = ImageView.swift; sourceTree = "<group>"; };
		CE20C60026A7980D0019EFE3 /* DateTests.swift */ = {isa = PBXFileReference; lastKnownFileType = sourcecode.swift; path = DateTests.swift; sourceTree = "<group>"; };
		CE2C6137265E5C7E003E32E6 /* ScheduleView.swift */ = {isa = PBXFileReference; lastKnownFileType = sourcecode.swift; path = ScheduleView.swift; sourceTree = "<group>"; };
		CE45BFD5267BFF63003D0C2B /* DenebolaTests.xctest */ = {isa = PBXFileReference; explicitFileType = wrapper.cfbundle; includeInIndex = 0; path = DenebolaTests.xctest; sourceTree = BUILT_PRODUCTS_DIR; };
		CE45BFD7267BFF63003D0C2B /* DenebolaTests.swift */ = {isa = PBXFileReference; lastKnownFileType = sourcecode.swift; path = DenebolaTests.swift; sourceTree = "<group>"; };
		CE45BFD9267BFF63003D0C2B /* Info.plist */ = {isa = PBXFileReference; lastKnownFileType = text.plist.xml; path = Info.plist; sourceTree = "<group>"; };
		CE7788B82690E1DD00942A71 /* ViewManager.swift */ = {isa = PBXFileReference; lastKnownFileType = sourcecode.swift; path = ViewManager.swift; sourceTree = "<group>"; };
		CE7C3D1726DA6FD200DCB647 /* PullRefresh.swift */ = {isa = PBXFileReference; lastKnownFileType = sourcecode.swift; path = PullRefresh.swift; sourceTree = "<group>"; };
		CE87B3ED264CCE8A009CAF44 /* Support.swift */ = {isa = PBXFileReference; lastKnownFileType = sourcecode.swift; path = Support.swift; sourceTree = "<group>"; };
		CE9BD097265CC9AB00231689 /* SocialView.swift */ = {isa = PBXFileReference; fileEncoding = 4; lastKnownFileType = sourcecode.swift; path = SocialView.swift; sourceTree = "<group>"; };
		CEADD43726DA88A100D689EC /* PageLoader.swift */ = {isa = PBXFileReference; lastKnownFileType = sourcecode.swift; path = PageLoader.swift; sourceTree = "<group>"; };
		CEADD43926DA8E9400D689EC /* WordpressLoaders.swift */ = {isa = PBXFileReference; lastKnownFileType = sourcecode.swift; path = WordpressLoaders.swift; sourceTree = "<group>"; };
		CEADD43B26DA923500D689EC /* IncrementalLoader.swift */ = {isa = PBXFileReference; lastKnownFileType = sourcecode.swift; path = IncrementalLoader.swift; sourceTree = "<group>"; };
		CEAE3E2C2648CA2F0066C825 /* Extensions.swift */ = {isa = PBXFileReference; lastKnownFileType = sourcecode.swift; path = Extensions.swift; sourceTree = "<group>"; };
		CEAE3E342648CAC50066C825 /* DefaultViews.swift */ = {isa = PBXFileReference; lastKnownFileType = sourcecode.swift; path = DefaultViews.swift; sourceTree = "<group>"; };
		CEAE3E3C2648D0CC0066C825 /* WebView.swift */ = {isa = PBXFileReference; lastKnownFileType = sourcecode.swift; path = WebView.swift; sourceTree = "<group>"; };
		CEC03FAD263E354200FFCB45 /* Denebola.app */ = {isa = PBXFileReference; explicitFileType = wrapper.application; includeInIndex = 0; path = Denebola.app; sourceTree = BUILT_PRODUCTS_DIR; };
		CEC03FB0263E354200FFCB45 /* DenebolaApp.swift */ = {isa = PBXFileReference; lastKnownFileType = sourcecode.swift; path = DenebolaApp.swift; sourceTree = "<group>"; };
		CEC03FB2263E354200FFCB45 /* ContentView.swift */ = {isa = PBXFileReference; lastKnownFileType = sourcecode.swift; path = ContentView.swift; sourceTree = "<group>"; };
		CEC03FB4263E354400FFCB45 /* Assets.xcassets */ = {isa = PBXFileReference; lastKnownFileType = folder.assetcatalog; path = Assets.xcassets; sourceTree = "<group>"; };
		CEC03FB7263E354400FFCB45 /* Preview Assets.xcassets */ = {isa = PBXFileReference; lastKnownFileType = folder.assetcatalog; path = "Preview Assets.xcassets"; sourceTree = "<group>"; };
		CEC03FB9263E354400FFCB45 /* Info.plist */ = {isa = PBXFileReference; lastKnownFileType = text.plist.xml; path = Info.plist; sourceTree = "<group>"; };
		CEEC39C8267C63B100697168 /* HTML.swift */ = {isa = PBXFileReference; lastKnownFileType = sourcecode.swift; path = HTML.swift; sourceTree = "<group>"; };
		CEF7C513267C0FC400ADE6DB /* PostContentView.swift */ = {isa = PBXFileReference; lastKnownFileType = sourcecode.swift; path = PostContentView.swift; sourceTree = "<group>"; };
		CEF7C517267C0FDF00ADE6DB /* ContentRenderer.swift */ = {isa = PBXFileReference; lastKnownFileType = sourcecode.swift; path = ContentRenderer.swift; sourceTree = "<group>"; };
		CEFE4E7A26562EF2005A2DD4 /* ModelData.swift */ = {isa = PBXFileReference; lastKnownFileType = sourcecode.swift; path = ModelData.swift; sourceTree = "<group>"; };
		FA03D1B526719D24005A760F /* WordpressCodable.swift */ = {isa = PBXFileReference; lastKnownFileType = sourcecode.swift; path = WordpressCodable.swift; sourceTree = "<group>"; };
		FA03D1B726719D72005A760F /* WordpressAPI.swift */ = {isa = PBXFileReference; lastKnownFileType = sourcecode.swift; path = WordpressAPI.swift; sourceTree = "<group>"; };
		FA0CB8412664320A009FE7A3 /* PodcastEpisode.swift */ = {isa = PBXFileReference; lastKnownFileType = sourcecode.swift; path = PodcastEpisode.swift; sourceTree = "<group>"; };
		FA0CB847266716BE009FE7A3 /* Tab.swift */ = {isa = PBXFileReference; lastKnownFileType = sourcecode.swift; path = Tab.swift; sourceTree = "<group>"; };
		FA0CB84926671810009FE7A3 /* HomeTab.swift */ = {isa = PBXFileReference; lastKnownFileType = sourcecode.swift; path = HomeTab.swift; sourceTree = "<group>"; };
		FA0CB84B26671926009FE7A3 /* FeedTab.swift */ = {isa = PBXFileReference; lastKnownFileType = sourcecode.swift; path = FeedTab.swift; sourceTree = "<group>"; };
		FA0CB84F26671989009FE7A3 /* PodcastTab.swift */ = {isa = PBXFileReference; lastKnownFileType = sourcecode.swift; path = PodcastTab.swift; sourceTree = "<group>"; };
		FA0CB851266719BA009FE7A3 /* SocialTab.swift */ = {isa = PBXFileReference; lastKnownFileType = sourcecode.swift; path = SocialTab.swift; sourceTree = "<group>"; };
		FA0CB8592667302E009FE7A3 /* TabManager.swift */ = {isa = PBXFileReference; lastKnownFileType = sourcecode.swift; path = TabManager.swift; sourceTree = "<group>"; };
		FA17F8DD2659DCB1008471BD /* SearchRow.swift */ = {isa = PBXFileReference; lastKnownFileType = sourcecode.swift; path = SearchRow.swift; sourceTree = "<group>"; };
		FA17F8DF2659DCEC008471BD /* SearchView.swift */ = {isa = PBXFileReference; lastKnownFileType = sourcecode.swift; path = SearchView.swift; sourceTree = "<group>"; };
		FA17F8E12659DFCD008471BD /* SearchResults.swift */ = {isa = PBXFileReference; lastKnownFileType = sourcecode.swift; path = SearchResults.swift; sourceTree = "<group>"; };
		FA17F8E32659E567008471BD /* SearchBar.swift */ = {isa = PBXFileReference; lastKnownFileType = sourcecode.swift; path = SearchBar.swift; sourceTree = "<group>"; };
		FA17F8E7265B3473008471BD /* EpisodeRow.swift */ = {isa = PBXFileReference; lastKnownFileType = sourcecode.swift; path = EpisodeRow.swift; sourceTree = "<group>"; };
		FA1E4C31269E388E00EC955B /* MiniPlayer.swift */ = {isa = PBXFileReference; lastKnownFileType = sourcecode.swift; path = MiniPlayer.swift; sourceTree = "<group>"; };
		FA1E4C33269E38A500EC955B /* Blur.swift */ = {isa = PBXFileReference; lastKnownFileType = sourcecode.swift; path = Blur.swift; sourceTree = "<group>"; };
		FA1E4C35269E4C5C00EC955B /* AirPlayButton.swift */ = {isa = PBXFileReference; lastKnownFileType = sourcecode.swift; path = AirPlayButton.swift; sourceTree = "<group>"; };
		FA1E4C37269E4F4400EC955B /* EpisodeDescription.swift */ = {isa = PBXFileReference; lastKnownFileType = sourcecode.swift; path = EpisodeDescription.swift; sourceTree = "<group>"; };
		FA28B64E269556E10059C30B /* LoadingWeekIndicator.swift */ = {isa = PBXFileReference; lastKnownFileType = sourcecode.swift; path = LoadingWeekIndicator.swift; sourceTree = "<group>"; };
		FA309EA226AF4172007220EE /* SettingsView.swift */ = {isa = PBXFileReference; lastKnownFileType = sourcecode.swift; path = SettingsView.swift; sourceTree = "<group>"; };
		FA309EA426AF45BC007220EE /* SchoolSelector.swift */ = {isa = PBXFileReference; lastKnownFileType = sourcecode.swift; path = SchoolSelector.swift; sourceTree = "<group>"; };
		FA309EA626AF4D35007220EE /* SettingsRow.swift */ = {isa = PBXFileReference; lastKnownFileType = sourcecode.swift; path = SettingsRow.swift; sourceTree = "<group>"; };
		FA32E90126925AA700E38F31 /* WeekBlock.swift */ = {isa = PBXFileReference; lastKnownFileType = sourcecode.swift; path = WeekBlock.swift; sourceTree = "<group>"; };
		FA32E90326925C4000E38F31 /* WeekIndicator.swift */ = {isa = PBXFileReference; lastKnownFileType = sourcecode.swift; path = WeekIndicator.swift; sourceTree = "<group>"; };
		FA3A94C826A1367800CEFA08 /* LongText.swift */ = {isa = PBXFileReference; lastKnownFileType = sourcecode.swift; path = LongText.swift; sourceTree = "<group>"; };
		FA3FC66726BB172B00908674 /* ScheduleBlockView.swift */ = {isa = PBXFileReference; lastKnownFileType = sourcecode.swift; path = ScheduleBlockView.swift; sourceTree = "<group>"; };
		FA4B7363264E335200516AC6 /* PlayerObject.swift */ = {isa = PBXFileReference; lastKnownFileType = sourcecode.swift; path = PlayerObject.swift; sourceTree = "<group>"; };
		FA56AA42263F080900B6D838 /* ViewController.swift */ = {isa = PBXFileReference; lastKnownFileType = sourcecode.swift; path = ViewController.swift; sourceTree = "<group>"; };
		FA56AA45263F0B2300B6D838 /* CategoriesView.swift */ = {isa = PBXFileReference; lastKnownFileType = sourcecode.swift; path = CategoriesView.swift; sourceTree = "<group>"; };
		FA56AA49263F0B5100B6D838 /* HomeView.swift */ = {isa = PBXFileReference; lastKnownFileType = sourcecode.swift; path = HomeView.swift; sourceTree = "<group>"; };
		FA56AA4B263F0B5A00B6D838 /* PodcastView.swift */ = {isa = PBXFileReference; lastKnownFileType = sourcecode.swift; path = PodcastView.swift; sourceTree = "<group>"; };
		FA56AA5B263F246000B6D838 /* PostRowView.swift */ = {isa = PBXFileReference; lastKnownFileType = sourcecode.swift; path = PostRowView.swift; sourceTree = "<group>"; };
		FA56AA61263F2FD200B6D838 /* PostFeed.swift */ = {isa = PBXFileReference; lastKnownFileType = sourcecode.swift; path = PostFeed.swift; sourceTree = "<group>"; };
		FA56AA63263F3F1A00B6D838 /* SamplePost.swift */ = {isa = PBXFileReference; lastKnownFileType = sourcecode.swift; path = SamplePost.swift; sourceTree = "<group>"; };
		FA56AA6D263FA12200B6D838 /* LoadingPostRowView.swift */ = {isa = PBXFileReference; lastKnownFileType = sourcecode.swift; path = LoadingPostRowView.swift; sourceTree = "<group>"; };
		FA5D35AA266B221A003B8D2F /* SiteLogo.swift */ = {isa = PBXFileReference; lastKnownFileType = sourcecode.swift; path = SiteLogo.swift; sourceTree = "<group>"; };
		FA5D35AC266B29E4003B8D2F /* Logo.swift */ = {isa = PBXFileReference; lastKnownFileType = sourcecode.swift; path = Logo.swift; sourceTree = "<group>"; };
		FA5D35AE266BD982003B8D2F /* SiteBanner.swift */ = {isa = PBXFileReference; lastKnownFileType = sourcecode.swift; path = SiteBanner.swift; sourceTree = "<group>"; };
		FA6526412658AB9C0043FDBA /* CategoryView.swift */ = {isa = PBXFileReference; lastKnownFileType = sourcecode.swift; path = CategoryView.swift; sourceTree = "<group>"; };
		FA6526432658AEFC0043FDBA /* CategoryBanner.swift */ = {isa = PBXFileReference; lastKnownFileType = sourcecode.swift; path = CategoryBanner.swift; sourceTree = "<group>"; };
		FA65B46E268E968900AE3704 /* FullBlock.swift */ = {isa = PBXFileReference; lastKnownFileType = sourcecode.swift; path = FullBlock.swift; sourceTree = "<group>"; };
		FA65B470268EA85F00AE3704 /* ModelLoading.swift */ = {isa = PBXFileReference; lastKnownFileType = sourcecode.swift; path = ModelLoading.swift; sourceTree = "<group>"; };
		FA65B474268EC32E00AE3704 /* ModelSaving.swift */ = {isa = PBXFileReference; lastKnownFileType = sourcecode.swift; path = ModelSaving.swift; sourceTree = "<group>"; };
		FA65B477268F900D00AE3704 /* FullBlockView.swift */ = {isa = PBXFileReference; lastKnownFileType = sourcecode.swift; path = FullBlockView.swift; sourceTree = "<group>"; };
		FA65B479268F936500AE3704 /* LargeFullBlockView.swift */ = {isa = PBXFileReference; lastKnownFileType = sourcecode.swift; path = LargeFullBlockView.swift; sourceTree = "<group>"; };
		FA7320E22672A55A0012C3EC /* RequestRetrySettings.swift */ = {isa = PBXFileReference; lastKnownFileType = sourcecode.swift; path = RequestRetrySettings.swift; sourceTree = "<group>"; };
		FA7320E62674278A0012C3EC /* RSSLoader.swift */ = {isa = PBXFileReference; lastKnownFileType = sourcecode.swift; path = RSSLoader.swift; sourceTree = "<group>"; };
		FA7320EA267438F00012C3EC /* PodcastDetailView.swift */ = {isa = PBXFileReference; lastKnownFileType = sourcecode.swift; path = PodcastDetailView.swift; sourceTree = "<group>"; };
		FA73AA27263E361E00B6C8B6 /* Media.swift */ = {isa = PBXFileReference; fileEncoding = 4; lastKnownFileType = sourcecode.swift; path = Media.swift; sourceTree = "<group>"; };
		FA73AA28263E361E00B6C8B6 /* Category.swift */ = {isa = PBXFileReference; fileEncoding = 4; lastKnownFileType = sourcecode.swift; path = Category.swift; sourceTree = "<group>"; };
		FA73AA29263E361E00B6C8B6 /* Post.swift */ = {isa = PBXFileReference; fileEncoding = 4; lastKnownFileType = sourcecode.swift; path = Post.swift; sourceTree = "<group>"; };
		FA73AA2F263E363600B6C8B6 /* PostView.swift */ = {isa = PBXFileReference; fileEncoding = 4; lastKnownFileType = sourcecode.swift; path = PostView.swift; sourceTree = "<group>"; };
		FA7AF39C26EAF5D1008EB090 /* LaunchScreen.swift */ = {isa = PBXFileReference; lastKnownFileType = sourcecode.swift; path = LaunchScreen.swift; sourceTree = "<group>"; };
		FA879658269FB85F00C6E9BF /* PopupView.swift */ = {isa = PBXFileReference; lastKnownFileType = sourcecode.swift; path = PopupView.swift; sourceTree = "<group>"; };
		FAA25CDA26B1B17A0082AD44 /* WordpressPicker.swift */ = {isa = PBXFileReference; lastKnownFileType = sourcecode.swift; path = WordpressPicker.swift; sourceTree = "<group>"; };
		FAA25CDC26B341300082AD44 /* SettingsTab.swift */ = {isa = PBXFileReference; lastKnownFileType = sourcecode.swift; path = SettingsTab.swift; sourceTree = "<group>"; };
		FAA25CE026B34DFE0082AD44 /* SettingsIcons.swift */ = {isa = PBXFileReference; lastKnownFileType = sourcecode.swift; path = SettingsIcons.swift; sourceTree = "<group>"; };
		FAA25CE326B35F1D0082AD44 /* SchoolList.swift */ = {isa = PBXFileReference; lastKnownFileType = sourcecode.swift; path = SchoolList.swift; sourceTree = "<group>"; };
		FAA25CE726B364F20082AD44 /* SchoolRow.swift */ = {isa = PBXFileReference; lastKnownFileType = sourcecode.swift; path = SchoolRow.swift; sourceTree = "<group>"; };
		FAA25CE926B376D30082AD44 /* SettingsRowNav.swift */ = {isa = PBXFileReference; lastKnownFileType = sourcecode.swift; path = SettingsRowNav.swift; sourceTree = "<group>"; };
		FAA25CEB26B377CC0082AD44 /* SettingsRowAlert.swift */ = {isa = PBXFileReference; lastKnownFileType = sourcecode.swift; path = SettingsRowAlert.swift; sourceTree = "<group>"; };
		FAA7D2F5267E714300E8FFEC /* Absence.swift */ = {isa = PBXFileReference; lastKnownFileType = sourcecode.swift; path = Absence.swift; sourceTree = "<group>"; };
		FAA7D2F7267E742B00E8FFEC /* ServerAPITests.swift */ = {isa = PBXFileReference; lastKnownFileType = sourcecode.swift; path = ServerAPITests.swift; sourceTree = "<group>"; };
		FAA7D2F9267E762400E8FFEC /* BlockData.swift */ = {isa = PBXFileReference; lastKnownFileType = sourcecode.swift; path = BlockData.swift; sourceTree = "<group>"; };
		FAA7D2FB267E775200E8FFEC /* Week.swift */ = {isa = PBXFileReference; lastKnownFileType = sourcecode.swift; path = Week.swift; sourceTree = "<group>"; };
		FAAAAC9E26869CC60052A658 /* ScheduleColumn.swift */ = {isa = PBXFileReference; lastKnownFileType = sourcecode.swift; path = ScheduleColumn.swift; sourceTree = "<group>"; };
		FAAAACA02686AFBD0052A658 /* BlockView.swift */ = {isa = PBXFileReference; lastKnownFileType = sourcecode.swift; path = BlockView.swift; sourceTree = "<group>"; };
		FAAAACA4268796900052A658 /* SchedulePageView.swift */ = {isa = PBXFileReference; lastKnownFileType = sourcecode.swift; path = SchedulePageView.swift; sourceTree = "<group>"; };
		FAAAACA62687F1330052A658 /* ScheduleSettings.swift */ = {isa = PBXFileReference; lastKnownFileType = sourcecode.swift; path = ScheduleSettings.swift; sourceTree = "<group>"; };
		FAAE7DF72669B3E200DE708A /* SchoolConfig.swift */ = {isa = PBXFileReference; lastKnownFileType = sourcecode.swift; path = SchoolConfig.swift; sourceTree = "<group>"; };
		FAAE7DFB2669B44F00DE708A /* ServerAPI.swift */ = {isa = PBXFileReference; lastKnownFileType = sourcecode.swift; path = ServerAPI.swift; sourceTree = "<group>"; };
		FAAE7DFD2669BB1600DE708A /* TabCreator.swift */ = {isa = PBXFileReference; lastKnownFileType = sourcecode.swift; path = TabCreator.swift; sourceTree = "<group>"; };
		FABBE219269D03C300DD20C5 /* DateDecoders.swift */ = {isa = PBXFileReference; lastKnownFileType = sourcecode.swift; path = DateDecoders.swift; sourceTree = "<group>"; };
		FACDFEDA26B4BD8400761D17 /* PodcastSection.swift */ = {isa = PBXFileReference; lastKnownFileType = sourcecode.swift; path = PodcastSection.swift; sourceTree = "<group>"; };
		FACDFEDC26B4BF5600761D17 /* LoadingPodcastRow.swift */ = {isa = PBXFileReference; lastKnownFileType = sourcecode.swift; path = LoadingPodcastRow.swift; sourceTree = "<group>"; };
		FACDFEDE26B4C17D00761D17 /* LoadingPodcastDetailView.swift */ = {isa = PBXFileReference; lastKnownFileType = sourcecode.swift; path = LoadingPodcastDetailView.swift; sourceTree = "<group>"; };
		FACDFEE026B4D09400761D17 /* SmallEpisodeRow.swift */ = {isa = PBXFileReference; lastKnownFileType = sourcecode.swift; path = SmallEpisodeRow.swift; sourceTree = "<group>"; };
		FACDFEE226B4D89A00761D17 /* LoadingSmallEpisodeRow.swift */ = {isa = PBXFileReference; lastKnownFileType = sourcecode.swift; path = LoadingSmallEpisodeRow.swift; sourceTree = "<group>"; };
		FAD43D80268A28AD00F04FE9 /* BlockEditor.swift */ = {isa = PBXFileReference; lastKnownFileType = sourcecode.swift; path = BlockEditor.swift; sourceTree = "<group>"; };
		FAD43D82268A34BE00F04FE9 /* PropertyEditor.swift */ = {isa = PBXFileReference; lastKnownFileType = sourcecode.swift; path = PropertyEditor.swift; sourceTree = "<group>"; };
		FAD43D8B268ACA7900F04FE9 /* DayDetailView.swift */ = {isa = PBXFileReference; lastKnownFileType = sourcecode.swift; path = DayDetailView.swift; sourceTree = "<group>"; };
		FAD43D8D268ACAAF00F04FE9 /* LargeBlockView.swift */ = {isa = PBXFileReference; lastKnownFileType = sourcecode.swift; path = LargeBlockView.swift; sourceTree = "<group>"; };
		FAD43D91268AD4C500F04FE9 /* DaysPageView.swift */ = {isa = PBXFileReference; lastKnownFileType = sourcecode.swift; path = DaysPageView.swift; sourceTree = "<group>"; };
		FAD43D93268BAAC000F04FE9 /* Lunches.swift */ = {isa = PBXFileReference; lastKnownFileType = sourcecode.swift; path = Lunches.swift; sourceTree = "<group>"; };
		FAD5709726B5CFEF005469AF /* AbsencesKey.swift */ = {isa = PBXFileReference; lastKnownFileType = sourcecode.swift; path = AbsencesKey.swift; sourceTree = "<group>"; };
		FADD217A26EAEF6100BA6FF8 /* Launch Screen.storyboard */ = {isa = PBXFileReference; lastKnownFileType = file.storyboard; path = "Launch Screen.storyboard"; sourceTree = "<group>"; };
		FADE100E2683AF5E00712D27 /* AbsencesList.swift */ = {isa = PBXFileReference; lastKnownFileType = sourcecode.swift; path = AbsencesList.swift; sourceTree = "<group>"; };
		FADE10102683AFB200712D27 /* AbsenceRow.swift */ = {isa = PBXFileReference; lastKnownFileType = sourcecode.swift; path = AbsenceRow.swift; sourceTree = "<group>"; };
		FAE342E226CECB9100B85268 /* StaticSiteView.swift */ = {isa = PBXFileReference; lastKnownFileType = sourcecode.swift; path = StaticSiteView.swift; sourceTree = "<group>"; };
		FAE342E426CECC5300B85268 /* CategoriesList.swift */ = {isa = PBXFileReference; lastKnownFileType = sourcecode.swift; path = CategoriesList.swift; sourceTree = "<group>"; };
		FAE342E626CECCC600B85268 /* CategoryButton.swift */ = {isa = PBXFileReference; lastKnownFileType = sourcecode.swift; path = CategoryButton.swift; sourceTree = "<group>"; };
		FAE342E826CED01500B85268 /* ViewModelSupport.swift */ = {isa = PBXFileReference; lastKnownFileType = sourcecode.swift; path = ViewModelSupport.swift; sourceTree = "<group>"; };
		FAF78287269543EC00A77758 /* SchoolYear.swift */ = {isa = PBXFileReference; lastKnownFileType = sourcecode.swift; path = SchoolYear.swift; sourceTree = "<group>"; };
		FAF813E226A11066000F6C59 /* EpisodeSettings.swift */ = {isa = PBXFileReference; lastKnownFileType = sourcecode.swift; path = EpisodeSettings.swift; sourceTree = "<group>"; };
		FAF813E426A127D3000F6C59 /* PodcastRow.swift */ = {isa = PBXFileReference; lastKnownFileType = sourcecode.swift; path = PodcastRow.swift; sourceTree = "<group>"; };
		FAFD75E026B480800046AF9B /* SiteSection.swift */ = {isa = PBXFileReference; lastKnownFileType = sourcecode.swift; path = SiteSection.swift; sourceTree = "<group>"; };
		FAFD75E226B485780046AF9B /* PostCard.swift */ = {isa = PBXFileReference; lastKnownFileType = sourcecode.swift; path = PostCard.swift; sourceTree = "<group>"; };
		FAFD75E426B48E100046AF9B /* LoadingPostCard.swift */ = {isa = PBXFileReference; lastKnownFileType = sourcecode.swift; path = LoadingPostCard.swift; sourceTree = "<group>"; };
		FAFE2896268BD3E300DC9373 /* Blocks.swift */ = {isa = PBXFileReference; lastKnownFileType = sourcecode.swift; path = Blocks.swift; sourceTree = "<group>"; };
		FAFE2898268BD41F00DC9373 /* Day.swift */ = {isa = PBXFileReference; lastKnownFileType = sourcecode.swift; path = Day.swift; sourceTree = "<group>"; };
		FAFE289A268BE80C00DC9373 /* LoadingScheduleView.swift */ = {isa = PBXFileReference; lastKnownFileType = sourcecode.swift; path = LoadingScheduleView.swift; sourceTree = "<group>"; };
		FAFE289E268D248600DC9373 /* LoadingBlockEditor.swift */ = {isa = PBXFileReference; lastKnownFileType = sourcecode.swift; path = LoadingBlockEditor.swift; sourceTree = "<group>"; };
/* End PBXFileReference section */

/* Begin PBXFrameworksBuildPhase section */
		CE45BFD2267BFF63003D0C2B /* Frameworks */ = {
			isa = PBXFrameworksBuildPhase;
			buildActionMask = 2147483647;
			files = (
			);
			runOnlyForDeploymentPostprocessing = 0;
		};
		CEC03FAA263E354200FFCB45 /* Frameworks */ = {
			isa = PBXFrameworksBuildPhase;
			buildActionMask = 2147483647;
			files = (
				CE073A48266C4B650030DB1A /* Nuke in Frameworks */,
				FA65B47F268FE78400AE3704 /* PromiseKit in Frameworks */,
				FA5068D7267043E000E0BBAE /* FeedKit in Frameworks */,
				FA5068D4267043C100E0BBAE /* Alamofire in Frameworks */,
				CE6442B4267FA152002FFFEC /* SwiftUIPager in Frameworks */,
				CE4D2D4326489C6500C243CC /* LoaderUI in Frameworks */,
				CED8EB21265CBD7C002922A3 /* SwiftDate in Frameworks */,
				CE7788B72690E10500942A71 /* Introspect in Frameworks */,
				CE126FC0267BEBC6001ABBB1 /* SwiftSoup in Frameworks */,
				FA65B42E268E189200AE3704 /* Disk in Frameworks */,
			);
			runOnlyForDeploymentPostprocessing = 0;
		};
/* End PBXFrameworksBuildPhase section */

/* Begin PBXGroup section */
		CE45BFD6267BFF63003D0C2B /* DenebolaTests */ = {
			isa = PBXGroup;
			children = (
				CE45BFD7267BFF63003D0C2B /* DenebolaTests.swift */,
				FAA7D2F7267E742B00E8FFEC /* ServerAPITests.swift */,
				CE45BFD9267BFF63003D0C2B /* Info.plist */,
				CE20C60026A7980D0019EFE3 /* DateTests.swift */,
			);
			path = DenebolaTests;
			sourceTree = "<group>";
		};
		CEADD43626DA888100D689EC /* Loaders */ = {
			isa = PBXGroup;
			children = (
				CEADD43726DA88A100D689EC /* PageLoader.swift */,
				CEADD43926DA8E9400D689EC /* WordpressLoaders.swift */,
				CEADD43B26DA923500D689EC /* IncrementalLoader.swift */,
			);
			name = Loaders;
			path = WordpressAPI/Loaders;
			sourceTree = "<group>";
		};
		CEAE3E2B2648CA0B0066C825 /* Util */ = {
			isa = PBXGroup;
			children = (
				CEAE3E2C2648CA2F0066C825 /* Extensions.swift */,
				FABBE219269D03C300DD20C5 /* DateDecoders.swift */,
				CEAE3E342648CAC50066C825 /* DefaultViews.swift */,
				CE87B3ED264CCE8A009CAF44 /* Support.swift */,
				CE126FC4267BEBEE001ABBB1 /* ExtractArticle.swift */,
				CEEC39C8267C63B100697168 /* HTML.swift */,
				FA1E4C33269E38A500EC955B /* Blur.swift */,
				CE1A36B726B5F11700353588 /* CachingRequest.swift */,
			);
			path = Util;
			sourceTree = "<group>";
		};
		CEC03FA4263E354200FFCB45 = {
			isa = PBXGroup;
			children = (
				CEC03FAF263E354200FFCB45 /* Denebola */,
				CE45BFD6267BFF63003D0C2B /* DenebolaTests */,
				CEC03FAE263E354200FFCB45 /* Products */,
			);
			sourceTree = "<group>";
		};
		CEC03FAE263E354200FFCB45 /* Products */ = {
			isa = PBXGroup;
			children = (
				CEC03FAD263E354200FFCB45 /* Denebola.app */,
				CE45BFD5267BFF63003D0C2B /* DenebolaTests.xctest */,
			);
			name = Products;
			sourceTree = "<group>";
		};
		CEC03FAF263E354200FFCB45 /* Denebola */ = {
			isa = PBXGroup;
			children = (
				CEC03FB0263E354200FFCB45 /* DenebolaApp.swift */,
				CEC03FB2263E354200FFCB45 /* ContentView.swift */,
				FA56AA42263F080900B6D838 /* ViewController.swift */,
				FA7AF39E26EBDBD1008EB090 /* LaunchScreen */,
				FA65B476268EC49900AE3704 /* ViewModelData */,
				FA56AA44263F0B0E00B6D838 /* MainViews */,
				FABF848F26642E36000CE2A4 /* Search */,
				FA0CB83F2664306F009FE7A3 /* PostView */,
				FA0CB840266430B0009FE7A3 /* UtilityViews */,
				FA0CB84626671664009FE7A3 /* AppearanceManagement */,
				FAAE7DF62669B3A100DE708A /* ServerAPI */,
				FA73AA26263E361E00B6C8B6 /* WordpressAPI */,
				CEADD43626DA888100D689EC /* Loaders */,
				FA4618CA264980090018522B /* Podcast */,
				CEAE3E2B2648CA0B0066C825 /* Util */,
				FA65B46D268E967100AE3704 /* Disk */,
				CEC03FB4263E354400FFCB45 /* Assets.xcassets */,
				CEC03FB9263E354400FFCB45 /* Info.plist */,
				CEC03FB6263E354400FFCB45 /* Preview Content */,
			);
			path = Denebola;
			sourceTree = "<group>";
		};
		CEC03FB6263E354400FFCB45 /* Preview Content */ = {
			isa = PBXGroup;
			children = (
				CEC03FB7263E354400FFCB45 /* Preview Assets.xcassets */,
			);
			path = "Preview Content";
			sourceTree = "<group>";
		};
		FA0CB83F2664306F009FE7A3 /* PostView */ = {
			isa = PBXGroup;
			children = (
				FA73AA2F263E363600B6C8B6 /* PostView.swift */,
				CEF7C513267C0FC400ADE6DB /* PostContentView.swift */,
				CEF7C517267C0FDF00ADE6DB /* ContentRenderer.swift */,
				CEAE3E3C2648D0CC0066C825 /* WebView.swift */,
			);
			path = PostView;
			sourceTree = "<group>";
		};
		FA0CB840266430B0009FE7A3 /* UtilityViews */ = {
			isa = PBXGroup;
			children = (
				CE1E88862647561600E1245E /* ImageView.swift */,
				FA879658269FB85F00C6E9BF /* PopupView.swift */,
				FA3A94C826A1367800CEFA08 /* LongText.swift */,
				FA3FC66726BB172B00908674 /* ScheduleBlockView.swift */,
				CE7C3D1726DA6FD200DCB647 /* PullRefresh.swift */,
			);
			path = UtilityViews;
			sourceTree = "<group>";
		};
		FA0CB8432664326E009FE7A3 /* Codable */ = {
			isa = PBXGroup;
			children = (
				FA73AA29263E361E00B6C8B6 /* Post.swift */,
				FA73AA27263E361E00B6C8B6 /* Media.swift */,
				FA73AA28263E361E00B6C8B6 /* Category.swift */,
			);
			path = Codable;
			sourceTree = "<group>";
		};
		FA0CB84626671664009FE7A3 /* AppearanceManagement */ = {
			isa = PBXGroup;
			children = (
				FA0CB8592667302E009FE7A3 /* TabManager.swift */,
				FA0CB847266716BE009FE7A3 /* Tab.swift */,
				FA0CB84926671810009FE7A3 /* HomeTab.swift */,
				FA0CB84B26671926009FE7A3 /* FeedTab.swift */,
				FA0CB84F26671989009FE7A3 /* PodcastTab.swift */,
				FA0CB851266719BA009FE7A3 /* SocialTab.swift */,
				FAA25CDC26B341300082AD44 /* SettingsTab.swift */,
			);
			path = AppearanceManagement;
			sourceTree = "<group>";
		};
		FA28B65026955BA30059C30B /* Indicator */ = {
			isa = PBXGroup;
			children = (
				FA32E90326925C4000E38F31 /* WeekIndicator.swift */,
				FA28B64E269556E10059C30B /* LoadingWeekIndicator.swift */,
				FA32E90126925AA700E38F31 /* WeekBlock.swift */,
			);
			path = Indicator;
			sourceTree = "<group>";
		};
		FA309EA126AF4141007220EE /* Settings */ = {
			isa = PBXGroup;
			children = (
				FA309EA226AF4172007220EE /* SettingsView.swift */,
				FAA25CED26B378C90082AD44 /* SettingsRows */,
				FA309EA426AF45BC007220EE /* SchoolSelector.swift */,
				FAA25CE026B34DFE0082AD44 /* SettingsIcons.swift */,
			);
			path = Settings;
			sourceTree = "<group>";
		};
		FA4618CA264980090018522B /* Podcast */ = {
			isa = PBXGroup;
			children = (
				FA7320E62674278A0012C3EC /* RSSLoader.swift */,
				FA0CB8412664320A009FE7A3 /* PodcastEpisode.swift */,
				FA4B7363264E335200516AC6 /* PlayerObject.swift */,
			);
			path = Podcast;
			sourceTree = "<group>";
		};
		FA56AA44263F0B0E00B6D838 /* MainViews */ = {
			isa = PBXGroup;
			children = (
				FAE14C7326557A94000635DB /* Home */,
				FABF848D26642D96000CE2A4 /* Feed */,
				FABF848C26642D42000CE2A4 /* Podcast */,
				FABF848E26642E0C000CE2A4 /* Social */,
				FA309EA126AF4141007220EE /* Settings */,
			);
			path = MainViews;
			sourceTree = "<group>";
		};
		FA65B46D268E967100AE3704 /* Disk */ = {
			isa = PBXGroup;
			children = (
				FA65B46E268E968900AE3704 /* FullBlock.swift */,
			);
			path = Disk;
			sourceTree = "<group>";
		};
		FA65B476268EC49900AE3704 /* ViewModelData */ = {
			isa = PBXGroup;
			children = (
				CEFE4E7A26562EF2005A2DD4 /* ModelData.swift */,
				FA65B470268EA85F00AE3704 /* ModelLoading.swift */,
				FA65B474268EC32E00AE3704 /* ModelSaving.swift */,
				CE7788B82690E1DD00942A71 /* ViewManager.swift */,
				FAE342E826CED01500B85268 /* ViewModelSupport.swift */,
			);
			path = ViewModelData;
			sourceTree = "<group>";
		};
		FA65B47B268F9B0300AE3704 /* WeekViews */ = {
			isa = PBXGroup;
			children = (
				FAAAACA4268796900052A658 /* SchedulePageView.swift */,
				FA28B65026955BA30059C30B /* Indicator */,
				CE2C6137265E5C7E003E32E6 /* ScheduleView.swift */,
				FAFE289A268BE80C00DC9373 /* LoadingScheduleView.swift */,
				FAAAAC9E26869CC60052A658 /* ScheduleColumn.swift */,
				FAD43D93268BAAC000F04FE9 /* Lunches.swift */,
				FA65B477268F900D00AE3704 /* FullBlockView.swift */,
				FAAAACA02686AFBD0052A658 /* BlockView.swift */,
			);
			path = WeekViews;
			sourceTree = "<group>";
		};
		FA65B47C268F9B1A00AE3704 /* DayViews */ = {
			isa = PBXGroup;
			children = (
				FAD43D91268AD4C500F04FE9 /* DaysPageView.swift */,
				FAD43D8B268ACA7900F04FE9 /* DayDetailView.swift */,
				FA65B479268F936500AE3704 /* LargeFullBlockView.swift */,
				FAD43D8D268ACAAF00F04FE9 /* LargeBlockView.swift */,
			);
			path = DayViews;
			sourceTree = "<group>";
		};
		FA73AA26263E361E00B6C8B6 /* WordpressAPI */ = {
			isa = PBXGroup;
			children = (
				FA0CB8432664326E009FE7A3 /* Codable */,
				FA56AA63263F3F1A00B6D838 /* SamplePost.swift */,
			);
			path = WordpressAPI;
			sourceTree = "<group>";
		};
		FA7AF39E26EBDBD1008EB090 /* LaunchScreen */ = {
			isa = PBXGroup;
			children = (
				FA7AF39C26EAF5D1008EB090 /* LaunchScreen.swift */,
				FAA25CE326B35F1D0082AD44 /* SchoolList.swift */,
				FAA25CE726B364F20082AD44 /* SchoolRow.swift */,
				FADD217A26EAEF6100BA6FF8 /* Launch Screen.storyboard */,
			);
			path = LaunchScreen;
			sourceTree = "<group>";
		};
		FAA25CED26B378C90082AD44 /* SettingsRows */ = {
			isa = PBXGroup;
			children = (
				FA309EA626AF4D35007220EE /* SettingsRow.swift */,
				FAA25CE926B376D30082AD44 /* SettingsRowNav.swift */,
				FAA25CEB26B377CC0082AD44 /* SettingsRowAlert.swift */,
			);
			path = SettingsRows;
			sourceTree = "<group>";
		};
		FAAE7DF62669B3A100DE708A /* ServerAPI */ = {
			isa = PBXGroup;
			children = (
				FAAE7DFB2669B44F00DE708A /* ServerAPI.swift */,
				FA03D1B726719D72005A760F /* WordpressAPI.swift */,
				FA7320E22672A55A0012C3EC /* RequestRetrySettings.swift */,
				FA03D1B526719D24005A760F /* WordpressCodable.swift */,
				FAA7D2FB267E775200E8FFEC /* Week.swift */,
				FAFE2898268BD41F00DC9373 /* Day.swift */,
				FAFE2896268BD3E300DC9373 /* Blocks.swift */,
				FAA7D2F5267E714300E8FFEC /* Absence.swift */,
				FAA7D2F9267E762400E8FFEC /* BlockData.swift */,
				FAAE7DF72669B3E200DE708A /* SchoolConfig.swift */,
				FAF78287269543EC00A77758 /* SchoolYear.swift */,
				FAAE7DFD2669BB1600DE708A /* TabCreator.swift */,
			);
			path = ServerAPI;
			sourceTree = "<group>";
		};
		FABF848C26642D42000CE2A4 /* Podcast */ = {
			isa = PBXGroup;
			children = (
				FA56AA4B263F0B5A00B6D838 /* PodcastView.swift */,
				FAF813E426A127D3000F6C59 /* PodcastRow.swift */,
				FACDFEDC26B4BF5600761D17 /* LoadingPodcastRow.swift */,
				FA7320EA267438F00012C3EC /* PodcastDetailView.swift */,
				FACDFEDE26B4C17D00761D17 /* LoadingPodcastDetailView.swift */,
				FA17F8E7265B3473008471BD /* EpisodeRow.swift */,
				FAF813E626A132C1000F6C59 /* MiniPlayer */,
			);
			path = Podcast;
			sourceTree = "<group>";
		};
		FABF848D26642D96000CE2A4 /* Feed */ = {
			isa = PBXGroup;
			children = (
				FA56AA45263F0B2300B6D838 /* CategoriesView.swift */,
				FAA25CDA26B1B17A0082AD44 /* WordpressPicker.swift */,
				FAE342E426CECC5300B85268 /* CategoriesList.swift */,
				FAE342E626CECCC600B85268 /* CategoryButton.swift */,
				FA6526412658AB9C0043FDBA /* CategoryView.swift */,
				FA6526432658AEFC0043FDBA /* CategoryBanner.swift */,
				FA56AA61263F2FD200B6D838 /* PostFeed.swift */,
				FA56AA5B263F246000B6D838 /* PostRowView.swift */,
				FA56AA6D263FA12200B6D838 /* LoadingPostRowView.swift */,
				FA5D35AA266B221A003B8D2F /* SiteLogo.swift */,
				FA5D35AC266B29E4003B8D2F /* Logo.swift */,
				FA5D35AE266BD982003B8D2F /* SiteBanner.swift */,
			);
			path = Feed;
			sourceTree = "<group>";
		};
		FABF848E26642E0C000CE2A4 /* Social */ = {
			isa = PBXGroup;
			children = (
				CE9BD097265CC9AB00231689 /* SocialView.swift */,
				FAD43D88268A73F900F04FE9 /* CancelledClasses */,
				FAD43D87268A73E600F04FE9 /* Schedule */,
			);
			path = Social;
			sourceTree = "<group>";
		};
		FABF848F26642E36000CE2A4 /* Search */ = {
			isa = PBXGroup;
			children = (
				FA17F8DF2659DCEC008471BD /* SearchView.swift */,
				FA17F8E32659E567008471BD /* SearchBar.swift */,
				FA17F8E12659DFCD008471BD /* SearchResults.swift */,
				FA17F8DD2659DCB1008471BD /* SearchRow.swift */,
			);
			path = Search;
			sourceTree = "<group>";
		};
		FACDFED826B4BD5500761D17 /* SiteSection */ = {
			isa = PBXGroup;
			children = (
				FAFD75E026B480800046AF9B /* SiteSection.swift */,
				FAFD75E226B485780046AF9B /* PostCard.swift */,
				FAFD75E426B48E100046AF9B /* LoadingPostCard.swift */,
				FAE342E226CECB9100B85268 /* StaticSiteView.swift */,
			);
			path = SiteSection;
			sourceTree = "<group>";
		};
		FACDFED926B4BD6500761D17 /* PodcastSection */ = {
			isa = PBXGroup;
			children = (
				FACDFEDA26B4BD8400761D17 /* PodcastSection.swift */,
				FACDFEE026B4D09400761D17 /* SmallEpisodeRow.swift */,
				FACDFEE226B4D89A00761D17 /* LoadingSmallEpisodeRow.swift */,
			);
			path = PodcastSection;
			sourceTree = "<group>";
		};
		FAD43D86268A73B700F04FE9 /* Settings */ = {
			isa = PBXGroup;
			children = (
				FAAAACA62687F1330052A658 /* ScheduleSettings.swift */,
				FAD43D80268A28AD00F04FE9 /* BlockEditor.swift */,
				FAFE289E268D248600DC9373 /* LoadingBlockEditor.swift */,
				FAD43D82268A34BE00F04FE9 /* PropertyEditor.swift */,
			);
			path = Settings;
			sourceTree = "<group>";
		};
		FAD43D87268A73E600F04FE9 /* Schedule */ = {
			isa = PBXGroup;
			children = (
				FA65B47B268F9B0300AE3704 /* WeekViews */,
				FA65B47C268F9B1A00AE3704 /* DayViews */,
				FAD43D86268A73B700F04FE9 /* Settings */,
			);
			path = Schedule;
			sourceTree = "<group>";
		};
		FAD43D88268A73F900F04FE9 /* CancelledClasses */ = {
			isa = PBXGroup;
			children = (
				FADE100E2683AF5E00712D27 /* AbsencesList.swift */,
				FADE10102683AFB200712D27 /* AbsenceRow.swift */,
				FAD5709726B5CFEF005469AF /* AbsencesKey.swift */,
			);
			path = CancelledClasses;
			sourceTree = "<group>";
		};
		FAE14C7326557A94000635DB /* Home */ = {
			isa = PBXGroup;
			children = (
				FA56AA49263F0B5100B6D838 /* HomeView.swift */,
				FACDFED826B4BD5500761D17 /* SiteSection */,
				FACDFED926B4BD6500761D17 /* PodcastSection */,
			);
			path = Home;
			sourceTree = "<group>";
		};
		FAF813E626A132C1000F6C59 /* MiniPlayer */ = {
			isa = PBXGroup;
			children = (
				FA1E4C31269E388E00EC955B /* MiniPlayer.swift */,
				FA1E4C37269E4F4400EC955B /* EpisodeDescription.swift */,
				FAF813E226A11066000F6C59 /* EpisodeSettings.swift */,
				FA1E4C35269E4C5C00EC955B /* AirPlayButton.swift */,
			);
			path = MiniPlayer;
			sourceTree = "<group>";
		};
/* End PBXGroup section */

/* Begin PBXNativeTarget section */
		CE45BFD4267BFF63003D0C2B /* DenebolaTests */ = {
			isa = PBXNativeTarget;
			buildConfigurationList = CE45BFDC267BFF63003D0C2B /* Build configuration list for PBXNativeTarget "DenebolaTests" */;
			buildPhases = (
				CE45BFD1267BFF63003D0C2B /* Sources */,
				CE45BFD2267BFF63003D0C2B /* Frameworks */,
				CE45BFD3267BFF63003D0C2B /* Resources */,
			);
			buildRules = (
			);
			dependencies = (
				CE45BFDB267BFF63003D0C2B /* PBXTargetDependency */,
			);
			name = DenebolaTests;
			productName = CypressTests;
			productReference = CE45BFD5267BFF63003D0C2B /* DenebolaTests.xctest */;
			productType = "com.apple.product-type.bundle.unit-test";
		};
		CEC03FAC263E354200FFCB45 /* Denebola */ = {
			isa = PBXNativeTarget;
			buildConfigurationList = CEC03FD2263E354400FFCB45 /* Build configuration list for PBXNativeTarget "Denebola" */;
			buildPhases = (
				CEC03FA9263E354200FFCB45 /* Sources */,
				CEC03FAA263E354200FFCB45 /* Frameworks */,
				CEC03FAB263E354200FFCB45 /* Resources */,
				FA1AEE342708C81C0059E519 /* Set Build Number */,
			);
			buildRules = (
			);
			dependencies = (
			);
			name = Denebola;
			packageProductDependencies = (
				CE4D2D4226489C6500C243CC /* LoaderUI */,
				CED8EB20265CBD7C002922A3 /* SwiftDate */,
				CE073A47266C4B650030DB1A /* Nuke */,
				FA5068D3267043C100E0BBAE /* Alamofire */,
				FA5068D6267043E000E0BBAE /* FeedKit */,
				CE126FBF267BEBC6001ABBB1 /* SwiftSoup */,
				CE6442B3267FA152002FFFEC /* SwiftUIPager */,
				FA65B42D268E189200AE3704 /* Disk */,
				FA65B47E268FE78400AE3704 /* PromiseKit */,
				CE7788B62690E10500942A71 /* Introspect */,
			);
			productName = DenebolaApp;
			productReference = CEC03FAD263E354200FFCB45 /* Denebola.app */;
			productType = "com.apple.product-type.application";
		};
/* End PBXNativeTarget section */

/* Begin PBXProject section */
		CEC03FA5263E354200FFCB45 /* Project object */ = {
			isa = PBXProject;
			attributes = {
				LastSwiftUpdateCheck = 1240;
				LastUpgradeCheck = 1240;
				TargetAttributes = {
					CE45BFD4267BFF63003D0C2B = {
						CreatedOnToolsVersion = 12.4;
						TestTargetID = CEC03FAC263E354200FFCB45;
					};
					CEC03FAC263E354200FFCB45 = {
						CreatedOnToolsVersion = 12.4;
					};
				};
			};
			buildConfigurationList = CEC03FA8263E354200FFCB45 /* Build configuration list for PBXProject "Denebola" */;
			compatibilityVersion = "Xcode 9.3";
			developmentRegion = en;
			hasScannedForEncodings = 0;
			knownRegions = (
				en,
				Base,
			);
			mainGroup = CEC03FA4263E354200FFCB45;
			packageReferences = (
				CE4D2D4126489C6500C243CC /* XCRemoteSwiftPackageReference "LoaderUI" */,
				CED8EB1F265CBD7C002922A3 /* XCRemoteSwiftPackageReference "SwiftDate" */,
				CE073A46266C4B650030DB1A /* XCRemoteSwiftPackageReference "Nuke" */,
				FA5068D2267043C100E0BBAE /* XCRemoteSwiftPackageReference "Alamofire" */,
				FA5068D5267043E000E0BBAE /* XCRemoteSwiftPackageReference "FeedKit" */,
				CE126FBE267BEBC6001ABBB1 /* XCRemoteSwiftPackageReference "SwiftSoup" */,
				CE6442B2267FA152002FFFEC /* XCRemoteSwiftPackageReference "SwiftUIPager" */,
				FA65B42C268E189200AE3704 /* XCRemoteSwiftPackageReference "Disk" */,
				FA65B47D268FE78400AE3704 /* XCRemoteSwiftPackageReference "PromiseKit" */,
				CE7788B52690E10500942A71 /* XCRemoteSwiftPackageReference "SwiftUI-Introspect" */,
			);
			productRefGroup = CEC03FAE263E354200FFCB45 /* Products */;
			projectDirPath = "";
			projectRoot = "";
			targets = (
				CEC03FAC263E354200FFCB45 /* Denebola */,
				CE45BFD4267BFF63003D0C2B /* DenebolaTests */,
			);
		};
/* End PBXProject section */

/* Begin PBXResourcesBuildPhase section */
		CE45BFD3267BFF63003D0C2B /* Resources */ = {
			isa = PBXResourcesBuildPhase;
			buildActionMask = 2147483647;
			files = (
			);
			runOnlyForDeploymentPostprocessing = 0;
		};
		CEC03FAB263E354200FFCB45 /* Resources */ = {
			isa = PBXResourcesBuildPhase;
			buildActionMask = 2147483647;
			files = (
				FADD217B26EAEF6100BA6FF8 /* Launch Screen.storyboard in Resources */,
				CEC03FB8263E354400FFCB45 /* Preview Assets.xcassets in Resources */,
				CEC03FB5263E354400FFCB45 /* Assets.xcassets in Resources */,
			);
			runOnlyForDeploymentPostprocessing = 0;
		};
/* End PBXResourcesBuildPhase section */

/* Begin PBXShellScriptBuildPhase section */
		FA1AEE342708C81C0059E519 /* Set Build Number */ = {
			isa = PBXShellScriptBuildPhase;
			buildActionMask = 2147483647;
			files = (
			);
			inputFileListPaths = (
			);
			inputPaths = (
			);
			name = "Set Build Number";
			outputFileListPaths = (
			);
			outputPaths = (
			);
			runOnlyForDeploymentPostprocessing = 0;
			shellPath = /bin/sh;
			shellScript = "git=`sh /etc/profile; which git`\nbundleVersion=`\"$git\" rev-list --all |wc -l`\n#echo \"bundleVersion: $bundleVersion\"\n#echo \"/usr/libexec/PlistBuddy -c 'Set :CFBundleVersion $bundleVersion' '${TARGET_BUILD_DIR}/${INFOPLIST_PATH}'\" \n/usr/libexec/PlistBuddy -c \"Set :CFBundleVersion $bundleVersion\" \"${TARGET_BUILD_DIR}/${INFOPLIST_PATH}\"\n\n";
		};
/* End PBXShellScriptBuildPhase section */

/* Begin PBXSourcesBuildPhase section */
		CE45BFD1267BFF63003D0C2B /* Sources */ = {
			isa = PBXSourcesBuildPhase;
			buildActionMask = 2147483647;
			files = (
				CE45BFD8267BFF63003D0C2B /* DenebolaTests.swift in Sources */,
				CE20C60126A7980D0019EFE3 /* DateTests.swift in Sources */,
				FAA7D2F8267E742B00E8FFEC /* ServerAPITests.swift in Sources */,
			);
			runOnlyForDeploymentPostprocessing = 0;
		};
		CEC03FA9263E354200FFCB45 /* Sources */ = {
			isa = PBXSourcesBuildPhase;
			buildActionMask = 2147483647;
			files = (
				CE1A36B826B5F11700353588 /* CachingRequest.swift in Sources */,
				FAD43D92268AD4C500F04FE9 /* DaysPageView.swift in Sources */,
				FAF813E326A11066000F6C59 /* EpisodeSettings.swift in Sources */,
				FAA25CEC26B377CC0082AD44 /* SettingsRowAlert.swift in Sources */,
				FAA25CE826B364F20082AD44 /* SchoolRow.swift in Sources */,
				FA7320EB267438F00012C3EC /* PodcastDetailView.swift in Sources */,
				FAAE7DFC2669B44F00DE708A /* ServerAPI.swift in Sources */,
				FA65B475268EC32E00AE3704 /* ModelSaving.swift in Sources */,
				FAE342E326CECB9100B85268 /* StaticSiteView.swift in Sources */,
				CE7788B92690E1DD00942A71 /* ViewManager.swift in Sources */,
				FA309EA326AF4172007220EE /* SettingsView.swift in Sources */,
				FA5D35AD266B29E4003B8D2F /* Logo.swift in Sources */,
				CEADD43826DA88A100D689EC /* PageLoader.swift in Sources */,
				FA73AA30263E363600B6C8B6 /* PostView.swift in Sources */,
				FAD43D94268BAAC000F04FE9 /* Lunches.swift in Sources */,
				FA879659269FB85F00C6E9BF /* PopupView.swift in Sources */,
				FADE100F2683AF5E00712D27 /* AbsencesList.swift in Sources */,
				FAE342E526CECC5300B85268 /* CategoriesList.swift in Sources */,
				FA56AA6E263FA12200B6D838 /* LoadingPostRowView.swift in Sources */,
				FA6526442658AEFC0043FDBA /* CategoryBanner.swift in Sources */,
				FA17F8E22659DFCD008471BD /* SearchResults.swift in Sources */,
				FACDFEE326B4D89A00761D17 /* LoadingSmallEpisodeRow.swift in Sources */,
				FA7320E72674278A0012C3EC /* RSSLoader.swift in Sources */,
				CEAE3E352648CAC50066C825 /* DefaultViews.swift in Sources */,
				FA1E4C34269E38A500EC955B /* Blur.swift in Sources */,
				CEFE4E7B26562EF2005A2DD4 /* ModelData.swift in Sources */,
				FA56AA62263F2FD200B6D838 /* PostFeed.swift in Sources */,
				FAFE289F268D248600DC9373 /* LoadingBlockEditor.swift in Sources */,
				CEC03FB3263E354200FFCB45 /* ContentView.swift in Sources */,
				FAFD75E326B485780046AF9B /* PostCard.swift in Sources */,
				CEAE3E3D2648D0CC0066C825 /* WebView.swift in Sources */,
				FA1E4C38269E4F4400EC955B /* EpisodeDescription.swift in Sources */,
				FA03D1B626719D24005A760F /* WordpressCodable.swift in Sources */,
				CE7C3D1826DA6FD200DCB647 /* PullRefresh.swift in Sources */,
				FA32E90426925C4000E38F31 /* WeekIndicator.swift in Sources */,
				FA4B7364264E335200516AC6 /* PlayerObject.swift in Sources */,
				FA7AF39D26EAF5D1008EB090 /* LaunchScreen.swift in Sources */,
				CE126FC5267BEBEE001ABBB1 /* ExtractArticle.swift in Sources */,
				FAA25CE126B34DFE0082AD44 /* SettingsIcons.swift in Sources */,
				FAA7D2FC267E775200E8FFEC /* Week.swift in Sources */,
				FA3FC66826BB172B00908674 /* ScheduleBlockView.swift in Sources */,
				FAA25CDB26B1B17A0082AD44 /* WordpressPicker.swift in Sources */,
				FAD43D8C268ACA7900F04FE9 /* DayDetailView.swift in Sources */,
				FAF78288269543EC00A77758 /* SchoolYear.swift in Sources */,
				FAFE289B268BE80C00DC9373 /* LoadingScheduleView.swift in Sources */,
				FA309EA526AF45BC007220EE /* SchoolSelector.swift in Sources */,
				CEC03FB1263E354200FFCB45 /* DenebolaApp.swift in Sources */,
				FA0CB85A2667302E009FE7A3 /* TabManager.swift in Sources */,
				FAD5709826B5CFEF005469AF /* AbsencesKey.swift in Sources */,
				FA56AA4C263F0B5A00B6D838 /* PodcastView.swift in Sources */,
				CEADD43A26DA8E9400D689EC /* WordpressLoaders.swift in Sources */,
				FAD43D8E268ACAAF00F04FE9 /* LargeBlockView.swift in Sources */,
				FAFE2897268BD3E300DC9373 /* Blocks.swift in Sources */,
				FABBE21A269D03C300DD20C5 /* DateDecoders.swift in Sources */,
				CE87B3EE264CCE8A009CAF44 /* Support.swift in Sources */,
				FAD43D83268A34BE00F04FE9 /* PropertyEditor.swift in Sources */,
				FA56AA4A263F0B5100B6D838 /* HomeView.swift in Sources */,
				FA56AA64263F3F1A00B6D838 /* SamplePost.swift in Sources */,
				FA73AA2B263E361E00B6C8B6 /* Media.swift in Sources */,
				FA17F8E42659E567008471BD /* SearchBar.swift in Sources */,
				CE1E88872647561600E1245E /* ImageView.swift in Sources */,
				FA56AA46263F0B2300B6D838 /* CategoriesView.swift in Sources */,
				FAE342E926CED01500B85268 /* ViewModelSupport.swift in Sources */,
				CEF7C518267C0FDF00ADE6DB /* ContentRenderer.swift in Sources */,
				FA17F8DE2659DCB1008471BD /* SearchRow.swift in Sources */,
				FA0CB852266719BA009FE7A3 /* SocialTab.swift in Sources */,
				FAD43D81268A28AD00F04FE9 /* BlockEditor.swift in Sources */,
				FAA7D2FA267E762400E8FFEC /* BlockData.swift in Sources */,
				FAF813E526A127D3000F6C59 /* PodcastRow.swift in Sources */,
				FA0CB8422664320A009FE7A3 /* PodcastEpisode.swift in Sources */,
				FA03D1B826719D72005A760F /* WordpressAPI.swift in Sources */,
				FAAAACA5268796900052A658 /* SchedulePageView.swift in Sources */,
				FA3A94C926A1367800CEFA08 /* LongText.swift in Sources */,
				FACDFEDB26B4BD8400761D17 /* PodcastSection.swift in Sources */,
				FA65B478268F900D00AE3704 /* FullBlockView.swift in Sources */,
				FA17F8E8265B3473008471BD /* EpisodeRow.swift in Sources */,
				FA5D35AF266BD982003B8D2F /* SiteBanner.swift in Sources */,
				FAAAACA72687F1330052A658 /* ScheduleSettings.swift in Sources */,
				FA65B47A268F936500AE3704 /* LargeFullBlockView.swift in Sources */,
				FACDFEDD26B4BF5600761D17 /* LoadingPodcastRow.swift in Sources */,
				FA5D35AB266B221A003B8D2F /* SiteLogo.swift in Sources */,
				FAA25CEA26B376D30082AD44 /* SettingsRowNav.swift in Sources */,
				FA1E4C32269E388E00EC955B /* MiniPlayer.swift in Sources */,
				FA65B471268EA85F00AE3704 /* ModelLoading.swift in Sources */,
				FA0CB85026671989009FE7A3 /* PodcastTab.swift in Sources */,
				FA32E90226925AA700E38F31 /* WeekBlock.swift in Sources */,
				FAA25CE426B35F1D0082AD44 /* SchoolList.swift in Sources */,
				FA73AA2C263E361E00B6C8B6 /* Category.swift in Sources */,
				FAAAACA12686AFBD0052A658 /* BlockView.swift in Sources */,
				CE9BD098265CC9AB00231689 /* SocialView.swift in Sources */,
				FA17F8E02659DCEC008471BD /* SearchView.swift in Sources */,
				CEF7C514267C0FC400ADE6DB /* PostContentView.swift in Sources */,
				FACDFEDF26B4C17D00761D17 /* LoadingPodcastDetailView.swift in Sources */,
				FAA7D2F6267E714300E8FFEC /* Absence.swift in Sources */,
				CE2C6138265E5C7E003E32E6 /* ScheduleView.swift in Sources */,
				FA6526422658AB9C0043FDBA /* CategoryView.swift in Sources */,
				FAFD75E126B480800046AF9B /* SiteSection.swift in Sources */,
				FA56AA43263F080900B6D838 /* ViewController.swift in Sources */,
				FA65B46F268E968900AE3704 /* FullBlock.swift in Sources */,
				FAAE7DF82669B3E200DE708A /* SchoolConfig.swift in Sources */,
				FAFE2899268BD41F00DC9373 /* Day.swift in Sources */,
				FAFD75E526B48E100046AF9B /* LoadingPostCard.swift in Sources */,
				CEAE3E2D2648CA2F0066C825 /* Extensions.swift in Sources */,
				FA28B64F269556E10059C30B /* LoadingWeekIndicator.swift in Sources */,
				FA56AA5C263F246000B6D838 /* PostRowView.swift in Sources */,
				CEADD43C26DA923500D689EC /* IncrementalLoader.swift in Sources */,
				FA1E4C36269E4C5C00EC955B /* AirPlayButton.swift in Sources */,
				FAA25CDD26B341310082AD44 /* SettingsTab.swift in Sources */,
				FA0CB84C26671926009FE7A3 /* FeedTab.swift in Sources */,
				FA0CB848266716BE009FE7A3 /* Tab.swift in Sources */,
				FA7320E32672A55A0012C3EC /* RequestRetrySettings.swift in Sources */,
				FACDFEE126B4D09400761D17 /* SmallEpisodeRow.swift in Sources */,
				CEEC39C9267C63B100697168 /* HTML.swift in Sources */,
				FAAAAC9F26869CC60052A658 /* ScheduleColumn.swift in Sources */,
				FAE342E726CECCC600B85268 /* CategoryButton.swift in Sources */,
				FADE10112683AFB200712D27 /* AbsenceRow.swift in Sources */,
				FAAE7DFE2669BB1600DE708A /* TabCreator.swift in Sources */,
				FA309EA726AF4D35007220EE /* SettingsRow.swift in Sources */,
				FA0CB84A26671810009FE7A3 /* HomeTab.swift in Sources */,
				FA73AA2D263E361E00B6C8B6 /* Post.swift in Sources */,
			);
			runOnlyForDeploymentPostprocessing = 0;
		};
/* End PBXSourcesBuildPhase section */

/* Begin PBXTargetDependency section */
		CE45BFDB267BFF63003D0C2B /* PBXTargetDependency */ = {
			isa = PBXTargetDependency;
			target = CEC03FAC263E354200FFCB45 /* Denebola */;
			targetProxy = CE45BFDA267BFF63003D0C2B /* PBXContainerItemProxy */;
		};
/* End PBXTargetDependency section */

/* Begin XCBuildConfiguration section */
		CE45BFDD267BFF63003D0C2B /* Debug */ = {
			isa = XCBuildConfiguration;
			buildSettings = {
				BUNDLE_LOADER = "$(TEST_HOST)";
				CODE_SIGN_STYLE = Automatic;
				DEVELOPMENT_TEAM = VS7PG37M53;
				INFOPLIST_FILE = DenebolaTests/Info.plist;
				LD_RUNPATH_SEARCH_PATHS = (
					"$(inherited)",
					"@executable_path/Frameworks",
					"@loader_path/Frameworks",
				);
				PRODUCT_BUNDLE_IDENTIFIER = sequal.CypressTests;
				PRODUCT_NAME = "$(TARGET_NAME)";
				SWIFT_VERSION = 5.0;
				TARGETED_DEVICE_FAMILY = "1,2";
				TEST_HOST = "$(BUILT_PRODUCTS_DIR)/Denebola.app/Denebola";
			};
			name = Debug;
		};
		CE45BFDE267BFF63003D0C2B /* Release */ = {
			isa = XCBuildConfiguration;
			buildSettings = {
				BUNDLE_LOADER = "$(TEST_HOST)";
				CODE_SIGN_STYLE = Automatic;
				DEVELOPMENT_TEAM = VS7PG37M53;
				INFOPLIST_FILE = DenebolaTests/Info.plist;
				LD_RUNPATH_SEARCH_PATHS = (
					"$(inherited)",
					"@executable_path/Frameworks",
					"@loader_path/Frameworks",
				);
				PRODUCT_BUNDLE_IDENTIFIER = sequal.CypressTests;
				PRODUCT_NAME = "$(TARGET_NAME)";
				SWIFT_VERSION = 5.0;
				TARGETED_DEVICE_FAMILY = "1,2";
				TEST_HOST = "$(BUILT_PRODUCTS_DIR)/Denebola.app/Denebola";
			};
			name = Release;
		};
		CEC03FD0263E354400FFCB45 /* Debug */ = {
			isa = XCBuildConfiguration;
			buildSettings = {
				ALWAYS_SEARCH_USER_PATHS = NO;
				CLANG_ANALYZER_NONNULL = YES;
				CLANG_ANALYZER_NUMBER_OBJECT_CONVERSION = YES_AGGRESSIVE;
				CLANG_CXX_LANGUAGE_STANDARD = "gnu++14";
				CLANG_CXX_LIBRARY = "libc++";
				CLANG_ENABLE_MODULES = YES;
				CLANG_ENABLE_OBJC_ARC = YES;
				CLANG_ENABLE_OBJC_WEAK = YES;
				CLANG_WARN_BLOCK_CAPTURE_AUTORELEASING = YES;
				CLANG_WARN_BOOL_CONVERSION = YES;
				CLANG_WARN_COMMA = YES;
				CLANG_WARN_CONSTANT_CONVERSION = YES;
				CLANG_WARN_DEPRECATED_OBJC_IMPLEMENTATIONS = YES;
				CLANG_WARN_DIRECT_OBJC_ISA_USAGE = YES_ERROR;
				CLANG_WARN_DOCUMENTATION_COMMENTS = YES;
				CLANG_WARN_EMPTY_BODY = YES;
				CLANG_WARN_ENUM_CONVERSION = YES;
				CLANG_WARN_INFINITE_RECURSION = YES;
				CLANG_WARN_INT_CONVERSION = YES;
				CLANG_WARN_NON_LITERAL_NULL_CONVERSION = YES;
				CLANG_WARN_OBJC_IMPLICIT_RETAIN_SELF = YES;
				CLANG_WARN_OBJC_LITERAL_CONVERSION = YES;
				CLANG_WARN_OBJC_ROOT_CLASS = YES_ERROR;
				CLANG_WARN_QUOTED_INCLUDE_IN_FRAMEWORK_HEADER = YES;
				CLANG_WARN_RANGE_LOOP_ANALYSIS = YES;
				CLANG_WARN_STRICT_PROTOTYPES = YES;
				CLANG_WARN_SUSPICIOUS_MOVE = YES;
				CLANG_WARN_UNGUARDED_AVAILABILITY = YES_AGGRESSIVE;
				CLANG_WARN_UNREACHABLE_CODE = YES;
				CLANG_WARN__DUPLICATE_METHOD_MATCH = YES;
				COPY_PHASE_STRIP = NO;
				DEBUG_INFORMATION_FORMAT = dwarf;
				ENABLE_STRICT_OBJC_MSGSEND = YES;
				ENABLE_TESTABILITY = YES;
				GCC_C_LANGUAGE_STANDARD = gnu11;
				GCC_DYNAMIC_NO_PIC = NO;
				GCC_NO_COMMON_BLOCKS = YES;
				GCC_OPTIMIZATION_LEVEL = 0;
				GCC_PREPROCESSOR_DEFINITIONS = (
					"DEBUG=1",
					"$(inherited)",
				);
				GCC_WARN_64_TO_32_BIT_CONVERSION = YES;
				GCC_WARN_ABOUT_RETURN_TYPE = YES_ERROR;
				GCC_WARN_UNDECLARED_SELECTOR = YES;
				GCC_WARN_UNINITIALIZED_AUTOS = YES_AGGRESSIVE;
				GCC_WARN_UNUSED_FUNCTION = YES;
				GCC_WARN_UNUSED_VARIABLE = YES;
				IPHONEOS_DEPLOYMENT_TARGET = 14.4;
				MTL_ENABLE_DEBUG_INFO = INCLUDE_SOURCE;
				MTL_FAST_MATH = YES;
				ONLY_ACTIVE_ARCH = YES;
				SDKROOT = iphoneos;
				SWIFT_ACTIVE_COMPILATION_CONDITIONS = DEBUG;
				SWIFT_OPTIMIZATION_LEVEL = "-Onone";
				TARGETED_DEVICE_FAMILY = 1;
			};
			name = Debug;
		};
		CEC03FD1263E354400FFCB45 /* Release */ = {
			isa = XCBuildConfiguration;
			buildSettings = {
				ALWAYS_SEARCH_USER_PATHS = NO;
				CLANG_ANALYZER_NONNULL = YES;
				CLANG_ANALYZER_NUMBER_OBJECT_CONVERSION = YES_AGGRESSIVE;
				CLANG_CXX_LANGUAGE_STANDARD = "gnu++14";
				CLANG_CXX_LIBRARY = "libc++";
				CLANG_ENABLE_MODULES = YES;
				CLANG_ENABLE_OBJC_ARC = YES;
				CLANG_ENABLE_OBJC_WEAK = YES;
				CLANG_WARN_BLOCK_CAPTURE_AUTORELEASING = YES;
				CLANG_WARN_BOOL_CONVERSION = YES;
				CLANG_WARN_COMMA = YES;
				CLANG_WARN_CONSTANT_CONVERSION = YES;
				CLANG_WARN_DEPRECATED_OBJC_IMPLEMENTATIONS = YES;
				CLANG_WARN_DIRECT_OBJC_ISA_USAGE = YES_ERROR;
				CLANG_WARN_DOCUMENTATION_COMMENTS = YES;
				CLANG_WARN_EMPTY_BODY = YES;
				CLANG_WARN_ENUM_CONVERSION = YES;
				CLANG_WARN_INFINITE_RECURSION = YES;
				CLANG_WARN_INT_CONVERSION = YES;
				CLANG_WARN_NON_LITERAL_NULL_CONVERSION = YES;
				CLANG_WARN_OBJC_IMPLICIT_RETAIN_SELF = YES;
				CLANG_WARN_OBJC_LITERAL_CONVERSION = YES;
				CLANG_WARN_OBJC_ROOT_CLASS = YES_ERROR;
				CLANG_WARN_QUOTED_INCLUDE_IN_FRAMEWORK_HEADER = YES;
				CLANG_WARN_RANGE_LOOP_ANALYSIS = YES;
				CLANG_WARN_STRICT_PROTOTYPES = YES;
				CLANG_WARN_SUSPICIOUS_MOVE = YES;
				CLANG_WARN_UNGUARDED_AVAILABILITY = YES_AGGRESSIVE;
				CLANG_WARN_UNREACHABLE_CODE = YES;
				CLANG_WARN__DUPLICATE_METHOD_MATCH = YES;
				COPY_PHASE_STRIP = NO;
				DEBUG_INFORMATION_FORMAT = "dwarf-with-dsym";
				ENABLE_NS_ASSERTIONS = NO;
				ENABLE_STRICT_OBJC_MSGSEND = YES;
				GCC_C_LANGUAGE_STANDARD = gnu11;
				GCC_NO_COMMON_BLOCKS = YES;
				GCC_WARN_64_TO_32_BIT_CONVERSION = YES;
				GCC_WARN_ABOUT_RETURN_TYPE = YES_ERROR;
				GCC_WARN_UNDECLARED_SELECTOR = YES;
				GCC_WARN_UNINITIALIZED_AUTOS = YES_AGGRESSIVE;
				GCC_WARN_UNUSED_FUNCTION = YES;
				GCC_WARN_UNUSED_VARIABLE = YES;
				IPHONEOS_DEPLOYMENT_TARGET = 14.4;
				MTL_ENABLE_DEBUG_INFO = NO;
				MTL_FAST_MATH = YES;
				SDKROOT = iphoneos;
				SWIFT_COMPILATION_MODE = wholemodule;
				SWIFT_OPTIMIZATION_LEVEL = "-O";
				TARGETED_DEVICE_FAMILY = 1;
				VALIDATE_PRODUCT = YES;
			};
			name = Release;
		};
		CEC03FD3263E354400FFCB45 /* Debug */ = {
			isa = XCBuildConfiguration;
			buildSettings = {
				ASSETCATALOG_COMPILER_APPICON_NAME = AppIcon;
				ASSETCATALOG_COMPILER_GLOBAL_ACCENT_COLOR_NAME = AccentColor;
				CODE_SIGN_IDENTITY = "Apple Development";
				CODE_SIGN_STYLE = Automatic;
				DEVELOPMENT_ASSET_PATHS = "\"Denebola/Preview Content\"";
				DEVELOPMENT_TEAM = VS7PG37M53;
				ENABLE_PREVIEWS = YES;
				INFOPLIST_FILE = Denebola/Info.plist;
				IPHONEOS_DEPLOYMENT_TARGET = 14.0;
				LD_RUNPATH_SEARCH_PATHS = (
					"$(inherited)",
					"@executable_path/Frameworks",
				);
				PRODUCT_BUNDLE_IDENTIFIER = "com.denebola-app.denebola";
				PRODUCT_NAME = Denebola;
				PROVISIONING_PROFILE_SPECIFIER = "";
				SWIFT_VERSION = 5.0;
				TARGETED_DEVICE_FAMILY = "1,2";
			};
			name = Debug;
		};
		CEC03FD4263E354400FFCB45 /* Release */ = {
			isa = XCBuildConfiguration;
			buildSettings = {
				ASSETCATALOG_COMPILER_APPICON_NAME = AppIcon;
				ASSETCATALOG_COMPILER_GLOBAL_ACCENT_COLOR_NAME = AccentColor;
				CODE_SIGN_IDENTITY = "Apple Development";
				CODE_SIGN_STYLE = Automatic;
				DEVELOPMENT_ASSET_PATHS = "\"Denebola/Preview Content\"";
				DEVELOPMENT_TEAM = VS7PG37M53;
				ENABLE_PREVIEWS = YES;
				INFOPLIST_FILE = Denebola/Info.plist;
				IPHONEOS_DEPLOYMENT_TARGET = 14.0;
				LD_RUNPATH_SEARCH_PATHS = (
					"$(inherited)",
					"@executable_path/Frameworks",
				);
				PRODUCT_BUNDLE_IDENTIFIER = "com.denebola-app.denebola";
				PRODUCT_NAME = Denebola;
				PROVISIONING_PROFILE_SPECIFIER = "";
				SWIFT_VERSION = 5.0;
				TARGETED_DEVICE_FAMILY = "1,2";
			};
			name = Release;
		};
/* End XCBuildConfiguration section */

/* Begin XCConfigurationList section */
		CE45BFDC267BFF63003D0C2B /* Build configuration list for PBXNativeTarget "DenebolaTests" */ = {
			isa = XCConfigurationList;
			buildConfigurations = (
				CE45BFDD267BFF63003D0C2B /* Debug */,
				CE45BFDE267BFF63003D0C2B /* Release */,
			);
			defaultConfigurationIsVisible = 0;
			defaultConfigurationName = Release;
		};
		CEC03FA8263E354200FFCB45 /* Build configuration list for PBXProject "Denebola" */ = {
			isa = XCConfigurationList;
			buildConfigurations = (
				CEC03FD0263E354400FFCB45 /* Debug */,
				CEC03FD1263E354400FFCB45 /* Release */,
			);
			defaultConfigurationIsVisible = 0;
			defaultConfigurationName = Release;
		};
		CEC03FD2263E354400FFCB45 /* Build configuration list for PBXNativeTarget "Denebola" */ = {
			isa = XCConfigurationList;
			buildConfigurations = (
				CEC03FD3263E354400FFCB45 /* Debug */,
				CEC03FD4263E354400FFCB45 /* Release */,
			);
			defaultConfigurationIsVisible = 0;
			defaultConfigurationName = Release;
		};
/* End XCConfigurationList section */

/* Begin XCRemoteSwiftPackageReference section */
		CE073A46266C4B650030DB1A /* XCRemoteSwiftPackageReference "Nuke" */ = {
			isa = XCRemoteSwiftPackageReference;
			repositoryURL = "https://github.com/kean/Nuke.git";
			requirement = {
				kind = upToNextMajorVersion;
				minimumVersion = 10.1.0;
			};
		};
		CE126FBE267BEBC6001ABBB1 /* XCRemoteSwiftPackageReference "SwiftSoup" */ = {
			isa = XCRemoteSwiftPackageReference;
			repositoryURL = "https://github.com/scinfu/SwiftSoup.git";
			requirement = {
				kind = upToNextMajorVersion;
				minimumVersion = 2.3.2;
			};
		};
		CE4D2D4126489C6500C243CC /* XCRemoteSwiftPackageReference "LoaderUI" */ = {
			isa = XCRemoteSwiftPackageReference;
			repositoryURL = "https://github.com/ninjaprox/LoaderUI";
			requirement = {
				kind = upToNextMajorVersion;
				minimumVersion = 0.1.0;
			};
		};
		CE6442B2267FA152002FFFEC /* XCRemoteSwiftPackageReference "SwiftUIPager" */ = {
			isa = XCRemoteSwiftPackageReference;
			repositoryURL = "https://github.com/fermoya/SwiftUIPager.git";
			requirement = {
				kind = upToNextMajorVersion;
				minimumVersion = 2.3.0;
			};
		};
		CE7788B52690E10500942A71 /* XCRemoteSwiftPackageReference "SwiftUI-Introspect" */ = {
			isa = XCRemoteSwiftPackageReference;
			repositoryURL = "https://github.com/siteline/SwiftUI-Introspect.git";
			requirement = {
				kind = upToNextMajorVersion;
				minimumVersion = 0.1.3;
			};
		};
		CED8EB1F265CBD7C002922A3 /* XCRemoteSwiftPackageReference "SwiftDate" */ = {
			isa = XCRemoteSwiftPackageReference;
			repositoryURL = "https://github.com/malcommac/SwiftDate";
			requirement = {
				kind = upToNextMajorVersion;
				minimumVersion = 6.3.1;
			};
		};
		FA5068D2267043C100E0BBAE /* XCRemoteSwiftPackageReference "Alamofire" */ = {
			isa = XCRemoteSwiftPackageReference;
			repositoryURL = "https://github.com/Alamofire/Alamofire.git";
			requirement = {
				kind = upToNextMajorVersion;
				minimumVersion = 5.4.3;
			};
		};
		FA5068D5267043E000E0BBAE /* XCRemoteSwiftPackageReference "FeedKit" */ = {
			isa = XCRemoteSwiftPackageReference;
			repositoryURL = "https://github.com/nmdias/FeedKit.git";
			requirement = {
				kind = upToNextMajorVersion;
				minimumVersion = 9.1.2;
			};
		};
		FA65B42C268E189200AE3704 /* XCRemoteSwiftPackageReference "Disk" */ = {
			isa = XCRemoteSwiftPackageReference;
			repositoryURL = "https://github.com/Sequal32/Disk";
			requirement = {
				kind = upToNextMajorVersion;
				minimumVersion = 0.6.4;
			};
		};
		FA65B47D268FE78400AE3704 /* XCRemoteSwiftPackageReference "PromiseKit" */ = {
			isa = XCRemoteSwiftPackageReference;
			repositoryURL = "https://github.com/mxcl/PromiseKit";
			requirement = {
				kind = upToNextMajorVersion;
				minimumVersion = "7.0.0-rc1";
			};
		};
/* End XCRemoteSwiftPackageReference section */

/* Begin XCSwiftPackageProductDependency section */
		CE073A47266C4B650030DB1A /* Nuke */ = {
			isa = XCSwiftPackageProductDependency;
			package = CE073A46266C4B650030DB1A /* XCRemoteSwiftPackageReference "Nuke" */;
			productName = Nuke;
		};
		CE126FBF267BEBC6001ABBB1 /* SwiftSoup */ = {
			isa = XCSwiftPackageProductDependency;
			package = CE126FBE267BEBC6001ABBB1 /* XCRemoteSwiftPackageReference "SwiftSoup" */;
			productName = SwiftSoup;
		};
		CE4D2D4226489C6500C243CC /* LoaderUI */ = {
			isa = XCSwiftPackageProductDependency;
			package = CE4D2D4126489C6500C243CC /* XCRemoteSwiftPackageReference "LoaderUI" */;
			productName = LoaderUI;
		};
		CE6442B3267FA152002FFFEC /* SwiftUIPager */ = {
			isa = XCSwiftPackageProductDependency;
			package = CE6442B2267FA152002FFFEC /* XCRemoteSwiftPackageReference "SwiftUIPager" */;
			productName = SwiftUIPager;
		};
		CE7788B62690E10500942A71 /* Introspect */ = {
			isa = XCSwiftPackageProductDependency;
			package = CE7788B52690E10500942A71 /* XCRemoteSwiftPackageReference "SwiftUI-Introspect" */;
			productName = Introspect;
		};
		CED8EB20265CBD7C002922A3 /* SwiftDate */ = {
			isa = XCSwiftPackageProductDependency;
			package = CED8EB1F265CBD7C002922A3 /* XCRemoteSwiftPackageReference "SwiftDate" */;
			productName = SwiftDate;
		};
		FA5068D3267043C100E0BBAE /* Alamofire */ = {
			isa = XCSwiftPackageProductDependency;
			package = FA5068D2267043C100E0BBAE /* XCRemoteSwiftPackageReference "Alamofire" */;
			productName = Alamofire;
		};
		FA5068D6267043E000E0BBAE /* FeedKit */ = {
			isa = XCSwiftPackageProductDependency;
			package = FA5068D5267043E000E0BBAE /* XCRemoteSwiftPackageReference "FeedKit" */;
			productName = FeedKit;
		};
		FA65B42D268E189200AE3704 /* Disk */ = {
			isa = XCSwiftPackageProductDependency;
			package = FA65B42C268E189200AE3704 /* XCRemoteSwiftPackageReference "Disk" */;
			productName = Disk;
		};
		FA65B47E268FE78400AE3704 /* PromiseKit */ = {
			isa = XCSwiftPackageProductDependency;
			package = FA65B47D268FE78400AE3704 /* XCRemoteSwiftPackageReference "PromiseKit" */;
			productName = PromiseKit;
		};
/* End XCSwiftPackageProductDependency section */
	};
	rootObject = CEC03FA5263E354200FFCB45 /* Project object */;
}
